
Microsoft Visual Studio Solution File, Format Version 12.00
# Visual Studio Version 17
VisualStudioVersion = 17.0.31903.59
MinimumVisualStudioVersion = 10.0.40219.1
Project("{9A19103F-16F7-4668-BE54-9A1E7A4F7556}") = "SDHelper", "SDHelper.csproj", "{D28D5162-C20F-4D12-BEBC-3400DBA01D75}"
EndProject
Global
	GlobalSection(SolutionConfigurationPlatforms) = preSolution
		Debug|Any CPU = Debug|Any CPU
		Release|Any CPU = Release|Any CPU
	EndGlobalSection
	GlobalSection(ProjectConfigurationPlatforms) = postSolution
		{D28D5162-C20F-4D12-BEBC-3400DBA01D75}.Debug|Any CPU.ActiveCfg = Debug|Any CPU
		{D28D5162-C20F-4D12-BEBC-3400DBA01D75}.Debug|Any CPU.Build.0 = Debug|Any CPU
		{D28D5162-C20F-4D12-BEBC-3400DBA01D75}.Release|Any CPU.ActiveCfg = Release|Any CPU
		{D28D5162-C20F-4D12-BEBC-3400DBA01D75}.Release|Any CPU.Build.0 = Release|Any CPU
	EndGlobalSection
	GlobalSection(SolutionProperties) = preSolution
		HideSolutionNode = FALSE
	EndGlobalSection
	GlobalSection(ExtensibilityGlobals) = postSolution
		SolutionGuid = {14F89952-DBAE-48FA-B7D1-F9E5386CCA2E}
	EndGlobalSection
EndGlobal
