
Microsoft Visual Studio Solution File, Format Version 12.00
Project("{FAE04EC0-301F-11D3-BF4B-00C04F79EFBC}") = "AM.Kitten", "AM.Kitten\AM.Kitten.csproj", "{E5CA6561-6BE5-4E20-867C-A9ECDC809928}"
EndProject
Project("{FAE04EC0-301F-11D3-BF4B-00C04F79EFBC}") = "KittenTests", "KittenTests\KittenTests.csproj", "{C521D163-893D-42BA-BAC7-A5708B2CD18F}"
EndProject
Project("{FAE04EC0-301F-11D3-BF4B-00C04F79EFBC}") = "AM.Core5", "..\..\Libs\AM.Core5\AM.Core5.csproj", "{575951A1-21FF-4BD2-9943-3E300FFF24FA}"
EndProject
Global
	GlobalSection(SolutionConfigurationPlatforms) = preSolution
		Debug|Any CPU = Debug|Any CPU
		Release|Any CPU = Release|Any CPU
	EndGlobalSection
	GlobalSection(ProjectConfigurationPlatforms) = postSolution
		{E5CA6561-6BE5-4E20-867C-A9ECDC809928}.Debug|Any CPU.ActiveCfg = Debug|Any CPU
		{E5CA6561-6BE5-4E20-867C-A9ECDC809928}.Debug|Any CPU.Build.0 = Debug|Any CPU
		{E5CA6561-6BE5-4E20-867C-A9ECDC809928}.Release|Any CPU.ActiveCfg = Release|Any CPU
		{E5CA6561-6BE5-4E20-867C-A9ECDC809928}.Release|Any CPU.Build.0 = Release|Any CPU
		{C521D163-893D-42BA-BAC7-A5708B2CD18F}.Debug|Any CPU.ActiveCfg = Debug|Any CPU
		{C521D163-893D-42BA-BAC7-A5708B2CD18F}.Debug|Any CPU.Build.0 = Debug|Any CPU
		{C521D163-893D-42BA-BAC7-A5708B2CD18F}.Release|Any CPU.ActiveCfg = Release|Any CPU
		{C521D163-893D-42BA-BAC7-A5708B2CD18F}.Release|Any CPU.Build.0 = Release|Any CPU
		{575951A1-21FF-4BD2-9943-3E300FFF24FA}.Debug|Any CPU.ActiveCfg = Debug|Any CPU
		{575951A1-21FF-4BD2-9943-3E300FFF24FA}.Debug|Any CPU.Build.0 = Debug|Any CPU
		{575951A1-21FF-4BD2-9943-3E300FFF24FA}.Release|Any CPU.ActiveCfg = Release|Any CPU
		{575951A1-21FF-4BD2-9943-3E300FFF24FA}.Release|Any CPU.Build.0 = Release|Any CPU
	EndGlobalSection
EndGlobal
