
Microsoft Visual Studio Solution File, Format Version 12.00
# Visual Studio Version 17
VisualStudioVersion = 17.0.31903.59
MinimumVisualStudioVersion = 10.0.40219.1
Project("{FAE04EC0-301F-11D3-BF4B-00C04F79EFBC}") = "Gatekeeper2024", "Gatekeeper2024.csproj", "{ED2BCF92-15F2-4EC8-8803-55EE095A2E20}"
EndProject
Project("{FAE04EC0-301F-11D3-BF4B-00C04F79EFBC}") = "AM.Core5", "..\..\Libs\AM.Core5\AM.Core5.csproj", "{EA129325-AA01-4CF5-89CA-BB032F8D454B}"
EndProject
Project("{FAE04EC0-301F-11D3-BF4B-00C04F79EFBC}") = "AM.Web", "..\..\Libs\AM.Web\AM.Web.csproj", "{247F8C3F-3F12-484F-B6A7-A5F491C27103}"
EndProject
Project("{FAE04EC0-301F-11D3-BF4B-00C04F79EFBC}") = "ManagedIrbis5", "..\..\Libs\ManagedIrbis5\ManagedIrbis5.csproj", "{2DA78F8F-5213-4F2C-BC07-83D24DA2C15C}"
EndProject
Global
	GlobalSection(SolutionConfigurationPlatforms) = preSolution
		Debug|Any CPU = Debug|Any CPU
		Release|Any CPU = Release|Any CPU
	EndGlobalSection
	GlobalSection(SolutionProperties) = preSolution
		HideSolutionNode = FALSE
	EndGlobalSection
	GlobalSection(ProjectConfigurationPlatforms) = postSolution
		{ED2BCF92-15F2-4EC8-8803-55EE095A2E20}.Debug|Any CPU.ActiveCfg = Debug|Any CPU
		{ED2BCF92-15F2-4EC8-8803-55EE095A2E20}.Debug|Any CPU.Build.0 = Debug|Any CPU
		{ED2BCF92-15F2-4EC8-8803-55EE095A2E20}.Release|Any CPU.ActiveCfg = Release|Any CPU
		{ED2BCF92-15F2-4EC8-8803-55EE095A2E20}.Release|Any CPU.Build.0 = Release|Any CPU
		{EA129325-AA01-4CF5-89CA-BB032F8D454B}.Debug|Any CPU.ActiveCfg = Debug|Any CPU
		{EA129325-AA01-4CF5-89CA-BB032F8D454B}.Debug|Any CPU.Build.0 = Debug|Any CPU
		{EA129325-AA01-4CF5-89CA-BB032F8D454B}.Release|Any CPU.ActiveCfg = Release|Any CPU
		{EA129325-AA01-4CF5-89CA-BB032F8D454B}.Release|Any CPU.Build.0 = Release|Any CPU
		{247F8C3F-3F12-484F-B6A7-A5F491C27103}.Debug|Any CPU.ActiveCfg = Debug|Any CPU
		{247F8C3F-3F12-484F-B6A7-A5F491C27103}.Debug|Any CPU.Build.0 = Debug|Any CPU
		{247F8C3F-3F12-484F-B6A7-A5F491C27103}.Release|Any CPU.ActiveCfg = Release|Any CPU
		{247F8C3F-3F12-484F-B6A7-A5F491C27103}.Release|Any CPU.Build.0 = Release|Any CPU
		{2DA78F8F-5213-4F2C-BC07-83D24DA2C15C}.Debug|Any CPU.ActiveCfg = Debug|Any CPU
		{2DA78F8F-5213-4F2C-BC07-83D24DA2C15C}.Debug|Any CPU.Build.0 = Debug|Any CPU
		{2DA78F8F-5213-4F2C-BC07-83D24DA2C15C}.Release|Any CPU.ActiveCfg = Release|Any CPU
		{2DA78F8F-5213-4F2C-BC07-83D24DA2C15C}.Release|Any CPU.Build.0 = Release|Any CPU
	EndGlobalSection
EndGlobal
