
Microsoft Visual Studio Solution File, Format Version 12.00
# Visual Studio Version 17
VisualStudioVersion = 17.0.32126.317
MinimumVisualStudioVersion = 10.0.40219.1
Project("{9A19103F-16F7-4668-BE54-9A1E7A4F7556}") = "MachineInfo", "MachineInfo\MachineInfo.csproj", "{D523974C-EF3D-43A1-9541-533284714EC7}"
EndProject
Project("{9A19103F-16F7-4668-BE54-9A1E7A4F7556}") = "PatchVersion", "PatchVersion\PatchVersion.csproj", "{069893E0-850B-4EC7-84CF-7BBF8C16AA91}"
EndProject
Project("{9A19103F-16F7-4668-BE54-9A1E7A4F7556}") = "UniCall", "UniCall\UniCall.csproj", "{853C883A-B295-4ADF-9CCF-268C3DFB1CBC}"
EndProject
Project("{9A19103F-16F7-4668-BE54-9A1E7A4F7556}") = "Bin2sharp", "Bin2sharp\Bin2sharp.csproj", "{9AC6E370-44A2-4638-90F0-CE6EA59CCA39}"
EndProject
Project("{9A19103F-16F7-4668-BE54-9A1E7A4F7556}") = "MsgBox", "MsgBox\MsgBox.csproj", "{57538117-23D1-4911-B0ED-85EE0AB233C9}"
EndProject
Project("{9A19103F-16F7-4668-BE54-9A1E7A4F7556}") = "Deamble", "Deamble\Deamble.csproj", "{83133F5B-2183-48AA-8BC0-5B83E051E8BB}"
EndProject
Project("{FAE04EC0-301F-11D3-BF4B-00C04F79EFBC}") = "PasteHtml", "PasteHtml\PasteHtml.csproj", "{E87826FE-42A5-42B2-B580-D2D644AF659C}"
EndProject
Project("{FAE04EC0-301F-11D3-BF4B-00C04F79EFBC}") = "SolutionCleaner", "SolutionCleaner\SolutionCleaner.csproj", "{A36FE5C1-3899-4B12-B72D-3E3D271F187B}"
EndProject
Project("{FAE04EC0-301F-11D3-BF4B-00C04F79EFBC}") = "NameSpacer", "NameSpacer\NameSpacer.csproj", "{F1F92DFB-DDF8-4979-8837-C059BA3666FE}"
EndProject
Project("{FAE04EC0-301F-11D3-BF4B-00C04F79EFBC}") = "IrbisCeptor", "IrbisCeptor\IrbisCeptor.csproj", "{4D6B8757-7667-4C9B-8CEE-CB9050EF6F3E}"
EndProject
Global
	GlobalSection(SolutionConfigurationPlatforms) = preSolution
		Debug|Any CPU = Debug|Any CPU
		Release|Any CPU = Release|Any CPU
	EndGlobalSection
	GlobalSection(ProjectConfigurationPlatforms) = postSolution
		{D523974C-EF3D-43A1-9541-533284714EC7}.Debug|Any CPU.ActiveCfg = Debug|Any CPU
		{D523974C-EF3D-43A1-9541-533284714EC7}.Debug|Any CPU.Build.0 = Debug|Any CPU
		{D523974C-EF3D-43A1-9541-533284714EC7}.Release|Any CPU.ActiveCfg = Release|Any CPU
		{D523974C-EF3D-43A1-9541-533284714EC7}.Release|Any CPU.Build.0 = Release|Any CPU
		{069893E0-850B-4EC7-84CF-7BBF8C16AA91}.Debug|Any CPU.ActiveCfg = Debug|Any CPU
		{069893E0-850B-4EC7-84CF-7BBF8C16AA91}.Debug|Any CPU.Build.0 = Debug|Any CPU
		{069893E0-850B-4EC7-84CF-7BBF8C16AA91}.Release|Any CPU.ActiveCfg = Release|Any CPU
		{069893E0-850B-4EC7-84CF-7BBF8C16AA91}.Release|Any CPU.Build.0 = Release|Any CPU
		{853C883A-B295-4ADF-9CCF-268C3DFB1CBC}.Debug|Any CPU.ActiveCfg = Debug|Any CPU
		{853C883A-B295-4ADF-9CCF-268C3DFB1CBC}.Debug|Any CPU.Build.0 = Debug|Any CPU
		{853C883A-B295-4ADF-9CCF-268C3DFB1CBC}.Release|Any CPU.ActiveCfg = Release|Any CPU
		{853C883A-B295-4ADF-9CCF-268C3DFB1CBC}.Release|Any CPU.Build.0 = Release|Any CPU
		{9AC6E370-44A2-4638-90F0-CE6EA59CCA39}.Debug|Any CPU.ActiveCfg = Debug|Any CPU
		{9AC6E370-44A2-4638-90F0-CE6EA59CCA39}.Debug|Any CPU.Build.0 = Debug|Any CPU
		{9AC6E370-44A2-4638-90F0-CE6EA59CCA39}.Release|Any CPU.ActiveCfg = Release|Any CPU
		{9AC6E370-44A2-4638-90F0-CE6EA59CCA39}.Release|Any CPU.Build.0 = Release|Any CPU
		{57538117-23D1-4911-B0ED-85EE0AB233C9}.Debug|Any CPU.ActiveCfg = Debug|Any CPU
		{57538117-23D1-4911-B0ED-85EE0AB233C9}.Debug|Any CPU.Build.0 = Debug|Any CPU
		{57538117-23D1-4911-B0ED-85EE0AB233C9}.Release|Any CPU.ActiveCfg = Release|Any CPU
		{57538117-23D1-4911-B0ED-85EE0AB233C9}.Release|Any CPU.Build.0 = Release|Any CPU
		{83133F5B-2183-48AA-8BC0-5B83E051E8BB}.Debug|Any CPU.ActiveCfg = Debug|Any CPU
		{83133F5B-2183-48AA-8BC0-5B83E051E8BB}.Debug|Any CPU.Build.0 = Debug|Any CPU
		{83133F5B-2183-48AA-8BC0-5B83E051E8BB}.Release|Any CPU.ActiveCfg = Release|Any CPU
		{83133F5B-2183-48AA-8BC0-5B83E051E8BB}.Release|Any CPU.Build.0 = Release|Any CPU
		{E87826FE-42A5-42B2-B580-D2D644AF659C}.Debug|Any CPU.ActiveCfg = Debug|Any CPU
		{E87826FE-42A5-42B2-B580-D2D644AF659C}.Debug|Any CPU.Build.0 = Debug|Any CPU
		{E87826FE-42A5-42B2-B580-D2D644AF659C}.Release|Any CPU.ActiveCfg = Release|Any CPU
		{E87826FE-42A5-42B2-B580-D2D644AF659C}.Release|Any CPU.Build.0 = Release|Any CPU
		{A36FE5C1-3899-4B12-B72D-3E3D271F187B}.Debug|Any CPU.ActiveCfg = Debug|Any CPU
		{A36FE5C1-3899-4B12-B72D-3E3D271F187B}.Debug|Any CPU.Build.0 = Debug|Any CPU
		{A36FE5C1-3899-4B12-B72D-3E3D271F187B}.Release|Any CPU.ActiveCfg = Release|Any CPU
		{A36FE5C1-3899-4B12-B72D-3E3D271F187B}.Release|Any CPU.Build.0 = Release|Any CPU
		{F1F92DFB-DDF8-4979-8837-C059BA3666FE}.Debug|Any CPU.ActiveCfg = Debug|Any CPU
		{F1F92DFB-DDF8-4979-8837-C059BA3666FE}.Debug|Any CPU.Build.0 = Debug|Any CPU
		{F1F92DFB-DDF8-4979-8837-C059BA3666FE}.Release|Any CPU.ActiveCfg = Release|Any CPU
		{F1F92DFB-DDF8-4979-8837-C059BA3666FE}.Release|Any CPU.Build.0 = Release|Any CPU
		{4D6B8757-7667-4C9B-8CEE-CB9050EF6F3E}.Debug|Any CPU.ActiveCfg = Debug|Any CPU
		{4D6B8757-7667-4C9B-8CEE-CB9050EF6F3E}.Debug|Any CPU.Build.0 = Debug|Any CPU
		{4D6B8757-7667-4C9B-8CEE-CB9050EF6F3E}.Release|Any CPU.ActiveCfg = Release|Any CPU
		{4D6B8757-7667-4C9B-8CEE-CB9050EF6F3E}.Release|Any CPU.Build.0 = Release|Any CPU
	EndGlobalSection
	GlobalSection(SolutionProperties) = preSolution
		HideSolutionNode = FALSE
	EndGlobalSection
	GlobalSection(ExtensibilityGlobals) = postSolution
		SolutionGuid = {F807EDE8-28C5-4A5C-8580-ADBDBF5EFB24}
	EndGlobalSection
EndGlobal
