
Microsoft Visual Studio Solution File, Format Version 12.00
# Visual Studio Version 16
VisualStudioVersion = 16.0.30114.105
MinimumVisualStudioVersion = 10.0.40219.1
Project("{FAE04EC0-301F-11D3-BF4B-00C04F79EFBC}") = "AM.Avalonia", "AM.Avalonia\AM.Avalonia.csproj", "{99EB5C91-A98B-4835-8604-C26650676B1B}"
EndProject
Project("{FAE04EC0-301F-11D3-BF4B-00C04F79EFBC}") = "ApplicationOne", "ApplicationOne\ApplicationOne.csproj", "{F5E3C102-06B8-40A4-8FD0-AC673DD58D43}"
EndProject
Global
	GlobalSection(SolutionConfigurationPlatforms) = preSolution
		Debug|Any CPU = Debug|Any CPU
		Release|Any CPU = Release|Any CPU
	EndGlobalSection
	GlobalSection(SolutionProperties) = preSolution
		HideSolutionNode = FALSE
	EndGlobalSection
	GlobalSection(ProjectConfigurationPlatforms) = postSolution
		{99EB5C91-A98B-4835-8604-C26650676B1B}.Debug|Any CPU.ActiveCfg = Debug|Any CPU
		{99EB5C91-A98B-4835-8604-C26650676B1B}.Debug|Any CPU.Build.0 = Debug|Any CPU
		{99EB5C91-A98B-4835-8604-C26650676B1B}.Release|Any CPU.ActiveCfg = Release|Any CPU
		{99EB5C91-A98B-4835-8604-C26650676B1B}.Release|Any CPU.Build.0 = Release|Any CPU
		{F5E3C102-06B8-40A4-8FD0-AC673DD58D43}.Debug|Any CPU.ActiveCfg = Debug|Any CPU
		{F5E3C102-06B8-40A4-8FD0-AC673DD58D43}.Debug|Any CPU.Build.0 = Debug|Any CPU
		{F5E3C102-06B8-40A4-8FD0-AC673DD58D43}.Release|Any CPU.ActiveCfg = Release|Any CPU
		{F5E3C102-06B8-40A4-8FD0-AC673DD58D43}.Release|Any CPU.Build.0 = Release|Any CPU
	EndGlobalSection
EndGlobal
