
Microsoft Visual Studio Solution File, Format Version 12.00
Project("{FAE04EC0-301F-11D3-BF4B-00C04F79EFBC}") = "LayoutHelpers", "LayoutHelpers\LayoutHelpers.csproj", "{93EE1B77-1A71-486B-BCF6-9BD44A15C859}"
EndProject
Global
	GlobalSection(SolutionConfigurationPlatforms) = preSolution
		Debug|Any CPU = Debug|Any CPU
		Release|Any CPU = Release|Any CPU
	EndGlobalSection
	GlobalSection(ProjectConfigurationPlatforms) = postSolution
		{93EE1B77-1A71-486B-BCF6-9BD44A15C859}.Debug|Any CPU.ActiveCfg = Debug|Any CPU
		{93EE1B77-1A71-486B-BCF6-9BD44A15C859}.Debug|Any CPU.Build.0 = Debug|Any CPU
		{93EE1B77-1A71-486B-BCF6-9BD44A15C859}.Release|Any CPU.ActiveCfg = Release|Any CPU
		{93EE1B77-1A71-486B-BCF6-9BD44A15C859}.Release|Any CPU.Build.0 = Release|Any CPU
	EndGlobalSection
EndGlobal
