
Microsoft Visual Studio Solution File, Format Version 12.00
# Visual Studio Version 17
VisualStudioVersion = 17.0.31903.59
MinimumVisualStudioVersion = 10.0.40219.1
Project("{2150E333-8FDC-42A3-9474-1A3956D46DE8}") = "Libs", "Libs", "{DE280C88-253E-4398-B9BC-8EE858E9F49D}"
EndProject
Project("{2150E333-8FDC-42A3-9474-1A3956D46DE8}") = "Tests", "Tests", "{F56FBD0E-5530-4F55-ABE1-9E106B93417F}"
EndProject
Project("{FAE04EC0-301F-11D3-BF4B-00C04F79EFBC}") = "AM.Core5", "Libs\AM.Core5\AM.Core5.csproj", "{7AD726E3-38F3-45B2-8AD9-82C882411D7B}"
EndProject
Project("{FAE04EC0-301F-11D3-BF4B-00C04F79EFBC}") = "AM.Kotik", "Libs\AM.Kotik\AM.Kotik.csproj", "{5245779E-D1BE-49CF-BA33-5ECD8C1C297F}"
EndProject
Project("{FAE04EC0-301F-11D3-BF4B-00C04F79EFBC}") = "KotikTests", "Tests\KotikTests\KotikTests.csproj", "{4F11CD7B-AB84-40E5-83BE-660BCEC7E0BC}"
EndProject
Project("{FAE04EC0-301F-11D3-BF4B-00C04F79EFBC}") = "ManagedIrbis5", "Libs\ManagedIrbis5\ManagedIrbis5.csproj", "{5407F826-987A-4FB3-926E-816626C7AE6F}"
EndProject
Project("{2150E333-8FDC-42A3-9474-1A3956D46DE8}") = "Apps", "Apps", "{DEDF6F59-FBCD-4674-B7B0-4F98881D58C5}"
EndProject
Project("{FAE04EC0-301F-11D3-BF4B-00C04F79EFBC}") = "Meow", "Apps\Meow\Meow.csproj", "{E3617B7C-A009-4815-A3C0-D7CE30650EEE}"
EndProject
Global
	GlobalSection(SolutionConfigurationPlatforms) = preSolution
		Debug|Any CPU = Debug|Any CPU
		Release|Any CPU = Release|Any CPU
	EndGlobalSection
	GlobalSection(SolutionProperties) = preSolution
		HideSolutionNode = FALSE
	EndGlobalSection
	GlobalSection(ProjectConfigurationPlatforms) = postSolution
		{7AD726E3-38F3-45B2-8AD9-82C882411D7B}.Debug|Any CPU.ActiveCfg = Debug|Any CPU
		{7AD726E3-38F3-45B2-8AD9-82C882411D7B}.Debug|Any CPU.Build.0 = Debug|Any CPU
		{7AD726E3-38F3-45B2-8AD9-82C882411D7B}.Release|Any CPU.ActiveCfg = Release|Any CPU
		{7AD726E3-38F3-45B2-8AD9-82C882411D7B}.Release|Any CPU.Build.0 = Release|Any CPU
		{5245779E-D1BE-49CF-BA33-5ECD8C1C297F}.Debug|Any CPU.ActiveCfg = Debug|Any CPU
		{5245779E-D1BE-49CF-BA33-5ECD8C1C297F}.Debug|Any CPU.Build.0 = Debug|Any CPU
		{5245779E-D1BE-49CF-BA33-5ECD8C1C297F}.Release|Any CPU.ActiveCfg = Release|Any CPU
		{5245779E-D1BE-49CF-BA33-5ECD8C1C297F}.Release|Any CPU.Build.0 = Release|Any CPU
		{4F11CD7B-AB84-40E5-83BE-660BCEC7E0BC}.Debug|Any CPU.ActiveCfg = Debug|Any CPU
		{4F11CD7B-AB84-40E5-83BE-660BCEC7E0BC}.Debug|Any CPU.Build.0 = Debug|Any CPU
		{4F11CD7B-AB84-40E5-83BE-660BCEC7E0BC}.Release|Any CPU.ActiveCfg = Release|Any CPU
		{4F11CD7B-AB84-40E5-83BE-660BCEC7E0BC}.Release|Any CPU.Build.0 = Release|Any CPU
		{5407F826-987A-4FB3-926E-816626C7AE6F}.Debug|Any CPU.ActiveCfg = Debug|Any CPU
		{5407F826-987A-4FB3-926E-816626C7AE6F}.Debug|Any CPU.Build.0 = Debug|Any CPU
		{5407F826-987A-4FB3-926E-816626C7AE6F}.Release|Any CPU.ActiveCfg = Release|Any CPU
		{5407F826-987A-4FB3-926E-816626C7AE6F}.Release|Any CPU.Build.0 = Release|Any CPU
		{E3617B7C-A009-4815-A3C0-D7CE30650EEE}.Debug|Any CPU.ActiveCfg = Debug|Any CPU
		{E3617B7C-A009-4815-A3C0-D7CE30650EEE}.Debug|Any CPU.Build.0 = Debug|Any CPU
		{E3617B7C-A009-4815-A3C0-D7CE30650EEE}.Release|Any CPU.ActiveCfg = Release|Any CPU
		{E3617B7C-A009-4815-A3C0-D7CE30650EEE}.Release|Any CPU.Build.0 = Release|Any CPU
	EndGlobalSection
	GlobalSection(NestedProjects) = preSolution
		{7AD726E3-38F3-45B2-8AD9-82C882411D7B} = {DE280C88-253E-4398-B9BC-8EE858E9F49D}
		{5245779E-D1BE-49CF-BA33-5ECD8C1C297F} = {DE280C88-253E-4398-B9BC-8EE858E9F49D}
		{4F11CD7B-AB84-40E5-83BE-660BCEC7E0BC} = {F56FBD0E-5530-4F55-ABE1-9E106B93417F}
		{5407F826-987A-4FB3-926E-816626C7AE6F} = {DE280C88-253E-4398-B9BC-8EE858E9F49D}
		{E3617B7C-A009-4815-A3C0-D7CE30650EEE} = {DEDF6F59-FBCD-4674-B7B0-4F98881D58C5}
	EndGlobalSection
EndGlobal
