
Microsoft Visual Studio Solution File, Format Version 12.00
# Visual Studio Version 16
VisualStudioVersion = 16.0.30114.105
MinimumVisualStudioVersion = 10.0.40219.1
Project("{2150E333-8FDC-42A3-9474-1A3956D46DE8}") = "Libs", "Libs", "{91F96719-247F-4FBC-A730-23A9C15F349D}"
EndProject
Project("{FAE04EC0-301F-11D3-BF4B-00C04F79EFBC}") = "AM.Core5", "Libs\AM.Core5\AM.Core5.csproj", "{BA37477E-9999-46DD-97AF-CD6BD66512DE}"
EndProject
Project("{FAE04EC0-301F-11D3-BF4B-00C04F79EFBC}") = "AM.Drawing5", "Libs\AM.Drawing5\AM.Drawing5.csproj", "{9C25E810-C725-4A35-ABF6-B95184B66FEF}"
EndProject
Project("{FAE04EC0-301F-11D3-BF4B-00C04F79EFBC}") = "ManagedIrbis5", "Libs\ManagedIrbis5\ManagedIrbis5.csproj", "{CFB6264F-79AE-44F8-B2F4-974794A16EDB}"
EndProject
Project("{FAE04EC0-301F-11D3-BF4B-00C04F79EFBC}") = "RestfulIrbis5", "Libs\RestfulIrbis5\RestfulIrbis5.csproj", "{4F613FCA-0353-4957-A917-28D4F0B1A971}"
EndProject
Project("{FAE04EC0-301F-11D3-BF4B-00C04F79EFBC}") = "Istu5", "Libs\Istu5\Istu5.csproj", "{5F0A9F24-5032-427F-87CD-01BE8F25471D}"
EndProject
Project("{FAE04EC0-301F-11D3-BF4B-00C04F79EFBC}") = "AM.Scripting", "Libs\AM.Scripting\AM.Scripting.csproj", "{5DA70245-36EC-48DC-A674-87A20E0290BC}"
EndProject
Project("{2150E333-8FDC-42A3-9474-1A3956D46DE8}") = "Apps", "Apps", "{FA935F28-3621-4C50-8D1A-E96CEC21EFF8}"
EndProject
Project("{FAE04EC0-301F-11D3-BF4B-00C04F79EFBC}") = "CheckIniFile", "Apps\CheckIniFile\CheckIniFile.csproj", "{E74957AF-7896-4AC1-AEBD-94E938735447}"
EndProject
Project("{FAE04EC0-301F-11D3-BF4B-00C04F79EFBC}") = "GetOutLaters", "Apps\GetOutLaters\GetOutLaters.csproj", "{A1CEA87B-529C-45AA-9FFE-FC8C59B4D7C0}"
EndProject
Project("{FAE04EC0-301F-11D3-BF4B-00C04F79EFBC}") = "IrbisPing", "Apps\IrbisPing\IrbisPing.csproj", "{BB2FFE15-EF46-433D-A932-C7888AAD7644}"
EndProject
Project("{FAE04EC0-301F-11D3-BF4B-00C04F79EFBC}") = "RqstShrink", "Apps\RqstShrink\RqstShrink.csproj", "{649D29DD-A368-4AB8-BA82-EF86B6A9BEA9}"
EndProject
Project("{FAE04EC0-301F-11D3-BF4B-00C04F79EFBC}") = "SharpIrbis.Console", "Apps\SharpIrbis.Console\SharpIrbis.Console.csproj", "{E4D30D02-DFE3-45C9-8F4F-04E31F8E11B1}"
EndProject
Project("{FAE04EC0-301F-11D3-BF4B-00C04F79EFBC}") = "SharpIrbis.Istu", "Apps\SharpIrbis.Istu\SharpIrbis.Istu.csproj", "{8E4B74D1-444D-4330-83AC-612C1F9F2B82}"
EndProject
Project("{FAE04EC0-301F-11D3-BF4B-00C04F79EFBC}") = "DumpTerms", "Apps\DumpTerms\DumpTerms.csproj", "{DF1DC56E-0FBD-48B0-AE92-D20D3A80F721}"
EndProject
Project("{FAE04EC0-301F-11D3-BF4B-00C04F79EFBC}") = "ManagedIrbis5.Sql", "Libs\ManagedIrbis5.Sql\ManagedIrbis5.Sql.csproj", "{9DE8D7A5-AC24-44A9-98AE-EB5401A88AE7}"
EndProject
Project("{FAE04EC0-301F-11D3-BF4B-00C04F79EFBC}") = "Barsik", "Apps\Barsik\Barsik.csproj", "{821D3683-D585-4234-AA54-0CF08CB0072B}"
EndProject
Project("{FAE04EC0-301F-11D3-BF4B-00C04F79EFBC}") = "AM.Linguistics", "Libs\AM.Linguistics\AM.Linguistics.csproj", "{3D91FFAA-5C62-4A42-BBFD-07B0EEF94C97}"
EndProject
Project("{FAE04EC0-301F-11D3-BF4B-00C04F79EFBC}") = "Chimera", "Apps\Chimera\Chimera.csproj", "{455CACA2-2E32-47F6-BBBC-1443B9FD1A0E}"
EndProject
Project("{FAE04EC0-301F-11D3-BF4B-00C04F79EFBC}") = "MagnaVersion", "Apps\MagnaVersion\MagnaVersion.csproj", "{21E8287E-8EE3-4BD7-986D-8789E6FC969F}"
EndProject
Project("{FAE04EC0-301F-11D3-BF4B-00C04F79EFBC}") = "AM.Web.Razor", "Libs\AM.Web.Razor\AM.Web.Razor.csproj", "{53D41CF8-3C78-4D2B-8E7B-BBF416DF1911}"
EndProject
Project("{FAE04EC0-301F-11D3-BF4B-00C04F79EFBC}") = "AM.Web", "Libs\AM.Web\AM.Web.csproj", "{10938105-4C07-4F68-A9BD-20D0C728514C}"
EndProject
Project("{FAE04EC0-301F-11D3-BF4B-00C04F79EFBC}") = "AM.BuildSystem", "Libs\AM.BuildSystem\AM.BuildSystem.csproj", "{1DD0C4A8-87EB-4CFE-8E01-0D685E121A19}"
EndProject
Project("{FAE04EC0-301F-11D3-BF4B-00C04F79EFBC}") = "AM.Linux", "Libs\AM.Linux\AM.Linux.csproj", "{358B7E33-071F-4003-BBAA-DC449A5ED71B}"
EndProject
Project("{FAE04EC0-301F-11D3-BF4B-00C04F79EFBC}") = "AM.Updating", "Libs\AM.Updating\AM.Updating.csproj", "{BA4F608D-2EA1-430E-8A7D-09D45D49D77E}"
EndProject
Project("{FAE04EC0-301F-11D3-BF4B-00C04F79EFBC}") = "AM.Avalonia", "Libs\AM.Avalonia\AM.Avalonia.csproj", "{B38D550F-D1E2-4E23-8A71-AA0DDEB6335C}"
EndProject
Project("{FAE04EC0-301F-11D3-BF4B-00C04F79EFBC}") = "ManagedIrbis5.Avalonia", "Libs\ManagedIrbis5.Avalonia\ManagedIrbis5.Avalonia.csproj", "{D82EC9F1-1153-488A-9EA3-6DA66F46A5DB}"
EndProject
Project("{FAE04EC0-301F-11D3-BF4B-00C04F79EFBC}") = "AM.Daemonization", "Libs\AM.Daemonization\AM.Daemonization.csproj", "{1A814717-DD0F-45CC-B0C6-07AFFE2F0133}"
EndProject
Global
	GlobalSection(SolutionConfigurationPlatforms) = preSolution
		Debug|Any CPU = Debug|Any CPU
		Release|Any CPU = Release|Any CPU
	EndGlobalSection
	GlobalSection(SolutionProperties) = preSolution
		HideSolutionNode = FALSE
	EndGlobalSection
	GlobalSection(ProjectConfigurationPlatforms) = postSolution
		{BA37477E-9999-46DD-97AF-CD6BD66512DE}.Debug|Any CPU.ActiveCfg = Debug|Any CPU
		{BA37477E-9999-46DD-97AF-CD6BD66512DE}.Debug|Any CPU.Build.0 = Debug|Any CPU
		{BA37477E-9999-46DD-97AF-CD6BD66512DE}.Release|Any CPU.ActiveCfg = Release|Any CPU
		{BA37477E-9999-46DD-97AF-CD6BD66512DE}.Release|Any CPU.Build.0 = Release|Any CPU
		{9C25E810-C725-4A35-ABF6-B95184B66FEF}.Debug|Any CPU.ActiveCfg = Debug|Any CPU
		{9C25E810-C725-4A35-ABF6-B95184B66FEF}.Debug|Any CPU.Build.0 = Debug|Any CPU
		{9C25E810-C725-4A35-ABF6-B95184B66FEF}.Release|Any CPU.ActiveCfg = Release|Any CPU
		{9C25E810-C725-4A35-ABF6-B95184B66FEF}.Release|Any CPU.Build.0 = Release|Any CPU
		{CFB6264F-79AE-44F8-B2F4-974794A16EDB}.Debug|Any CPU.ActiveCfg = Debug|Any CPU
		{CFB6264F-79AE-44F8-B2F4-974794A16EDB}.Debug|Any CPU.Build.0 = Debug|Any CPU
		{CFB6264F-79AE-44F8-B2F4-974794A16EDB}.Release|Any CPU.ActiveCfg = Release|Any CPU
		{CFB6264F-79AE-44F8-B2F4-974794A16EDB}.Release|Any CPU.Build.0 = Release|Any CPU
		{4F613FCA-0353-4957-A917-28D4F0B1A971}.Debug|Any CPU.ActiveCfg = Debug|Any CPU
		{4F613FCA-0353-4957-A917-28D4F0B1A971}.Debug|Any CPU.Build.0 = Debug|Any CPU
		{4F613FCA-0353-4957-A917-28D4F0B1A971}.Release|Any CPU.ActiveCfg = Release|Any CPU
		{4F613FCA-0353-4957-A917-28D4F0B1A971}.Release|Any CPU.Build.0 = Release|Any CPU
		{5F0A9F24-5032-427F-87CD-01BE8F25471D}.Debug|Any CPU.ActiveCfg = Debug|Any CPU
		{5F0A9F24-5032-427F-87CD-01BE8F25471D}.Debug|Any CPU.Build.0 = Debug|Any CPU
		{5F0A9F24-5032-427F-87CD-01BE8F25471D}.Release|Any CPU.ActiveCfg = Release|Any CPU
		{5F0A9F24-5032-427F-87CD-01BE8F25471D}.Release|Any CPU.Build.0 = Release|Any CPU
		{5DA70245-36EC-48DC-A674-87A20E0290BC}.Debug|Any CPU.ActiveCfg = Debug|Any CPU
		{5DA70245-36EC-48DC-A674-87A20E0290BC}.Debug|Any CPU.Build.0 = Debug|Any CPU
		{5DA70245-36EC-48DC-A674-87A20E0290BC}.Release|Any CPU.ActiveCfg = Release|Any CPU
		{5DA70245-36EC-48DC-A674-87A20E0290BC}.Release|Any CPU.Build.0 = Release|Any CPU
		{E74957AF-7896-4AC1-AEBD-94E938735447}.Debug|Any CPU.ActiveCfg = Debug|Any CPU
		{E74957AF-7896-4AC1-AEBD-94E938735447}.Debug|Any CPU.Build.0 = Debug|Any CPU
		{E74957AF-7896-4AC1-AEBD-94E938735447}.Release|Any CPU.ActiveCfg = Release|Any CPU
		{E74957AF-7896-4AC1-AEBD-94E938735447}.Release|Any CPU.Build.0 = Release|Any CPU
		{A1CEA87B-529C-45AA-9FFE-FC8C59B4D7C0}.Debug|Any CPU.ActiveCfg = Debug|Any CPU
		{A1CEA87B-529C-45AA-9FFE-FC8C59B4D7C0}.Debug|Any CPU.Build.0 = Debug|Any CPU
		{A1CEA87B-529C-45AA-9FFE-FC8C59B4D7C0}.Release|Any CPU.ActiveCfg = Release|Any CPU
		{A1CEA87B-529C-45AA-9FFE-FC8C59B4D7C0}.Release|Any CPU.Build.0 = Release|Any CPU
		{BB2FFE15-EF46-433D-A932-C7888AAD7644}.Debug|Any CPU.ActiveCfg = Debug|Any CPU
		{BB2FFE15-EF46-433D-A932-C7888AAD7644}.Debug|Any CPU.Build.0 = Debug|Any CPU
		{BB2FFE15-EF46-433D-A932-C7888AAD7644}.Release|Any CPU.ActiveCfg = Release|Any CPU
		{BB2FFE15-EF46-433D-A932-C7888AAD7644}.Release|Any CPU.Build.0 = Release|Any CPU
		{649D29DD-A368-4AB8-BA82-EF86B6A9BEA9}.Debug|Any CPU.ActiveCfg = Debug|Any CPU
		{649D29DD-A368-4AB8-BA82-EF86B6A9BEA9}.Debug|Any CPU.Build.0 = Debug|Any CPU
		{649D29DD-A368-4AB8-BA82-EF86B6A9BEA9}.Release|Any CPU.ActiveCfg = Release|Any CPU
		{649D29DD-A368-4AB8-BA82-EF86B6A9BEA9}.Release|Any CPU.Build.0 = Release|Any CPU
		{E4D30D02-DFE3-45C9-8F4F-04E31F8E11B1}.Debug|Any CPU.ActiveCfg = Debug|Any CPU
		{E4D30D02-DFE3-45C9-8F4F-04E31F8E11B1}.Debug|Any CPU.Build.0 = Debug|Any CPU
		{E4D30D02-DFE3-45C9-8F4F-04E31F8E11B1}.Release|Any CPU.ActiveCfg = Release|Any CPU
		{E4D30D02-DFE3-45C9-8F4F-04E31F8E11B1}.Release|Any CPU.Build.0 = Release|Any CPU
		{8E4B74D1-444D-4330-83AC-612C1F9F2B82}.Debug|Any CPU.ActiveCfg = Debug|Any CPU
		{8E4B74D1-444D-4330-83AC-612C1F9F2B82}.Debug|Any CPU.Build.0 = Debug|Any CPU
		{8E4B74D1-444D-4330-83AC-612C1F9F2B82}.Release|Any CPU.ActiveCfg = Release|Any CPU
		{8E4B74D1-444D-4330-83AC-612C1F9F2B82}.Release|Any CPU.Build.0 = Release|Any CPU
		{DF1DC56E-0FBD-48B0-AE92-D20D3A80F721}.Debug|Any CPU.ActiveCfg = Debug|Any CPU
		{DF1DC56E-0FBD-48B0-AE92-D20D3A80F721}.Debug|Any CPU.Build.0 = Debug|Any CPU
		{DF1DC56E-0FBD-48B0-AE92-D20D3A80F721}.Release|Any CPU.ActiveCfg = Release|Any CPU
		{DF1DC56E-0FBD-48B0-AE92-D20D3A80F721}.Release|Any CPU.Build.0 = Release|Any CPU
		{9DE8D7A5-AC24-44A9-98AE-EB5401A88AE7}.Debug|Any CPU.ActiveCfg = Debug|Any CPU
		{9DE8D7A5-AC24-44A9-98AE-EB5401A88AE7}.Debug|Any CPU.Build.0 = Debug|Any CPU
		{9DE8D7A5-AC24-44A9-98AE-EB5401A88AE7}.Release|Any CPU.ActiveCfg = Release|Any CPU
		{9DE8D7A5-AC24-44A9-98AE-EB5401A88AE7}.Release|Any CPU.Build.0 = Release|Any CPU
		{821D3683-D585-4234-AA54-0CF08CB0072B}.Debug|Any CPU.ActiveCfg = Debug|Any CPU
		{821D3683-D585-4234-AA54-0CF08CB0072B}.Debug|Any CPU.Build.0 = Debug|Any CPU
		{821D3683-D585-4234-AA54-0CF08CB0072B}.Release|Any CPU.ActiveCfg = Release|Any CPU
		{821D3683-D585-4234-AA54-0CF08CB0072B}.Release|Any CPU.Build.0 = Release|Any CPU
		{3D91FFAA-5C62-4A42-BBFD-07B0EEF94C97}.Debug|Any CPU.ActiveCfg = Debug|Any CPU
		{3D91FFAA-5C62-4A42-BBFD-07B0EEF94C97}.Debug|Any CPU.Build.0 = Debug|Any CPU
		{3D91FFAA-5C62-4A42-BBFD-07B0EEF94C97}.Release|Any CPU.ActiveCfg = Release|Any CPU
		{3D91FFAA-5C62-4A42-BBFD-07B0EEF94C97}.Release|Any CPU.Build.0 = Release|Any CPU
		{455CACA2-2E32-47F6-BBBC-1443B9FD1A0E}.Debug|Any CPU.ActiveCfg = Debug|Any CPU
		{455CACA2-2E32-47F6-BBBC-1443B9FD1A0E}.Debug|Any CPU.Build.0 = Debug|Any CPU
		{455CACA2-2E32-47F6-BBBC-1443B9FD1A0E}.Release|Any CPU.ActiveCfg = Release|Any CPU
		{455CACA2-2E32-47F6-BBBC-1443B9FD1A0E}.Release|Any CPU.Build.0 = Release|Any CPU
		{21E8287E-8EE3-4BD7-986D-8789E6FC969F}.Debug|Any CPU.ActiveCfg = Debug|Any CPU
		{21E8287E-8EE3-4BD7-986D-8789E6FC969F}.Debug|Any CPU.Build.0 = Debug|Any CPU
		{21E8287E-8EE3-4BD7-986D-8789E6FC969F}.Release|Any CPU.ActiveCfg = Release|Any CPU
		{21E8287E-8EE3-4BD7-986D-8789E6FC969F}.Release|Any CPU.Build.0 = Release|Any CPU
		{53D41CF8-3C78-4D2B-8E7B-BBF416DF1911}.Debug|Any CPU.ActiveCfg = Debug|Any CPU
		{53D41CF8-3C78-4D2B-8E7B-BBF416DF1911}.Debug|Any CPU.Build.0 = Debug|Any CPU
		{53D41CF8-3C78-4D2B-8E7B-BBF416DF1911}.Release|Any CPU.ActiveCfg = Release|Any CPU
		{53D41CF8-3C78-4D2B-8E7B-BBF416DF1911}.Release|Any CPU.Build.0 = Release|Any CPU
		{10938105-4C07-4F68-A9BD-20D0C728514C}.Debug|Any CPU.ActiveCfg = Debug|Any CPU
		{10938105-4C07-4F68-A9BD-20D0C728514C}.Debug|Any CPU.Build.0 = Debug|Any CPU
		{10938105-4C07-4F68-A9BD-20D0C728514C}.Release|Any CPU.ActiveCfg = Release|Any CPU
		{10938105-4C07-4F68-A9BD-20D0C728514C}.Release|Any CPU.Build.0 = Release|Any CPU
		{1DD0C4A8-87EB-4CFE-8E01-0D685E121A19}.Debug|Any CPU.ActiveCfg = Debug|Any CPU
		{1DD0C4A8-87EB-4CFE-8E01-0D685E121A19}.Debug|Any CPU.Build.0 = Debug|Any CPU
		{1DD0C4A8-87EB-4CFE-8E01-0D685E121A19}.Release|Any CPU.ActiveCfg = Release|Any CPU
		{1DD0C4A8-87EB-4CFE-8E01-0D685E121A19}.Release|Any CPU.Build.0 = Release|Any CPU
		{358B7E33-071F-4003-BBAA-DC449A5ED71B}.Debug|Any CPU.ActiveCfg = Debug|Any CPU
		{358B7E33-071F-4003-BBAA-DC449A5ED71B}.Debug|Any CPU.Build.0 = Debug|Any CPU
		{358B7E33-071F-4003-BBAA-DC449A5ED71B}.Release|Any CPU.ActiveCfg = Release|Any CPU
		{358B7E33-071F-4003-BBAA-DC449A5ED71B}.Release|Any CPU.Build.0 = Release|Any CPU
		{BA4F608D-2EA1-430E-8A7D-09D45D49D77E}.Debug|Any CPU.ActiveCfg = Debug|Any CPU
		{BA4F608D-2EA1-430E-8A7D-09D45D49D77E}.Debug|Any CPU.Build.0 = Debug|Any CPU
		{BA4F608D-2EA1-430E-8A7D-09D45D49D77E}.Release|Any CPU.ActiveCfg = Release|Any CPU
		{BA4F608D-2EA1-430E-8A7D-09D45D49D77E}.Release|Any CPU.Build.0 = Release|Any CPU
		{B38D550F-D1E2-4E23-8A71-AA0DDEB6335C}.Debug|Any CPU.ActiveCfg = Debug|Any CPU
		{B38D550F-D1E2-4E23-8A71-AA0DDEB6335C}.Debug|Any CPU.Build.0 = Debug|Any CPU
		{B38D550F-D1E2-4E23-8A71-AA0DDEB6335C}.Release|Any CPU.ActiveCfg = Release|Any CPU
		{B38D550F-D1E2-4E23-8A71-AA0DDEB6335C}.Release|Any CPU.Build.0 = Release|Any CPU
		{D82EC9F1-1153-488A-9EA3-6DA66F46A5DB}.Debug|Any CPU.ActiveCfg = Debug|Any CPU
		{D82EC9F1-1153-488A-9EA3-6DA66F46A5DB}.Debug|Any CPU.Build.0 = Debug|Any CPU
		{D82EC9F1-1153-488A-9EA3-6DA66F46A5DB}.Release|Any CPU.ActiveCfg = Release|Any CPU
		{D82EC9F1-1153-488A-9EA3-6DA66F46A5DB}.Release|Any CPU.Build.0 = Release|Any CPU
		{1A814717-DD0F-45CC-B0C6-07AFFE2F0133}.Debug|Any CPU.ActiveCfg = Debug|Any CPU
		{1A814717-DD0F-45CC-B0C6-07AFFE2F0133}.Debug|Any CPU.Build.0 = Debug|Any CPU
		{1A814717-DD0F-45CC-B0C6-07AFFE2F0133}.Release|Any CPU.ActiveCfg = Release|Any CPU
		{1A814717-DD0F-45CC-B0C6-07AFFE2F0133}.Release|Any CPU.Build.0 = Release|Any CPU
	EndGlobalSection
	GlobalSection(NestedProjects) = preSolution
		{BA37477E-9999-46DD-97AF-CD6BD66512DE} = {91F96719-247F-4FBC-A730-23A9C15F349D}
		{9C25E810-C725-4A35-ABF6-B95184B66FEF} = {91F96719-247F-4FBC-A730-23A9C15F349D}
		{CFB6264F-79AE-44F8-B2F4-974794A16EDB} = {91F96719-247F-4FBC-A730-23A9C15F349D}
		{4F613FCA-0353-4957-A917-28D4F0B1A971} = {91F96719-247F-4FBC-A730-23A9C15F349D}
		{5F0A9F24-5032-427F-87CD-01BE8F25471D} = {91F96719-247F-4FBC-A730-23A9C15F349D}
		{5DA70245-36EC-48DC-A674-87A20E0290BC} = {91F96719-247F-4FBC-A730-23A9C15F349D}
		{E74957AF-7896-4AC1-AEBD-94E938735447} = {FA935F28-3621-4C50-8D1A-E96CEC21EFF8}
		{A1CEA87B-529C-45AA-9FFE-FC8C59B4D7C0} = {FA935F28-3621-4C50-8D1A-E96CEC21EFF8}
		{BB2FFE15-EF46-433D-A932-C7888AAD7644} = {FA935F28-3621-4C50-8D1A-E96CEC21EFF8}
		{649D29DD-A368-4AB8-BA82-EF86B6A9BEA9} = {FA935F28-3621-4C50-8D1A-E96CEC21EFF8}
		{E4D30D02-DFE3-45C9-8F4F-04E31F8E11B1} = {FA935F28-3621-4C50-8D1A-E96CEC21EFF8}
		{8E4B74D1-444D-4330-83AC-612C1F9F2B82} = {FA935F28-3621-4C50-8D1A-E96CEC21EFF8}
		{DF1DC56E-0FBD-48B0-AE92-D20D3A80F721} = {FA935F28-3621-4C50-8D1A-E96CEC21EFF8}
		{9DE8D7A5-AC24-44A9-98AE-EB5401A88AE7} = {91F96719-247F-4FBC-A730-23A9C15F349D}
		{821D3683-D585-4234-AA54-0CF08CB0072B} = {FA935F28-3621-4C50-8D1A-E96CEC21EFF8}
		{3D91FFAA-5C62-4A42-BBFD-07B0EEF94C97} = {91F96719-247F-4FBC-A730-23A9C15F349D}
		{455CACA2-2E32-47F6-BBBC-1443B9FD1A0E} = {FA935F28-3621-4C50-8D1A-E96CEC21EFF8}
		{53D41CF8-3C78-4D2B-8E7B-BBF416DF1911} = {91F96719-247F-4FBC-A730-23A9C15F349D}
		{10938105-4C07-4F68-A9BD-20D0C728514C} = {91F96719-247F-4FBC-A730-23A9C15F349D}
		{1DD0C4A8-87EB-4CFE-8E01-0D685E121A19} = {91F96719-247F-4FBC-A730-23A9C15F349D}
		{358B7E33-071F-4003-BBAA-DC449A5ED71B} = {91F96719-247F-4FBC-A730-23A9C15F349D}
		{BA4F608D-2EA1-430E-8A7D-09D45D49D77E} = {91F96719-247F-4FBC-A730-23A9C15F349D}
		{B38D550F-D1E2-4E23-8A71-AA0DDEB6335C} = {91F96719-247F-4FBC-A730-23A9C15F349D}
		{D82EC9F1-1153-488A-9EA3-6DA66F46A5DB} = {91F96719-247F-4FBC-A730-23A9C15F349D}
		{1A814717-DD0F-45CC-B0C6-07AFFE2F0133} = {91F96719-247F-4FBC-A730-23A9C15F349D}
	EndGlobalSection
EndGlobal
