
Microsoft Visual Studio Solution File, Format Version 12.00
# Visual Studio Version 16
VisualStudioVersion = 16.0.30709.132
MinimumVisualStudioVersion = 15.0.26124.0
Project("{2150E333-8FDC-42A3-9474-1A3956D46DE8}") = "Libs", "Libs", "{F7FE7B9E-2592-439F-A9CF-DA7D8D3DBC91}"
EndProject
Project("{9A19103F-16F7-4668-BE54-9A1E7A4F7556}") = "AM.Core5", "Libs\AM.Core5\AM.Core5.csproj", "{74833DA0-2976-457F-B110-D3E8B2F7C065}"
EndProject
Project("{9A19103F-16F7-4668-BE54-9A1E7A4F7556}") = "ManagedIrbis5", "Libs\ManagedIrbis5\ManagedIrbis5.csproj", "{8AE45519-4EB6-44E9-94A0-D2B32828C87B}"
EndProject
Project("{2150E333-8FDC-42A3-9474-1A3956D46DE8}") = "Apps", "Apps", "{1E5940AA-0540-4947-8216-45E381E76C72}"
EndProject
Project("{9A19103F-16F7-4668-BE54-9A1E7A4F7556}") = "Hello5", "Apps\Hello5\Hello5.csproj", "{6492EBD4-EF50-43B8-838B-5DC548D10621}"
EndProject
Project("{2150E333-8FDC-42A3-9474-1A3956D46DE8}") = "Common", "Common", "{21574F16-6241-4664-B7A5-7798C10CEF00}"
EndProject
Project("{2150E333-8FDC-42A3-9474-1A3956D46DE8}") = "Tests", "Tests", "{F56FBD0E-5530-4F55-ABE1-9E106B93417F}"
EndProject
Project("{9A19103F-16F7-4668-BE54-9A1E7A4F7556}") = "UnitTests", "Tests\UnitTests\UnitTests.csproj", "{987A6E69-69B8-40F3-A970-DEAF42642FFA}"
EndProject
Project("{9A19103F-16F7-4668-BE54-9A1E7A4F7556}") = "Istu5", "Libs\Istu5\Istu5.csproj", "{9C77DEBC-AC74-450C-AF74-7E2A18973461}"
EndProject
Project("{9A19103F-16F7-4668-BE54-9A1E7A4F7556}") = "RestfulIrbis5", "Libs\RestfulIrbis5\RestfulIrbis5.csproj", "{1457ECE1-A475-488E-A4D4-0BAA9E6472A7}"
EndProject
Project("{9A19103F-16F7-4668-BE54-9A1E7A4F7556}") = "TeleIrbis", "Apps\TeleIrbis\TeleIrbis.csproj", "{B6313794-FD73-4137-A44A-C81DE87EB2DD}"
EndProject
Project("{2150E333-8FDC-42A3-9474-1A3956D46DE8}") = "Benchmarks", "Benchmarks", "{2B66E86A-CE5E-47F7-8AF1-AD75927ABFD5}"
EndProject
Project("{9A19103F-16F7-4668-BE54-9A1E7A4F7556}") = "CoreBenchmarks", "Benchmarks\CoreBenchmarks\CoreBenchmarks.csproj", "{BC74263D-E92C-4909-898C-DA23E4A680D2}"
EndProject
Project("{9A19103F-16F7-4668-BE54-9A1E7A4F7556}") = "HelloSync", "Apps\HelloSync\HelloSync.csproj", "{99588AE2-3D24-44B5-8BC2-2A362E5E5C8E}"
EndProject
Project("{2150E333-8FDC-42A3-9474-1A3956D46DE8}") = "Examples", "Examples", "{788F67EC-79CA-4941-B29F-7970FA721205}"
EndProject
Project("{FAE04EC0-301F-11D3-BF4B-00C04F79EFBC}") = "CoreExamples", "Examples\CoreExamples\CoreExamples.csproj", "{06AB2480-325E-4FF9-9740-E39D1B20C114}"
EndProject
Project("{FAE04EC0-301F-11D3-BF4B-00C04F79EFBC}") = "IrbisExamples", "Examples\IrbisExamples\IrbisExamples.csproj", "{D9F67CE1-B9AE-4169-9219-98547205F767}"
EndProject
Project("{FAE04EC0-301F-11D3-BF4B-00C04F79EFBC}") = "AM.Rdf", "Libs\AM.Rdf\AM.Rdf.csproj", "{0E218893-52C9-48DF-81A6-9CB19674D0AB}"
EndProject
Project("{FAE04EC0-301F-11D3-BF4B-00C04F79EFBC}") = "AM.Onto", "Libs\AM.Onto\AM.Onto.csproj", "{5F3854DC-F74A-4E2F-94C0-473CB51B1C3B}"
EndProject
Project("{FAE04EC0-301F-11D3-BF4B-00C04F79EFBC}") = "AM.Asn1", "Libs\AM.Asn1\AM.Asn1.csproj", "{E0AD3B21-DFAF-484D-A510-F9CAF230FF06}"
EndProject
Project("{FAE04EC0-301F-11D3-BF4B-00C04F79EFBC}") = "PftTests", "Tests\PftTests\PftTests.csproj", "{E84C7B38-EE29-460F-9F10-44CB3B875769}"
EndProject
Project("{FAE04EC0-301F-11D3-BF4B-00C04F79EFBC}") = "Protector", "Apps\Protector\Protector.csproj", "{0F0A4607-A53E-4147-9D36-C2E9D08A3E4B}"
EndProject
Project("{FAE04EC0-301F-11D3-BF4B-00C04F79EFBC}") = "Example1", "Examples\Example1\Example1.csproj", "{01D1414A-FFDA-4B75-BE73-5155488A6926}"
EndProject
Project("{FAE04EC0-301F-11D3-BF4B-00C04F79EFBC}") = "Example2", "Examples\Example2\Example2.csproj", "{61C0096E-065F-4474-8E73-A8C0963305BA}"
EndProject
Project("{FAE04EC0-301F-11D3-BF4B-00C04F79EFBC}") = "CheckIniFile", "Apps\CheckIniFile\CheckIniFile.csproj", "{4FCED63F-8B82-414A-8F75-4C34383485DB}"
EndProject
Project("{FAE04EC0-301F-11D3-BF4B-00C04F79EFBC}") = "Fst2Ifs", "Apps\Fst2Ifs\Fst2Ifs.csproj", "{9D93D064-2754-4D65-A3EB-5B6D5D8A4D25}"
EndProject
Project("{FAE04EC0-301F-11D3-BF4B-00C04F79EFBC}") = "IrbisPing", "Apps\IrbisPing\IrbisPing.csproj", "{2D3E51A7-E08A-4ADA-AADD-9102B2862056}"
EndProject
Project("{FAE04EC0-301F-11D3-BF4B-00C04F79EFBC}") = "Sigler", "Apps\Sigler\Sigler.csproj", "{22AFB2C8-C5EB-416C-8F68-C2338EFAC5B5}"
EndProject
Project("{FAE04EC0-301F-11D3-BF4B-00C04F79EFBC}") = "ExemplarKiller", "Apps\ExemplarKiller\ExemplarKiller.csproj", "{06A44896-D858-4CD1-A221-E2206D4BB819}"
EndProject
Project("{FAE04EC0-301F-11D3-BF4B-00C04F79EFBC}") = "RqstShrink", "Apps\RqstShrink\RqstShrink.csproj", "{BE9D7A9D-B453-49EB-A014-1ABF762E7240}"
EndProject
Project("{FAE04EC0-301F-11D3-BF4B-00C04F79EFBC}") = "Tre2Mnu", "Apps\Tre2Mnu\Tre2Mnu.csproj", "{96195BFC-996C-4D8F-BEE7-ACFC87A54CDD}"
EndProject
Project("{FAE04EC0-301F-11D3-BF4B-00C04F79EFBC}") = "DirectTests", "Tests\DirectTests\DirectTests.csproj", "{E3D9E638-BBC4-446C-B18F-EB7E09F5E5BC}"
EndProject
Project("{FAE04EC0-301F-11D3-BF4B-00C04F79EFBC}") = "Marsohod5", "Apps\Marsohod5\Marsohod5.csproj", "{4F5C53E0-BBA6-4737-A959-B098B738A572}"
EndProject
Project("{FAE04EC0-301F-11D3-BF4B-00C04F79EFBC}") = "ClearInventarization", "Apps\ClearInventarization\ClearInventarization.csproj", "{86C6705B-F850-4DF1-95BD-5753CD15C795}"
EndProject
Project("{FAE04EC0-301F-11D3-BF4B-00C04F79EFBC}") = "InvList", "Apps\InvList\InvList.csproj", "{994CCED4-6AA1-4166-BB9B-121736C715DE}"
EndProject
Project("{2150E333-8FDC-42A3-9474-1A3956D46DE8}") = "Experiments", "Experiments", "{613CAFDC-DFFC-42B6-A5A6-897CDFA3294B}"
EndProject
Project("{FAE04EC0-301F-11D3-BF4B-00C04F79EFBC}") = "ChunkedExperiment", "Experiments\ChunkedExperiment\ChunkedExperiment.csproj", "{5F754C54-528B-45E3-9063-5E0F17BC1D47}"
EndProject
Project("{FAE04EC0-301F-11D3-BF4B-00C04F79EFBC}") = "SharpIrbis.Console", "Apps\SharpIrbis.Console\SharpIrbis.Console.csproj", "{F923D756-D782-4421-809D-011995A1571B}"
EndProject
Project("{FAE04EC0-301F-11D3-BF4B-00C04F79EFBC}") = "SharpIrbis.Istu", "Apps\SharpIrbis.Istu\SharpIrbis.Istu.csproj", "{A3C0C175-9C11-44E8-BC46-9FF0E05322CB}"
EndProject
Project("{FAE04EC0-301F-11D3-BF4B-00C04F79EFBC}") = "GetOutLaters", "Apps\GetOutLaters\GetOutLaters.csproj", "{A4C00D33-DED0-4729-98F6-CDD3C70D0B0D}"
EndProject
Project("{FAE04EC0-301F-11D3-BF4B-00C04F79EFBC}") = "TinyClient", "Libs\TinyClient\TinyClient.csproj", "{596C541C-B7F3-467A-B61B-6E9E5B8FC08E}"
EndProject
Project("{FAE04EC0-301F-11D3-BF4B-00C04F79EFBC}") = "AM.AOT5", "Libs\AM.AOT5\AM.AOT5.csproj", "{8C379E6E-4026-4E69-A410-C1F63F9AEEBE}"
EndProject
Project("{FAE04EC0-301F-11D3-BF4B-00C04F79EFBC}") = "Restaurant", "Apps\Restaurant\Restaurant.csproj", "{241F14C7-EE16-4827-8D7E-218E1EB90ECF}"
EndProject
Project("{FAE04EC0-301F-11D3-BF4B-00C04F79EFBC}") = "ManagedIrbis.Grpc", "Libs\ManagedIrbis5.Grpc\ManagedIrbis5.Grpc.csproj", "{D3A2A8D6-CF4D-43EC-AA93-B96D209964E8}"
EndProject
Project("{FAE04EC0-301F-11D3-BF4B-00C04F79EFBC}") = "AM.Scripting", "Libs\AM.Scripting\AM.Scripting.csproj", "{5A478C2B-1705-41A7-AED3-AE219CC067E5}"
EndProject
Project("{FAE04EC0-301F-11D3-BF4B-00C04F79EFBC}") = "AM.Web", "Libs\AM.Web\AM.Web.csproj", "{C1A2A07D-10B7-440A-B2D2-7BDF0D903923}"
EndProject
Project("{FAE04EC0-301F-11D3-BF4B-00C04F79EFBC}") = "Mnu2Tre", "Apps\Mnu2Tre\Mnu2Tre.csproj", "{BD11D5E8-EA6D-40E0-823B-B3F5F5C9B493}"
EndProject
Project("{FAE04EC0-301F-11D3-BF4B-00C04F79EFBC}") = "Text2Pft", "Apps\Text2Pft\Text2Pft.csproj", "{95B7A9C9-8085-4A7B-B3A7-A734A0ED17F6}"
EndProject
Project("{FAE04EC0-301F-11D3-BF4B-00C04F79EFBC}") = "DumpTerms", "Apps\DumpTerms\DumpTerms.csproj", "{B047B6D4-6121-4CF3-B44F-AA976C99EB2C}"
EndProject
Project("{FAE04EC0-301F-11D3-BF4B-00C04F79EFBC}") = "Csfmt", "Apps\Csfmt\Csfmt.csproj", "{703C03A9-F19C-45D0-8E62-165F411E74DD}"
EndProject
Project("{FAE04EC0-301F-11D3-BF4B-00C04F79EFBC}") = "GblTests", "Tests\GblTests\GblTests.csproj", "{1421407B-D750-4B09-9C11-81FAE3824F9C}"
EndProject
Project("{FAE04EC0-301F-11D3-BF4B-00C04F79EFBC}") = "RenumberFiles", "Apps\RenumberFiles\RenumberFiles.csproj", "{70A4D4C5-7151-4EBC-A2DD-2BF256ECA402}"
EndProject
Project("{FAE04EC0-301F-11D3-BF4B-00C04F79EFBC}") = "CountMagazines", "Apps\CountMagazines\CountMagazines.csproj", "{3F3BAB82-95DD-49DD-80DB-B40822DF5D6B}"
EndProject
Project("{FAE04EC0-301F-11D3-BF4B-00C04F79EFBC}") = "ManagedIrbis5.Sql", "Libs\ManagedIrbis5.Sql\ManagedIrbis5.Sql.csproj", "{DE6A4DBD-4701-409F-B5A1-D632DCBB58FE}"
EndProject
Global
	GlobalSection(SolutionConfigurationPlatforms) = preSolution
		Debug|Any CPU = Debug|Any CPU
		Debug|x64 = Debug|x64
		Debug|x86 = Debug|x86
		Release|Any CPU = Release|Any CPU
		Release|x64 = Release|x64
		Release|x86 = Release|x86
	EndGlobalSection
	GlobalSection(ProjectConfigurationPlatforms) = postSolution
		{74833DA0-2976-457F-B110-D3E8B2F7C065}.Debug|Any CPU.ActiveCfg = Debug|Any CPU
		{74833DA0-2976-457F-B110-D3E8B2F7C065}.Debug|Any CPU.Build.0 = Debug|Any CPU
		{74833DA0-2976-457F-B110-D3E8B2F7C065}.Debug|x64.ActiveCfg = Debug|Any CPU
		{74833DA0-2976-457F-B110-D3E8B2F7C065}.Debug|x64.Build.0 = Debug|Any CPU
		{74833DA0-2976-457F-B110-D3E8B2F7C065}.Debug|x86.ActiveCfg = Debug|Any CPU
		{74833DA0-2976-457F-B110-D3E8B2F7C065}.Debug|x86.Build.0 = Debug|Any CPU
		{74833DA0-2976-457F-B110-D3E8B2F7C065}.Release|Any CPU.ActiveCfg = Release|Any CPU
		{74833DA0-2976-457F-B110-D3E8B2F7C065}.Release|Any CPU.Build.0 = Release|Any CPU
		{74833DA0-2976-457F-B110-D3E8B2F7C065}.Release|x64.ActiveCfg = Release|Any CPU
		{74833DA0-2976-457F-B110-D3E8B2F7C065}.Release|x64.Build.0 = Release|Any CPU
		{74833DA0-2976-457F-B110-D3E8B2F7C065}.Release|x86.ActiveCfg = Release|Any CPU
		{74833DA0-2976-457F-B110-D3E8B2F7C065}.Release|x86.Build.0 = Release|Any CPU
		{8AE45519-4EB6-44E9-94A0-D2B32828C87B}.Debug|Any CPU.ActiveCfg = Debug|Any CPU
		{8AE45519-4EB6-44E9-94A0-D2B32828C87B}.Debug|Any CPU.Build.0 = Debug|Any CPU
		{8AE45519-4EB6-44E9-94A0-D2B32828C87B}.Debug|x64.ActiveCfg = Debug|Any CPU
		{8AE45519-4EB6-44E9-94A0-D2B32828C87B}.Debug|x64.Build.0 = Debug|Any CPU
		{8AE45519-4EB6-44E9-94A0-D2B32828C87B}.Debug|x86.ActiveCfg = Debug|Any CPU
		{8AE45519-4EB6-44E9-94A0-D2B32828C87B}.Debug|x86.Build.0 = Debug|Any CPU
		{8AE45519-4EB6-44E9-94A0-D2B32828C87B}.Release|Any CPU.ActiveCfg = Release|Any CPU
		{8AE45519-4EB6-44E9-94A0-D2B32828C87B}.Release|Any CPU.Build.0 = Release|Any CPU
		{8AE45519-4EB6-44E9-94A0-D2B32828C87B}.Release|x64.ActiveCfg = Release|Any CPU
		{8AE45519-4EB6-44E9-94A0-D2B32828C87B}.Release|x64.Build.0 = Release|Any CPU
		{8AE45519-4EB6-44E9-94A0-D2B32828C87B}.Release|x86.ActiveCfg = Release|Any CPU
		{8AE45519-4EB6-44E9-94A0-D2B32828C87B}.Release|x86.Build.0 = Release|Any CPU
		{6492EBD4-EF50-43B8-838B-5DC548D10621}.Debug|Any CPU.ActiveCfg = Debug|Any CPU
		{6492EBD4-EF50-43B8-838B-5DC548D10621}.Debug|Any CPU.Build.0 = Debug|Any CPU
		{6492EBD4-EF50-43B8-838B-5DC548D10621}.Debug|x64.ActiveCfg = Debug|Any CPU
		{6492EBD4-EF50-43B8-838B-5DC548D10621}.Debug|x64.Build.0 = Debug|Any CPU
		{6492EBD4-EF50-43B8-838B-5DC548D10621}.Debug|x86.ActiveCfg = Debug|Any CPU
		{6492EBD4-EF50-43B8-838B-5DC548D10621}.Debug|x86.Build.0 = Debug|Any CPU
		{6492EBD4-EF50-43B8-838B-5DC548D10621}.Release|Any CPU.ActiveCfg = Release|Any CPU
		{6492EBD4-EF50-43B8-838B-5DC548D10621}.Release|Any CPU.Build.0 = Release|Any CPU
		{6492EBD4-EF50-43B8-838B-5DC548D10621}.Release|x64.ActiveCfg = Release|Any CPU
		{6492EBD4-EF50-43B8-838B-5DC548D10621}.Release|x64.Build.0 = Release|Any CPU
		{6492EBD4-EF50-43B8-838B-5DC548D10621}.Release|x86.ActiveCfg = Release|Any CPU
		{6492EBD4-EF50-43B8-838B-5DC548D10621}.Release|x86.Build.0 = Release|Any CPU
		{987A6E69-69B8-40F3-A970-DEAF42642FFA}.Debug|Any CPU.ActiveCfg = Debug|Any CPU
		{987A6E69-69B8-40F3-A970-DEAF42642FFA}.Debug|Any CPU.Build.0 = Debug|Any CPU
		{987A6E69-69B8-40F3-A970-DEAF42642FFA}.Debug|x64.ActiveCfg = Debug|Any CPU
		{987A6E69-69B8-40F3-A970-DEAF42642FFA}.Debug|x64.Build.0 = Debug|Any CPU
		{987A6E69-69B8-40F3-A970-DEAF42642FFA}.Debug|x86.ActiveCfg = Debug|Any CPU
		{987A6E69-69B8-40F3-A970-DEAF42642FFA}.Debug|x86.Build.0 = Debug|Any CPU
		{987A6E69-69B8-40F3-A970-DEAF42642FFA}.Release|Any CPU.ActiveCfg = Release|Any CPU
		{987A6E69-69B8-40F3-A970-DEAF42642FFA}.Release|Any CPU.Build.0 = Release|Any CPU
		{987A6E69-69B8-40F3-A970-DEAF42642FFA}.Release|x64.ActiveCfg = Release|Any CPU
		{987A6E69-69B8-40F3-A970-DEAF42642FFA}.Release|x64.Build.0 = Release|Any CPU
		{987A6E69-69B8-40F3-A970-DEAF42642FFA}.Release|x86.ActiveCfg = Release|Any CPU
		{987A6E69-69B8-40F3-A970-DEAF42642FFA}.Release|x86.Build.0 = Release|Any CPU
		{9C77DEBC-AC74-450C-AF74-7E2A18973461}.Debug|Any CPU.ActiveCfg = Debug|Any CPU
		{9C77DEBC-AC74-450C-AF74-7E2A18973461}.Debug|Any CPU.Build.0 = Debug|Any CPU
		{9C77DEBC-AC74-450C-AF74-7E2A18973461}.Debug|x64.ActiveCfg = Debug|Any CPU
		{9C77DEBC-AC74-450C-AF74-7E2A18973461}.Debug|x64.Build.0 = Debug|Any CPU
		{9C77DEBC-AC74-450C-AF74-7E2A18973461}.Debug|x86.ActiveCfg = Debug|Any CPU
		{9C77DEBC-AC74-450C-AF74-7E2A18973461}.Debug|x86.Build.0 = Debug|Any CPU
		{9C77DEBC-AC74-450C-AF74-7E2A18973461}.Release|Any CPU.ActiveCfg = Release|Any CPU
		{9C77DEBC-AC74-450C-AF74-7E2A18973461}.Release|Any CPU.Build.0 = Release|Any CPU
		{9C77DEBC-AC74-450C-AF74-7E2A18973461}.Release|x64.ActiveCfg = Release|Any CPU
		{9C77DEBC-AC74-450C-AF74-7E2A18973461}.Release|x64.Build.0 = Release|Any CPU
		{9C77DEBC-AC74-450C-AF74-7E2A18973461}.Release|x86.ActiveCfg = Release|Any CPU
		{9C77DEBC-AC74-450C-AF74-7E2A18973461}.Release|x86.Build.0 = Release|Any CPU
		{1457ECE1-A475-488E-A4D4-0BAA9E6472A7}.Debug|Any CPU.ActiveCfg = Debug|Any CPU
		{1457ECE1-A475-488E-A4D4-0BAA9E6472A7}.Debug|Any CPU.Build.0 = Debug|Any CPU
		{1457ECE1-A475-488E-A4D4-0BAA9E6472A7}.Debug|x64.ActiveCfg = Debug|Any CPU
		{1457ECE1-A475-488E-A4D4-0BAA9E6472A7}.Debug|x64.Build.0 = Debug|Any CPU
		{1457ECE1-A475-488E-A4D4-0BAA9E6472A7}.Debug|x86.ActiveCfg = Debug|Any CPU
		{1457ECE1-A475-488E-A4D4-0BAA9E6472A7}.Debug|x86.Build.0 = Debug|Any CPU
		{1457ECE1-A475-488E-A4D4-0BAA9E6472A7}.Release|Any CPU.ActiveCfg = Release|Any CPU
		{1457ECE1-A475-488E-A4D4-0BAA9E6472A7}.Release|Any CPU.Build.0 = Release|Any CPU
		{1457ECE1-A475-488E-A4D4-0BAA9E6472A7}.Release|x64.ActiveCfg = Release|Any CPU
		{1457ECE1-A475-488E-A4D4-0BAA9E6472A7}.Release|x64.Build.0 = Release|Any CPU
		{1457ECE1-A475-488E-A4D4-0BAA9E6472A7}.Release|x86.ActiveCfg = Release|Any CPU
		{1457ECE1-A475-488E-A4D4-0BAA9E6472A7}.Release|x86.Build.0 = Release|Any CPU
		{B6313794-FD73-4137-A44A-C81DE87EB2DD}.Debug|Any CPU.ActiveCfg = Debug|Any CPU
		{B6313794-FD73-4137-A44A-C81DE87EB2DD}.Debug|Any CPU.Build.0 = Debug|Any CPU
		{B6313794-FD73-4137-A44A-C81DE87EB2DD}.Debug|x64.ActiveCfg = Debug|Any CPU
		{B6313794-FD73-4137-A44A-C81DE87EB2DD}.Debug|x64.Build.0 = Debug|Any CPU
		{B6313794-FD73-4137-A44A-C81DE87EB2DD}.Debug|x86.ActiveCfg = Debug|Any CPU
		{B6313794-FD73-4137-A44A-C81DE87EB2DD}.Debug|x86.Build.0 = Debug|Any CPU
		{B6313794-FD73-4137-A44A-C81DE87EB2DD}.Release|Any CPU.ActiveCfg = Release|Any CPU
		{B6313794-FD73-4137-A44A-C81DE87EB2DD}.Release|Any CPU.Build.0 = Release|Any CPU
		{B6313794-FD73-4137-A44A-C81DE87EB2DD}.Release|x64.ActiveCfg = Release|Any CPU
		{B6313794-FD73-4137-A44A-C81DE87EB2DD}.Release|x64.Build.0 = Release|Any CPU
		{B6313794-FD73-4137-A44A-C81DE87EB2DD}.Release|x86.ActiveCfg = Release|Any CPU
		{B6313794-FD73-4137-A44A-C81DE87EB2DD}.Release|x86.Build.0 = Release|Any CPU
		{BC74263D-E92C-4909-898C-DA23E4A680D2}.Debug|Any CPU.ActiveCfg = Debug|Any CPU
		{BC74263D-E92C-4909-898C-DA23E4A680D2}.Debug|Any CPU.Build.0 = Debug|Any CPU
		{BC74263D-E92C-4909-898C-DA23E4A680D2}.Debug|x64.ActiveCfg = Debug|Any CPU
		{BC74263D-E92C-4909-898C-DA23E4A680D2}.Debug|x64.Build.0 = Debug|Any CPU
		{BC74263D-E92C-4909-898C-DA23E4A680D2}.Debug|x86.ActiveCfg = Debug|Any CPU
		{BC74263D-E92C-4909-898C-DA23E4A680D2}.Debug|x86.Build.0 = Debug|Any CPU
		{BC74263D-E92C-4909-898C-DA23E4A680D2}.Release|Any CPU.ActiveCfg = Release|Any CPU
		{BC74263D-E92C-4909-898C-DA23E4A680D2}.Release|Any CPU.Build.0 = Release|Any CPU
		{BC74263D-E92C-4909-898C-DA23E4A680D2}.Release|x64.ActiveCfg = Release|Any CPU
		{BC74263D-E92C-4909-898C-DA23E4A680D2}.Release|x64.Build.0 = Release|Any CPU
		{BC74263D-E92C-4909-898C-DA23E4A680D2}.Release|x86.ActiveCfg = Release|Any CPU
		{BC74263D-E92C-4909-898C-DA23E4A680D2}.Release|x86.Build.0 = Release|Any CPU
		{99588AE2-3D24-44B5-8BC2-2A362E5E5C8E}.Debug|Any CPU.ActiveCfg = Debug|Any CPU
		{99588AE2-3D24-44B5-8BC2-2A362E5E5C8E}.Debug|Any CPU.Build.0 = Debug|Any CPU
		{99588AE2-3D24-44B5-8BC2-2A362E5E5C8E}.Debug|x64.ActiveCfg = Debug|Any CPU
		{99588AE2-3D24-44B5-8BC2-2A362E5E5C8E}.Debug|x64.Build.0 = Debug|Any CPU
		{99588AE2-3D24-44B5-8BC2-2A362E5E5C8E}.Debug|x86.ActiveCfg = Debug|Any CPU
		{99588AE2-3D24-44B5-8BC2-2A362E5E5C8E}.Debug|x86.Build.0 = Debug|Any CPU
		{99588AE2-3D24-44B5-8BC2-2A362E5E5C8E}.Release|Any CPU.ActiveCfg = Release|Any CPU
		{99588AE2-3D24-44B5-8BC2-2A362E5E5C8E}.Release|Any CPU.Build.0 = Release|Any CPU
		{99588AE2-3D24-44B5-8BC2-2A362E5E5C8E}.Release|x64.ActiveCfg = Release|Any CPU
		{99588AE2-3D24-44B5-8BC2-2A362E5E5C8E}.Release|x64.Build.0 = Release|Any CPU
		{99588AE2-3D24-44B5-8BC2-2A362E5E5C8E}.Release|x86.ActiveCfg = Release|Any CPU
		{99588AE2-3D24-44B5-8BC2-2A362E5E5C8E}.Release|x86.Build.0 = Release|Any CPU
		{06AB2480-325E-4FF9-9740-E39D1B20C114}.Debug|Any CPU.ActiveCfg = Debug|Any CPU
		{06AB2480-325E-4FF9-9740-E39D1B20C114}.Debug|Any CPU.Build.0 = Debug|Any CPU
		{06AB2480-325E-4FF9-9740-E39D1B20C114}.Debug|x64.ActiveCfg = Debug|Any CPU
		{06AB2480-325E-4FF9-9740-E39D1B20C114}.Debug|x64.Build.0 = Debug|Any CPU
		{06AB2480-325E-4FF9-9740-E39D1B20C114}.Debug|x86.ActiveCfg = Debug|Any CPU
		{06AB2480-325E-4FF9-9740-E39D1B20C114}.Debug|x86.Build.0 = Debug|Any CPU
		{06AB2480-325E-4FF9-9740-E39D1B20C114}.Release|Any CPU.ActiveCfg = Release|Any CPU
		{06AB2480-325E-4FF9-9740-E39D1B20C114}.Release|Any CPU.Build.0 = Release|Any CPU
		{06AB2480-325E-4FF9-9740-E39D1B20C114}.Release|x64.ActiveCfg = Release|Any CPU
		{06AB2480-325E-4FF9-9740-E39D1B20C114}.Release|x64.Build.0 = Release|Any CPU
		{06AB2480-325E-4FF9-9740-E39D1B20C114}.Release|x86.ActiveCfg = Release|Any CPU
		{06AB2480-325E-4FF9-9740-E39D1B20C114}.Release|x86.Build.0 = Release|Any CPU
		{D9F67CE1-B9AE-4169-9219-98547205F767}.Debug|Any CPU.ActiveCfg = Debug|Any CPU
		{D9F67CE1-B9AE-4169-9219-98547205F767}.Debug|Any CPU.Build.0 = Debug|Any CPU
		{D9F67CE1-B9AE-4169-9219-98547205F767}.Debug|x64.ActiveCfg = Debug|Any CPU
		{D9F67CE1-B9AE-4169-9219-98547205F767}.Debug|x64.Build.0 = Debug|Any CPU
		{D9F67CE1-B9AE-4169-9219-98547205F767}.Debug|x86.ActiveCfg = Debug|Any CPU
		{D9F67CE1-B9AE-4169-9219-98547205F767}.Debug|x86.Build.0 = Debug|Any CPU
		{D9F67CE1-B9AE-4169-9219-98547205F767}.Release|Any CPU.ActiveCfg = Release|Any CPU
		{D9F67CE1-B9AE-4169-9219-98547205F767}.Release|Any CPU.Build.0 = Release|Any CPU
		{D9F67CE1-B9AE-4169-9219-98547205F767}.Release|x64.ActiveCfg = Release|Any CPU
		{D9F67CE1-B9AE-4169-9219-98547205F767}.Release|x64.Build.0 = Release|Any CPU
		{D9F67CE1-B9AE-4169-9219-98547205F767}.Release|x86.ActiveCfg = Release|Any CPU
		{D9F67CE1-B9AE-4169-9219-98547205F767}.Release|x86.Build.0 = Release|Any CPU
		{0E218893-52C9-48DF-81A6-9CB19674D0AB}.Debug|Any CPU.ActiveCfg = Debug|Any CPU
		{0E218893-52C9-48DF-81A6-9CB19674D0AB}.Debug|Any CPU.Build.0 = Debug|Any CPU
		{0E218893-52C9-48DF-81A6-9CB19674D0AB}.Debug|x64.ActiveCfg = Debug|Any CPU
		{0E218893-52C9-48DF-81A6-9CB19674D0AB}.Debug|x64.Build.0 = Debug|Any CPU
		{0E218893-52C9-48DF-81A6-9CB19674D0AB}.Debug|x86.ActiveCfg = Debug|Any CPU
		{0E218893-52C9-48DF-81A6-9CB19674D0AB}.Debug|x86.Build.0 = Debug|Any CPU
		{0E218893-52C9-48DF-81A6-9CB19674D0AB}.Release|Any CPU.ActiveCfg = Release|Any CPU
		{0E218893-52C9-48DF-81A6-9CB19674D0AB}.Release|Any CPU.Build.0 = Release|Any CPU
		{0E218893-52C9-48DF-81A6-9CB19674D0AB}.Release|x64.ActiveCfg = Release|Any CPU
		{0E218893-52C9-48DF-81A6-9CB19674D0AB}.Release|x64.Build.0 = Release|Any CPU
		{0E218893-52C9-48DF-81A6-9CB19674D0AB}.Release|x86.ActiveCfg = Release|Any CPU
		{0E218893-52C9-48DF-81A6-9CB19674D0AB}.Release|x86.Build.0 = Release|Any CPU
		{5F3854DC-F74A-4E2F-94C0-473CB51B1C3B}.Debug|Any CPU.ActiveCfg = Debug|Any CPU
		{5F3854DC-F74A-4E2F-94C0-473CB51B1C3B}.Debug|Any CPU.Build.0 = Debug|Any CPU
		{5F3854DC-F74A-4E2F-94C0-473CB51B1C3B}.Debug|x64.ActiveCfg = Debug|Any CPU
		{5F3854DC-F74A-4E2F-94C0-473CB51B1C3B}.Debug|x64.Build.0 = Debug|Any CPU
		{5F3854DC-F74A-4E2F-94C0-473CB51B1C3B}.Debug|x86.ActiveCfg = Debug|Any CPU
		{5F3854DC-F74A-4E2F-94C0-473CB51B1C3B}.Debug|x86.Build.0 = Debug|Any CPU
		{5F3854DC-F74A-4E2F-94C0-473CB51B1C3B}.Release|Any CPU.ActiveCfg = Release|Any CPU
		{5F3854DC-F74A-4E2F-94C0-473CB51B1C3B}.Release|Any CPU.Build.0 = Release|Any CPU
		{5F3854DC-F74A-4E2F-94C0-473CB51B1C3B}.Release|x64.ActiveCfg = Release|Any CPU
		{5F3854DC-F74A-4E2F-94C0-473CB51B1C3B}.Release|x64.Build.0 = Release|Any CPU
		{5F3854DC-F74A-4E2F-94C0-473CB51B1C3B}.Release|x86.ActiveCfg = Release|Any CPU
		{5F3854DC-F74A-4E2F-94C0-473CB51B1C3B}.Release|x86.Build.0 = Release|Any CPU
		{E0AD3B21-DFAF-484D-A510-F9CAF230FF06}.Debug|Any CPU.ActiveCfg = Debug|Any CPU
		{E0AD3B21-DFAF-484D-A510-F9CAF230FF06}.Debug|Any CPU.Build.0 = Debug|Any CPU
		{E0AD3B21-DFAF-484D-A510-F9CAF230FF06}.Debug|x64.ActiveCfg = Debug|Any CPU
		{E0AD3B21-DFAF-484D-A510-F9CAF230FF06}.Debug|x64.Build.0 = Debug|Any CPU
		{E0AD3B21-DFAF-484D-A510-F9CAF230FF06}.Debug|x86.ActiveCfg = Debug|Any CPU
		{E0AD3B21-DFAF-484D-A510-F9CAF230FF06}.Debug|x86.Build.0 = Debug|Any CPU
		{E0AD3B21-DFAF-484D-A510-F9CAF230FF06}.Release|Any CPU.ActiveCfg = Release|Any CPU
		{E0AD3B21-DFAF-484D-A510-F9CAF230FF06}.Release|Any CPU.Build.0 = Release|Any CPU
		{E0AD3B21-DFAF-484D-A510-F9CAF230FF06}.Release|x64.ActiveCfg = Release|Any CPU
		{E0AD3B21-DFAF-484D-A510-F9CAF230FF06}.Release|x64.Build.0 = Release|Any CPU
		{E0AD3B21-DFAF-484D-A510-F9CAF230FF06}.Release|x86.ActiveCfg = Release|Any CPU
		{E0AD3B21-DFAF-484D-A510-F9CAF230FF06}.Release|x86.Build.0 = Release|Any CPU
		{E84C7B38-EE29-460F-9F10-44CB3B875769}.Debug|Any CPU.ActiveCfg = Debug|Any CPU
		{E84C7B38-EE29-460F-9F10-44CB3B875769}.Debug|Any CPU.Build.0 = Debug|Any CPU
		{E84C7B38-EE29-460F-9F10-44CB3B875769}.Debug|x64.ActiveCfg = Debug|Any CPU
		{E84C7B38-EE29-460F-9F10-44CB3B875769}.Debug|x64.Build.0 = Debug|Any CPU
		{E84C7B38-EE29-460F-9F10-44CB3B875769}.Debug|x86.ActiveCfg = Debug|Any CPU
		{E84C7B38-EE29-460F-9F10-44CB3B875769}.Debug|x86.Build.0 = Debug|Any CPU
		{E84C7B38-EE29-460F-9F10-44CB3B875769}.Release|Any CPU.ActiveCfg = Release|Any CPU
		{E84C7B38-EE29-460F-9F10-44CB3B875769}.Release|Any CPU.Build.0 = Release|Any CPU
		{E84C7B38-EE29-460F-9F10-44CB3B875769}.Release|x64.ActiveCfg = Release|Any CPU
		{E84C7B38-EE29-460F-9F10-44CB3B875769}.Release|x64.Build.0 = Release|Any CPU
		{E84C7B38-EE29-460F-9F10-44CB3B875769}.Release|x86.ActiveCfg = Release|Any CPU
		{E84C7B38-EE29-460F-9F10-44CB3B875769}.Release|x86.Build.0 = Release|Any CPU
		{0F0A4607-A53E-4147-9D36-C2E9D08A3E4B}.Debug|Any CPU.ActiveCfg = Debug|Any CPU
		{0F0A4607-A53E-4147-9D36-C2E9D08A3E4B}.Debug|Any CPU.Build.0 = Debug|Any CPU
		{0F0A4607-A53E-4147-9D36-C2E9D08A3E4B}.Debug|x64.ActiveCfg = Debug|Any CPU
		{0F0A4607-A53E-4147-9D36-C2E9D08A3E4B}.Debug|x64.Build.0 = Debug|Any CPU
		{0F0A4607-A53E-4147-9D36-C2E9D08A3E4B}.Debug|x86.ActiveCfg = Debug|Any CPU
		{0F0A4607-A53E-4147-9D36-C2E9D08A3E4B}.Debug|x86.Build.0 = Debug|Any CPU
		{0F0A4607-A53E-4147-9D36-C2E9D08A3E4B}.Release|Any CPU.ActiveCfg = Release|Any CPU
		{0F0A4607-A53E-4147-9D36-C2E9D08A3E4B}.Release|Any CPU.Build.0 = Release|Any CPU
		{0F0A4607-A53E-4147-9D36-C2E9D08A3E4B}.Release|x64.ActiveCfg = Release|Any CPU
		{0F0A4607-A53E-4147-9D36-C2E9D08A3E4B}.Release|x64.Build.0 = Release|Any CPU
		{0F0A4607-A53E-4147-9D36-C2E9D08A3E4B}.Release|x86.ActiveCfg = Release|Any CPU
		{0F0A4607-A53E-4147-9D36-C2E9D08A3E4B}.Release|x86.Build.0 = Release|Any CPU
		{01D1414A-FFDA-4B75-BE73-5155488A6926}.Debug|Any CPU.ActiveCfg = Debug|Any CPU
		{01D1414A-FFDA-4B75-BE73-5155488A6926}.Debug|Any CPU.Build.0 = Debug|Any CPU
		{01D1414A-FFDA-4B75-BE73-5155488A6926}.Debug|x64.ActiveCfg = Debug|Any CPU
		{01D1414A-FFDA-4B75-BE73-5155488A6926}.Debug|x64.Build.0 = Debug|Any CPU
		{01D1414A-FFDA-4B75-BE73-5155488A6926}.Debug|x86.ActiveCfg = Debug|Any CPU
		{01D1414A-FFDA-4B75-BE73-5155488A6926}.Debug|x86.Build.0 = Debug|Any CPU
		{01D1414A-FFDA-4B75-BE73-5155488A6926}.Release|Any CPU.ActiveCfg = Release|Any CPU
		{01D1414A-FFDA-4B75-BE73-5155488A6926}.Release|Any CPU.Build.0 = Release|Any CPU
		{01D1414A-FFDA-4B75-BE73-5155488A6926}.Release|x64.ActiveCfg = Release|Any CPU
		{01D1414A-FFDA-4B75-BE73-5155488A6926}.Release|x64.Build.0 = Release|Any CPU
		{01D1414A-FFDA-4B75-BE73-5155488A6926}.Release|x86.ActiveCfg = Release|Any CPU
		{01D1414A-FFDA-4B75-BE73-5155488A6926}.Release|x86.Build.0 = Release|Any CPU
		{61C0096E-065F-4474-8E73-A8C0963305BA}.Debug|Any CPU.ActiveCfg = Debug|Any CPU
		{61C0096E-065F-4474-8E73-A8C0963305BA}.Debug|Any CPU.Build.0 = Debug|Any CPU
		{61C0096E-065F-4474-8E73-A8C0963305BA}.Debug|x64.ActiveCfg = Debug|Any CPU
		{61C0096E-065F-4474-8E73-A8C0963305BA}.Debug|x64.Build.0 = Debug|Any CPU
		{61C0096E-065F-4474-8E73-A8C0963305BA}.Debug|x86.ActiveCfg = Debug|Any CPU
		{61C0096E-065F-4474-8E73-A8C0963305BA}.Debug|x86.Build.0 = Debug|Any CPU
		{61C0096E-065F-4474-8E73-A8C0963305BA}.Release|Any CPU.ActiveCfg = Release|Any CPU
		{61C0096E-065F-4474-8E73-A8C0963305BA}.Release|Any CPU.Build.0 = Release|Any CPU
		{61C0096E-065F-4474-8E73-A8C0963305BA}.Release|x64.ActiveCfg = Release|Any CPU
		{61C0096E-065F-4474-8E73-A8C0963305BA}.Release|x64.Build.0 = Release|Any CPU
		{61C0096E-065F-4474-8E73-A8C0963305BA}.Release|x86.ActiveCfg = Release|Any CPU
		{61C0096E-065F-4474-8E73-A8C0963305BA}.Release|x86.Build.0 = Release|Any CPU
		{4FCED63F-8B82-414A-8F75-4C34383485DB}.Debug|Any CPU.ActiveCfg = Debug|Any CPU
		{4FCED63F-8B82-414A-8F75-4C34383485DB}.Debug|Any CPU.Build.0 = Debug|Any CPU
		{4FCED63F-8B82-414A-8F75-4C34383485DB}.Debug|x64.ActiveCfg = Debug|Any CPU
		{4FCED63F-8B82-414A-8F75-4C34383485DB}.Debug|x64.Build.0 = Debug|Any CPU
		{4FCED63F-8B82-414A-8F75-4C34383485DB}.Debug|x86.ActiveCfg = Debug|Any CPU
		{4FCED63F-8B82-414A-8F75-4C34383485DB}.Debug|x86.Build.0 = Debug|Any CPU
		{4FCED63F-8B82-414A-8F75-4C34383485DB}.Release|Any CPU.ActiveCfg = Release|Any CPU
		{4FCED63F-8B82-414A-8F75-4C34383485DB}.Release|Any CPU.Build.0 = Release|Any CPU
		{4FCED63F-8B82-414A-8F75-4C34383485DB}.Release|x64.ActiveCfg = Release|Any CPU
		{4FCED63F-8B82-414A-8F75-4C34383485DB}.Release|x64.Build.0 = Release|Any CPU
		{4FCED63F-8B82-414A-8F75-4C34383485DB}.Release|x86.ActiveCfg = Release|Any CPU
		{4FCED63F-8B82-414A-8F75-4C34383485DB}.Release|x86.Build.0 = Release|Any CPU
		{9D93D064-2754-4D65-A3EB-5B6D5D8A4D25}.Debug|Any CPU.ActiveCfg = Debug|Any CPU
		{9D93D064-2754-4D65-A3EB-5B6D5D8A4D25}.Debug|Any CPU.Build.0 = Debug|Any CPU
		{9D93D064-2754-4D65-A3EB-5B6D5D8A4D25}.Debug|x64.ActiveCfg = Debug|Any CPU
		{9D93D064-2754-4D65-A3EB-5B6D5D8A4D25}.Debug|x64.Build.0 = Debug|Any CPU
		{9D93D064-2754-4D65-A3EB-5B6D5D8A4D25}.Debug|x86.ActiveCfg = Debug|Any CPU
		{9D93D064-2754-4D65-A3EB-5B6D5D8A4D25}.Debug|x86.Build.0 = Debug|Any CPU
		{9D93D064-2754-4D65-A3EB-5B6D5D8A4D25}.Release|Any CPU.ActiveCfg = Release|Any CPU
		{9D93D064-2754-4D65-A3EB-5B6D5D8A4D25}.Release|Any CPU.Build.0 = Release|Any CPU
		{9D93D064-2754-4D65-A3EB-5B6D5D8A4D25}.Release|x64.ActiveCfg = Release|Any CPU
		{9D93D064-2754-4D65-A3EB-5B6D5D8A4D25}.Release|x64.Build.0 = Release|Any CPU
		{9D93D064-2754-4D65-A3EB-5B6D5D8A4D25}.Release|x86.ActiveCfg = Release|Any CPU
		{9D93D064-2754-4D65-A3EB-5B6D5D8A4D25}.Release|x86.Build.0 = Release|Any CPU
		{2D3E51A7-E08A-4ADA-AADD-9102B2862056}.Debug|Any CPU.ActiveCfg = Debug|Any CPU
		{2D3E51A7-E08A-4ADA-AADD-9102B2862056}.Debug|Any CPU.Build.0 = Debug|Any CPU
		{2D3E51A7-E08A-4ADA-AADD-9102B2862056}.Debug|x64.ActiveCfg = Debug|Any CPU
		{2D3E51A7-E08A-4ADA-AADD-9102B2862056}.Debug|x64.Build.0 = Debug|Any CPU
		{2D3E51A7-E08A-4ADA-AADD-9102B2862056}.Debug|x86.ActiveCfg = Debug|Any CPU
		{2D3E51A7-E08A-4ADA-AADD-9102B2862056}.Debug|x86.Build.0 = Debug|Any CPU
		{2D3E51A7-E08A-4ADA-AADD-9102B2862056}.Release|Any CPU.ActiveCfg = Release|Any CPU
		{2D3E51A7-E08A-4ADA-AADD-9102B2862056}.Release|Any CPU.Build.0 = Release|Any CPU
		{2D3E51A7-E08A-4ADA-AADD-9102B2862056}.Release|x64.ActiveCfg = Release|Any CPU
		{2D3E51A7-E08A-4ADA-AADD-9102B2862056}.Release|x64.Build.0 = Release|Any CPU
		{2D3E51A7-E08A-4ADA-AADD-9102B2862056}.Release|x86.ActiveCfg = Release|Any CPU
		{2D3E51A7-E08A-4ADA-AADD-9102B2862056}.Release|x86.Build.0 = Release|Any CPU
		{22AFB2C8-C5EB-416C-8F68-C2338EFAC5B5}.Debug|Any CPU.ActiveCfg = Debug|Any CPU
		{22AFB2C8-C5EB-416C-8F68-C2338EFAC5B5}.Debug|Any CPU.Build.0 = Debug|Any CPU
		{22AFB2C8-C5EB-416C-8F68-C2338EFAC5B5}.Debug|x64.ActiveCfg = Debug|Any CPU
		{22AFB2C8-C5EB-416C-8F68-C2338EFAC5B5}.Debug|x64.Build.0 = Debug|Any CPU
		{22AFB2C8-C5EB-416C-8F68-C2338EFAC5B5}.Debug|x86.ActiveCfg = Debug|Any CPU
		{22AFB2C8-C5EB-416C-8F68-C2338EFAC5B5}.Debug|x86.Build.0 = Debug|Any CPU
		{22AFB2C8-C5EB-416C-8F68-C2338EFAC5B5}.Release|Any CPU.ActiveCfg = Release|Any CPU
		{22AFB2C8-C5EB-416C-8F68-C2338EFAC5B5}.Release|Any CPU.Build.0 = Release|Any CPU
		{22AFB2C8-C5EB-416C-8F68-C2338EFAC5B5}.Release|x64.ActiveCfg = Release|Any CPU
		{22AFB2C8-C5EB-416C-8F68-C2338EFAC5B5}.Release|x64.Build.0 = Release|Any CPU
		{22AFB2C8-C5EB-416C-8F68-C2338EFAC5B5}.Release|x86.ActiveCfg = Release|Any CPU
		{22AFB2C8-C5EB-416C-8F68-C2338EFAC5B5}.Release|x86.Build.0 = Release|Any CPU
		{06A44896-D858-4CD1-A221-E2206D4BB819}.Debug|Any CPU.ActiveCfg = Debug|Any CPU
		{06A44896-D858-4CD1-A221-E2206D4BB819}.Debug|Any CPU.Build.0 = Debug|Any CPU
		{06A44896-D858-4CD1-A221-E2206D4BB819}.Debug|x64.ActiveCfg = Debug|Any CPU
		{06A44896-D858-4CD1-A221-E2206D4BB819}.Debug|x64.Build.0 = Debug|Any CPU
		{06A44896-D858-4CD1-A221-E2206D4BB819}.Debug|x86.ActiveCfg = Debug|Any CPU
		{06A44896-D858-4CD1-A221-E2206D4BB819}.Debug|x86.Build.0 = Debug|Any CPU
		{06A44896-D858-4CD1-A221-E2206D4BB819}.Release|Any CPU.ActiveCfg = Release|Any CPU
		{06A44896-D858-4CD1-A221-E2206D4BB819}.Release|Any CPU.Build.0 = Release|Any CPU
		{06A44896-D858-4CD1-A221-E2206D4BB819}.Release|x64.ActiveCfg = Release|Any CPU
		{06A44896-D858-4CD1-A221-E2206D4BB819}.Release|x64.Build.0 = Release|Any CPU
		{06A44896-D858-4CD1-A221-E2206D4BB819}.Release|x86.ActiveCfg = Release|Any CPU
		{06A44896-D858-4CD1-A221-E2206D4BB819}.Release|x86.Build.0 = Release|Any CPU
		{BE9D7A9D-B453-49EB-A014-1ABF762E7240}.Debug|Any CPU.ActiveCfg = Debug|Any CPU
		{BE9D7A9D-B453-49EB-A014-1ABF762E7240}.Debug|Any CPU.Build.0 = Debug|Any CPU
		{BE9D7A9D-B453-49EB-A014-1ABF762E7240}.Debug|x64.ActiveCfg = Debug|Any CPU
		{BE9D7A9D-B453-49EB-A014-1ABF762E7240}.Debug|x64.Build.0 = Debug|Any CPU
		{BE9D7A9D-B453-49EB-A014-1ABF762E7240}.Debug|x86.ActiveCfg = Debug|Any CPU
		{BE9D7A9D-B453-49EB-A014-1ABF762E7240}.Debug|x86.Build.0 = Debug|Any CPU
		{BE9D7A9D-B453-49EB-A014-1ABF762E7240}.Release|Any CPU.ActiveCfg = Release|Any CPU
		{BE9D7A9D-B453-49EB-A014-1ABF762E7240}.Release|Any CPU.Build.0 = Release|Any CPU
		{BE9D7A9D-B453-49EB-A014-1ABF762E7240}.Release|x64.ActiveCfg = Release|Any CPU
		{BE9D7A9D-B453-49EB-A014-1ABF762E7240}.Release|x64.Build.0 = Release|Any CPU
		{BE9D7A9D-B453-49EB-A014-1ABF762E7240}.Release|x86.ActiveCfg = Release|Any CPU
		{BE9D7A9D-B453-49EB-A014-1ABF762E7240}.Release|x86.Build.0 = Release|Any CPU
		{96195BFC-996C-4D8F-BEE7-ACFC87A54CDD}.Debug|Any CPU.ActiveCfg = Debug|Any CPU
		{96195BFC-996C-4D8F-BEE7-ACFC87A54CDD}.Debug|Any CPU.Build.0 = Debug|Any CPU
		{96195BFC-996C-4D8F-BEE7-ACFC87A54CDD}.Debug|x64.ActiveCfg = Debug|Any CPU
		{96195BFC-996C-4D8F-BEE7-ACFC87A54CDD}.Debug|x64.Build.0 = Debug|Any CPU
		{96195BFC-996C-4D8F-BEE7-ACFC87A54CDD}.Debug|x86.ActiveCfg = Debug|Any CPU
		{96195BFC-996C-4D8F-BEE7-ACFC87A54CDD}.Debug|x86.Build.0 = Debug|Any CPU
		{96195BFC-996C-4D8F-BEE7-ACFC87A54CDD}.Release|Any CPU.ActiveCfg = Release|Any CPU
		{96195BFC-996C-4D8F-BEE7-ACFC87A54CDD}.Release|Any CPU.Build.0 = Release|Any CPU
		{96195BFC-996C-4D8F-BEE7-ACFC87A54CDD}.Release|x64.ActiveCfg = Release|Any CPU
		{96195BFC-996C-4D8F-BEE7-ACFC87A54CDD}.Release|x64.Build.0 = Release|Any CPU
		{96195BFC-996C-4D8F-BEE7-ACFC87A54CDD}.Release|x86.ActiveCfg = Release|Any CPU
		{96195BFC-996C-4D8F-BEE7-ACFC87A54CDD}.Release|x86.Build.0 = Release|Any CPU
		{E3D9E638-BBC4-446C-B18F-EB7E09F5E5BC}.Debug|Any CPU.ActiveCfg = Debug|Any CPU
		{E3D9E638-BBC4-446C-B18F-EB7E09F5E5BC}.Debug|Any CPU.Build.0 = Debug|Any CPU
		{E3D9E638-BBC4-446C-B18F-EB7E09F5E5BC}.Debug|x64.ActiveCfg = Debug|Any CPU
		{E3D9E638-BBC4-446C-B18F-EB7E09F5E5BC}.Debug|x64.Build.0 = Debug|Any CPU
		{E3D9E638-BBC4-446C-B18F-EB7E09F5E5BC}.Debug|x86.ActiveCfg = Debug|Any CPU
		{E3D9E638-BBC4-446C-B18F-EB7E09F5E5BC}.Debug|x86.Build.0 = Debug|Any CPU
		{E3D9E638-BBC4-446C-B18F-EB7E09F5E5BC}.Release|Any CPU.ActiveCfg = Release|Any CPU
		{E3D9E638-BBC4-446C-B18F-EB7E09F5E5BC}.Release|Any CPU.Build.0 = Release|Any CPU
		{E3D9E638-BBC4-446C-B18F-EB7E09F5E5BC}.Release|x64.ActiveCfg = Release|Any CPU
		{E3D9E638-BBC4-446C-B18F-EB7E09F5E5BC}.Release|x64.Build.0 = Release|Any CPU
		{E3D9E638-BBC4-446C-B18F-EB7E09F5E5BC}.Release|x86.ActiveCfg = Release|Any CPU
		{E3D9E638-BBC4-446C-B18F-EB7E09F5E5BC}.Release|x86.Build.0 = Release|Any CPU
		{4F5C53E0-BBA6-4737-A959-B098B738A572}.Debug|Any CPU.ActiveCfg = Debug|Any CPU
		{4F5C53E0-BBA6-4737-A959-B098B738A572}.Debug|Any CPU.Build.0 = Debug|Any CPU
		{4F5C53E0-BBA6-4737-A959-B098B738A572}.Debug|x64.ActiveCfg = Debug|Any CPU
		{4F5C53E0-BBA6-4737-A959-B098B738A572}.Debug|x64.Build.0 = Debug|Any CPU
		{4F5C53E0-BBA6-4737-A959-B098B738A572}.Debug|x86.ActiveCfg = Debug|Any CPU
		{4F5C53E0-BBA6-4737-A959-B098B738A572}.Debug|x86.Build.0 = Debug|Any CPU
		{4F5C53E0-BBA6-4737-A959-B098B738A572}.Release|Any CPU.ActiveCfg = Release|Any CPU
		{4F5C53E0-BBA6-4737-A959-B098B738A572}.Release|Any CPU.Build.0 = Release|Any CPU
		{4F5C53E0-BBA6-4737-A959-B098B738A572}.Release|x64.ActiveCfg = Release|Any CPU
		{4F5C53E0-BBA6-4737-A959-B098B738A572}.Release|x64.Build.0 = Release|Any CPU
		{4F5C53E0-BBA6-4737-A959-B098B738A572}.Release|x86.ActiveCfg = Release|Any CPU
		{4F5C53E0-BBA6-4737-A959-B098B738A572}.Release|x86.Build.0 = Release|Any CPU
		{86C6705B-F850-4DF1-95BD-5753CD15C795}.Debug|Any CPU.ActiveCfg = Debug|Any CPU
		{86C6705B-F850-4DF1-95BD-5753CD15C795}.Debug|Any CPU.Build.0 = Debug|Any CPU
		{86C6705B-F850-4DF1-95BD-5753CD15C795}.Debug|x64.ActiveCfg = Debug|Any CPU
		{86C6705B-F850-4DF1-95BD-5753CD15C795}.Debug|x64.Build.0 = Debug|Any CPU
		{86C6705B-F850-4DF1-95BD-5753CD15C795}.Debug|x86.ActiveCfg = Debug|Any CPU
		{86C6705B-F850-4DF1-95BD-5753CD15C795}.Debug|x86.Build.0 = Debug|Any CPU
		{86C6705B-F850-4DF1-95BD-5753CD15C795}.Release|Any CPU.ActiveCfg = Release|Any CPU
		{86C6705B-F850-4DF1-95BD-5753CD15C795}.Release|Any CPU.Build.0 = Release|Any CPU
		{86C6705B-F850-4DF1-95BD-5753CD15C795}.Release|x64.ActiveCfg = Release|Any CPU
		{86C6705B-F850-4DF1-95BD-5753CD15C795}.Release|x64.Build.0 = Release|Any CPU
		{86C6705B-F850-4DF1-95BD-5753CD15C795}.Release|x86.ActiveCfg = Release|Any CPU
		{86C6705B-F850-4DF1-95BD-5753CD15C795}.Release|x86.Build.0 = Release|Any CPU
		{994CCED4-6AA1-4166-BB9B-121736C715DE}.Debug|Any CPU.ActiveCfg = Debug|Any CPU
		{994CCED4-6AA1-4166-BB9B-121736C715DE}.Debug|Any CPU.Build.0 = Debug|Any CPU
		{994CCED4-6AA1-4166-BB9B-121736C715DE}.Debug|x64.ActiveCfg = Debug|Any CPU
		{994CCED4-6AA1-4166-BB9B-121736C715DE}.Debug|x64.Build.0 = Debug|Any CPU
		{994CCED4-6AA1-4166-BB9B-121736C715DE}.Debug|x86.ActiveCfg = Debug|Any CPU
		{994CCED4-6AA1-4166-BB9B-121736C715DE}.Debug|x86.Build.0 = Debug|Any CPU
		{994CCED4-6AA1-4166-BB9B-121736C715DE}.Release|Any CPU.ActiveCfg = Release|Any CPU
		{994CCED4-6AA1-4166-BB9B-121736C715DE}.Release|Any CPU.Build.0 = Release|Any CPU
		{994CCED4-6AA1-4166-BB9B-121736C715DE}.Release|x64.ActiveCfg = Release|Any CPU
		{994CCED4-6AA1-4166-BB9B-121736C715DE}.Release|x64.Build.0 = Release|Any CPU
		{994CCED4-6AA1-4166-BB9B-121736C715DE}.Release|x86.ActiveCfg = Release|Any CPU
		{994CCED4-6AA1-4166-BB9B-121736C715DE}.Release|x86.Build.0 = Release|Any CPU
		{5F754C54-528B-45E3-9063-5E0F17BC1D47}.Debug|Any CPU.ActiveCfg = Debug|Any CPU
		{5F754C54-528B-45E3-9063-5E0F17BC1D47}.Debug|Any CPU.Build.0 = Debug|Any CPU
		{5F754C54-528B-45E3-9063-5E0F17BC1D47}.Debug|x64.ActiveCfg = Debug|Any CPU
		{5F754C54-528B-45E3-9063-5E0F17BC1D47}.Debug|x64.Build.0 = Debug|Any CPU
		{5F754C54-528B-45E3-9063-5E0F17BC1D47}.Debug|x86.ActiveCfg = Debug|Any CPU
		{5F754C54-528B-45E3-9063-5E0F17BC1D47}.Debug|x86.Build.0 = Debug|Any CPU
		{5F754C54-528B-45E3-9063-5E0F17BC1D47}.Release|Any CPU.ActiveCfg = Release|Any CPU
		{5F754C54-528B-45E3-9063-5E0F17BC1D47}.Release|Any CPU.Build.0 = Release|Any CPU
		{5F754C54-528B-45E3-9063-5E0F17BC1D47}.Release|x64.ActiveCfg = Release|Any CPU
		{5F754C54-528B-45E3-9063-5E0F17BC1D47}.Release|x64.Build.0 = Release|Any CPU
		{5F754C54-528B-45E3-9063-5E0F17BC1D47}.Release|x86.ActiveCfg = Release|Any CPU
		{5F754C54-528B-45E3-9063-5E0F17BC1D47}.Release|x86.Build.0 = Release|Any CPU
		{F923D756-D782-4421-809D-011995A1571B}.Debug|Any CPU.ActiveCfg = Debug|Any CPU
		{F923D756-D782-4421-809D-011995A1571B}.Debug|Any CPU.Build.0 = Debug|Any CPU
		{F923D756-D782-4421-809D-011995A1571B}.Debug|x64.ActiveCfg = Debug|Any CPU
		{F923D756-D782-4421-809D-011995A1571B}.Debug|x64.Build.0 = Debug|Any CPU
		{F923D756-D782-4421-809D-011995A1571B}.Debug|x86.ActiveCfg = Debug|Any CPU
		{F923D756-D782-4421-809D-011995A1571B}.Debug|x86.Build.0 = Debug|Any CPU
		{F923D756-D782-4421-809D-011995A1571B}.Release|Any CPU.ActiveCfg = Release|Any CPU
		{F923D756-D782-4421-809D-011995A1571B}.Release|Any CPU.Build.0 = Release|Any CPU
		{F923D756-D782-4421-809D-011995A1571B}.Release|x64.ActiveCfg = Release|Any CPU
		{F923D756-D782-4421-809D-011995A1571B}.Release|x64.Build.0 = Release|Any CPU
		{F923D756-D782-4421-809D-011995A1571B}.Release|x86.ActiveCfg = Release|Any CPU
		{F923D756-D782-4421-809D-011995A1571B}.Release|x86.Build.0 = Release|Any CPU
		{A3C0C175-9C11-44E8-BC46-9FF0E05322CB}.Debug|Any CPU.ActiveCfg = Debug|Any CPU
		{A3C0C175-9C11-44E8-BC46-9FF0E05322CB}.Debug|Any CPU.Build.0 = Debug|Any CPU
		{A3C0C175-9C11-44E8-BC46-9FF0E05322CB}.Debug|x64.ActiveCfg = Debug|Any CPU
		{A3C0C175-9C11-44E8-BC46-9FF0E05322CB}.Debug|x64.Build.0 = Debug|Any CPU
		{A3C0C175-9C11-44E8-BC46-9FF0E05322CB}.Debug|x86.ActiveCfg = Debug|Any CPU
		{A3C0C175-9C11-44E8-BC46-9FF0E05322CB}.Debug|x86.Build.0 = Debug|Any CPU
		{A3C0C175-9C11-44E8-BC46-9FF0E05322CB}.Release|Any CPU.ActiveCfg = Release|Any CPU
		{A3C0C175-9C11-44E8-BC46-9FF0E05322CB}.Release|Any CPU.Build.0 = Release|Any CPU
		{A3C0C175-9C11-44E8-BC46-9FF0E05322CB}.Release|x64.ActiveCfg = Release|Any CPU
		{A3C0C175-9C11-44E8-BC46-9FF0E05322CB}.Release|x64.Build.0 = Release|Any CPU
		{A3C0C175-9C11-44E8-BC46-9FF0E05322CB}.Release|x86.ActiveCfg = Release|Any CPU
		{A3C0C175-9C11-44E8-BC46-9FF0E05322CB}.Release|x86.Build.0 = Release|Any CPU
		{A4C00D33-DED0-4729-98F6-CDD3C70D0B0D}.Debug|Any CPU.ActiveCfg = Debug|Any CPU
		{A4C00D33-DED0-4729-98F6-CDD3C70D0B0D}.Debug|Any CPU.Build.0 = Debug|Any CPU
		{A4C00D33-DED0-4729-98F6-CDD3C70D0B0D}.Debug|x64.ActiveCfg = Debug|Any CPU
		{A4C00D33-DED0-4729-98F6-CDD3C70D0B0D}.Debug|x64.Build.0 = Debug|Any CPU
		{A4C00D33-DED0-4729-98F6-CDD3C70D0B0D}.Debug|x86.ActiveCfg = Debug|Any CPU
		{A4C00D33-DED0-4729-98F6-CDD3C70D0B0D}.Debug|x86.Build.0 = Debug|Any CPU
		{A4C00D33-DED0-4729-98F6-CDD3C70D0B0D}.Release|Any CPU.ActiveCfg = Release|Any CPU
		{A4C00D33-DED0-4729-98F6-CDD3C70D0B0D}.Release|Any CPU.Build.0 = Release|Any CPU
		{A4C00D33-DED0-4729-98F6-CDD3C70D0B0D}.Release|x64.ActiveCfg = Release|Any CPU
		{A4C00D33-DED0-4729-98F6-CDD3C70D0B0D}.Release|x64.Build.0 = Release|Any CPU
		{A4C00D33-DED0-4729-98F6-CDD3C70D0B0D}.Release|x86.ActiveCfg = Release|Any CPU
		{A4C00D33-DED0-4729-98F6-CDD3C70D0B0D}.Release|x86.Build.0 = Release|Any CPU
		{596C541C-B7F3-467A-B61B-6E9E5B8FC08E}.Debug|Any CPU.ActiveCfg = Debug|Any CPU
		{596C541C-B7F3-467A-B61B-6E9E5B8FC08E}.Debug|Any CPU.Build.0 = Debug|Any CPU
		{596C541C-B7F3-467A-B61B-6E9E5B8FC08E}.Debug|x64.ActiveCfg = Debug|Any CPU
		{596C541C-B7F3-467A-B61B-6E9E5B8FC08E}.Debug|x64.Build.0 = Debug|Any CPU
		{596C541C-B7F3-467A-B61B-6E9E5B8FC08E}.Debug|x86.ActiveCfg = Debug|Any CPU
		{596C541C-B7F3-467A-B61B-6E9E5B8FC08E}.Debug|x86.Build.0 = Debug|Any CPU
		{596C541C-B7F3-467A-B61B-6E9E5B8FC08E}.Release|Any CPU.ActiveCfg = Release|Any CPU
		{596C541C-B7F3-467A-B61B-6E9E5B8FC08E}.Release|Any CPU.Build.0 = Release|Any CPU
		{596C541C-B7F3-467A-B61B-6E9E5B8FC08E}.Release|x64.ActiveCfg = Release|Any CPU
		{596C541C-B7F3-467A-B61B-6E9E5B8FC08E}.Release|x64.Build.0 = Release|Any CPU
		{596C541C-B7F3-467A-B61B-6E9E5B8FC08E}.Release|x86.ActiveCfg = Release|Any CPU
		{596C541C-B7F3-467A-B61B-6E9E5B8FC08E}.Release|x86.Build.0 = Release|Any CPU
		{8C379E6E-4026-4E69-A410-C1F63F9AEEBE}.Debug|Any CPU.ActiveCfg = Debug|Any CPU
		{8C379E6E-4026-4E69-A410-C1F63F9AEEBE}.Debug|Any CPU.Build.0 = Debug|Any CPU
		{8C379E6E-4026-4E69-A410-C1F63F9AEEBE}.Debug|x64.ActiveCfg = Debug|Any CPU
		{8C379E6E-4026-4E69-A410-C1F63F9AEEBE}.Debug|x64.Build.0 = Debug|Any CPU
		{8C379E6E-4026-4E69-A410-C1F63F9AEEBE}.Debug|x86.ActiveCfg = Debug|Any CPU
		{8C379E6E-4026-4E69-A410-C1F63F9AEEBE}.Debug|x86.Build.0 = Debug|Any CPU
		{8C379E6E-4026-4E69-A410-C1F63F9AEEBE}.Release|Any CPU.ActiveCfg = Release|Any CPU
		{8C379E6E-4026-4E69-A410-C1F63F9AEEBE}.Release|Any CPU.Build.0 = Release|Any CPU
		{8C379E6E-4026-4E69-A410-C1F63F9AEEBE}.Release|x64.ActiveCfg = Release|Any CPU
		{8C379E6E-4026-4E69-A410-C1F63F9AEEBE}.Release|x64.Build.0 = Release|Any CPU
		{8C379E6E-4026-4E69-A410-C1F63F9AEEBE}.Release|x86.ActiveCfg = Release|Any CPU
		{8C379E6E-4026-4E69-A410-C1F63F9AEEBE}.Release|x86.Build.0 = Release|Any CPU
		{241F14C7-EE16-4827-8D7E-218E1EB90ECF}.Debug|Any CPU.ActiveCfg = Debug|Any CPU
		{241F14C7-EE16-4827-8D7E-218E1EB90ECF}.Debug|Any CPU.Build.0 = Debug|Any CPU
		{241F14C7-EE16-4827-8D7E-218E1EB90ECF}.Debug|x64.ActiveCfg = Debug|Any CPU
		{241F14C7-EE16-4827-8D7E-218E1EB90ECF}.Debug|x64.Build.0 = Debug|Any CPU
		{241F14C7-EE16-4827-8D7E-218E1EB90ECF}.Debug|x86.ActiveCfg = Debug|Any CPU
		{241F14C7-EE16-4827-8D7E-218E1EB90ECF}.Debug|x86.Build.0 = Debug|Any CPU
		{241F14C7-EE16-4827-8D7E-218E1EB90ECF}.Release|Any CPU.ActiveCfg = Release|Any CPU
		{241F14C7-EE16-4827-8D7E-218E1EB90ECF}.Release|Any CPU.Build.0 = Release|Any CPU
		{241F14C7-EE16-4827-8D7E-218E1EB90ECF}.Release|x64.ActiveCfg = Release|Any CPU
		{241F14C7-EE16-4827-8D7E-218E1EB90ECF}.Release|x64.Build.0 = Release|Any CPU
		{241F14C7-EE16-4827-8D7E-218E1EB90ECF}.Release|x86.ActiveCfg = Release|Any CPU
		{241F14C7-EE16-4827-8D7E-218E1EB90ECF}.Release|x86.Build.0 = Release|Any CPU
		{D3A2A8D6-CF4D-43EC-AA93-B96D209964E8}.Debug|Any CPU.ActiveCfg = Debug|Any CPU
		{D3A2A8D6-CF4D-43EC-AA93-B96D209964E8}.Debug|Any CPU.Build.0 = Debug|Any CPU
		{D3A2A8D6-CF4D-43EC-AA93-B96D209964E8}.Debug|x64.ActiveCfg = Debug|Any CPU
		{D3A2A8D6-CF4D-43EC-AA93-B96D209964E8}.Debug|x64.Build.0 = Debug|Any CPU
		{D3A2A8D6-CF4D-43EC-AA93-B96D209964E8}.Debug|x86.ActiveCfg = Debug|Any CPU
		{D3A2A8D6-CF4D-43EC-AA93-B96D209964E8}.Debug|x86.Build.0 = Debug|Any CPU
		{D3A2A8D6-CF4D-43EC-AA93-B96D209964E8}.Release|Any CPU.ActiveCfg = Release|Any CPU
		{D3A2A8D6-CF4D-43EC-AA93-B96D209964E8}.Release|Any CPU.Build.0 = Release|Any CPU
		{D3A2A8D6-CF4D-43EC-AA93-B96D209964E8}.Release|x64.ActiveCfg = Release|Any CPU
		{D3A2A8D6-CF4D-43EC-AA93-B96D209964E8}.Release|x64.Build.0 = Release|Any CPU
		{D3A2A8D6-CF4D-43EC-AA93-B96D209964E8}.Release|x86.ActiveCfg = Release|Any CPU
		{D3A2A8D6-CF4D-43EC-AA93-B96D209964E8}.Release|x86.Build.0 = Release|Any CPU
		{5A478C2B-1705-41A7-AED3-AE219CC067E5}.Debug|Any CPU.ActiveCfg = Debug|Any CPU
		{5A478C2B-1705-41A7-AED3-AE219CC067E5}.Debug|Any CPU.Build.0 = Debug|Any CPU
		{5A478C2B-1705-41A7-AED3-AE219CC067E5}.Debug|x64.ActiveCfg = Debug|Any CPU
		{5A478C2B-1705-41A7-AED3-AE219CC067E5}.Debug|x64.Build.0 = Debug|Any CPU
		{5A478C2B-1705-41A7-AED3-AE219CC067E5}.Debug|x86.ActiveCfg = Debug|Any CPU
		{5A478C2B-1705-41A7-AED3-AE219CC067E5}.Debug|x86.Build.0 = Debug|Any CPU
		{5A478C2B-1705-41A7-AED3-AE219CC067E5}.Release|Any CPU.ActiveCfg = Release|Any CPU
		{5A478C2B-1705-41A7-AED3-AE219CC067E5}.Release|Any CPU.Build.0 = Release|Any CPU
		{5A478C2B-1705-41A7-AED3-AE219CC067E5}.Release|x64.ActiveCfg = Release|Any CPU
		{5A478C2B-1705-41A7-AED3-AE219CC067E5}.Release|x64.Build.0 = Release|Any CPU
		{5A478C2B-1705-41A7-AED3-AE219CC067E5}.Release|x86.ActiveCfg = Release|Any CPU
		{5A478C2B-1705-41A7-AED3-AE219CC067E5}.Release|x86.Build.0 = Release|Any CPU
		{C1A2A07D-10B7-440A-B2D2-7BDF0D903923}.Debug|Any CPU.ActiveCfg = Debug|Any CPU
		{C1A2A07D-10B7-440A-B2D2-7BDF0D903923}.Debug|Any CPU.Build.0 = Debug|Any CPU
		{C1A2A07D-10B7-440A-B2D2-7BDF0D903923}.Debug|x64.ActiveCfg = Debug|Any CPU
		{C1A2A07D-10B7-440A-B2D2-7BDF0D903923}.Debug|x64.Build.0 = Debug|Any CPU
		{C1A2A07D-10B7-440A-B2D2-7BDF0D903923}.Debug|x86.ActiveCfg = Debug|Any CPU
		{C1A2A07D-10B7-440A-B2D2-7BDF0D903923}.Debug|x86.Build.0 = Debug|Any CPU
		{C1A2A07D-10B7-440A-B2D2-7BDF0D903923}.Release|Any CPU.ActiveCfg = Release|Any CPU
		{C1A2A07D-10B7-440A-B2D2-7BDF0D903923}.Release|Any CPU.Build.0 = Release|Any CPU
		{C1A2A07D-10B7-440A-B2D2-7BDF0D903923}.Release|x64.ActiveCfg = Release|Any CPU
		{C1A2A07D-10B7-440A-B2D2-7BDF0D903923}.Release|x64.Build.0 = Release|Any CPU
		{C1A2A07D-10B7-440A-B2D2-7BDF0D903923}.Release|x86.ActiveCfg = Release|Any CPU
		{C1A2A07D-10B7-440A-B2D2-7BDF0D903923}.Release|x86.Build.0 = Release|Any CPU
		{BD11D5E8-EA6D-40E0-823B-B3F5F5C9B493}.Debug|Any CPU.ActiveCfg = Debug|Any CPU
		{BD11D5E8-EA6D-40E0-823B-B3F5F5C9B493}.Debug|Any CPU.Build.0 = Debug|Any CPU
		{BD11D5E8-EA6D-40E0-823B-B3F5F5C9B493}.Debug|x64.ActiveCfg = Debug|Any CPU
		{BD11D5E8-EA6D-40E0-823B-B3F5F5C9B493}.Debug|x64.Build.0 = Debug|Any CPU
		{BD11D5E8-EA6D-40E0-823B-B3F5F5C9B493}.Debug|x86.ActiveCfg = Debug|Any CPU
		{BD11D5E8-EA6D-40E0-823B-B3F5F5C9B493}.Debug|x86.Build.0 = Debug|Any CPU
		{BD11D5E8-EA6D-40E0-823B-B3F5F5C9B493}.Release|Any CPU.ActiveCfg = Release|Any CPU
		{BD11D5E8-EA6D-40E0-823B-B3F5F5C9B493}.Release|Any CPU.Build.0 = Release|Any CPU
		{BD11D5E8-EA6D-40E0-823B-B3F5F5C9B493}.Release|x64.ActiveCfg = Release|Any CPU
		{BD11D5E8-EA6D-40E0-823B-B3F5F5C9B493}.Release|x64.Build.0 = Release|Any CPU
		{BD11D5E8-EA6D-40E0-823B-B3F5F5C9B493}.Release|x86.ActiveCfg = Release|Any CPU
		{BD11D5E8-EA6D-40E0-823B-B3F5F5C9B493}.Release|x86.Build.0 = Release|Any CPU
		{95B7A9C9-8085-4A7B-B3A7-A734A0ED17F6}.Debug|Any CPU.ActiveCfg = Debug|Any CPU
		{95B7A9C9-8085-4A7B-B3A7-A734A0ED17F6}.Debug|Any CPU.Build.0 = Debug|Any CPU
		{95B7A9C9-8085-4A7B-B3A7-A734A0ED17F6}.Debug|x64.ActiveCfg = Debug|Any CPU
		{95B7A9C9-8085-4A7B-B3A7-A734A0ED17F6}.Debug|x64.Build.0 = Debug|Any CPU
		{95B7A9C9-8085-4A7B-B3A7-A734A0ED17F6}.Debug|x86.ActiveCfg = Debug|Any CPU
		{95B7A9C9-8085-4A7B-B3A7-A734A0ED17F6}.Debug|x86.Build.0 = Debug|Any CPU
		{95B7A9C9-8085-4A7B-B3A7-A734A0ED17F6}.Release|Any CPU.ActiveCfg = Release|Any CPU
		{95B7A9C9-8085-4A7B-B3A7-A734A0ED17F6}.Release|Any CPU.Build.0 = Release|Any CPU
		{95B7A9C9-8085-4A7B-B3A7-A734A0ED17F6}.Release|x64.ActiveCfg = Release|Any CPU
		{95B7A9C9-8085-4A7B-B3A7-A734A0ED17F6}.Release|x64.Build.0 = Release|Any CPU
		{95B7A9C9-8085-4A7B-B3A7-A734A0ED17F6}.Release|x86.ActiveCfg = Release|Any CPU
		{95B7A9C9-8085-4A7B-B3A7-A734A0ED17F6}.Release|x86.Build.0 = Release|Any CPU
		{B047B6D4-6121-4CF3-B44F-AA976C99EB2C}.Debug|Any CPU.ActiveCfg = Debug|Any CPU
		{B047B6D4-6121-4CF3-B44F-AA976C99EB2C}.Debug|Any CPU.Build.0 = Debug|Any CPU
		{B047B6D4-6121-4CF3-B44F-AA976C99EB2C}.Debug|x64.ActiveCfg = Debug|Any CPU
		{B047B6D4-6121-4CF3-B44F-AA976C99EB2C}.Debug|x64.Build.0 = Debug|Any CPU
		{B047B6D4-6121-4CF3-B44F-AA976C99EB2C}.Debug|x86.ActiveCfg = Debug|Any CPU
		{B047B6D4-6121-4CF3-B44F-AA976C99EB2C}.Debug|x86.Build.0 = Debug|Any CPU
		{B047B6D4-6121-4CF3-B44F-AA976C99EB2C}.Release|Any CPU.ActiveCfg = Release|Any CPU
		{B047B6D4-6121-4CF3-B44F-AA976C99EB2C}.Release|Any CPU.Build.0 = Release|Any CPU
		{B047B6D4-6121-4CF3-B44F-AA976C99EB2C}.Release|x64.ActiveCfg = Release|Any CPU
		{B047B6D4-6121-4CF3-B44F-AA976C99EB2C}.Release|x64.Build.0 = Release|Any CPU
		{B047B6D4-6121-4CF3-B44F-AA976C99EB2C}.Release|x86.ActiveCfg = Release|Any CPU
		{B047B6D4-6121-4CF3-B44F-AA976C99EB2C}.Release|x86.Build.0 = Release|Any CPU
		{703C03A9-F19C-45D0-8E62-165F411E74DD}.Debug|Any CPU.ActiveCfg = Debug|Any CPU
		{703C03A9-F19C-45D0-8E62-165F411E74DD}.Debug|Any CPU.Build.0 = Debug|Any CPU
		{703C03A9-F19C-45D0-8E62-165F411E74DD}.Debug|x64.ActiveCfg = Debug|Any CPU
		{703C03A9-F19C-45D0-8E62-165F411E74DD}.Debug|x64.Build.0 = Debug|Any CPU
		{703C03A9-F19C-45D0-8E62-165F411E74DD}.Debug|x86.ActiveCfg = Debug|Any CPU
		{703C03A9-F19C-45D0-8E62-165F411E74DD}.Debug|x86.Build.0 = Debug|Any CPU
		{703C03A9-F19C-45D0-8E62-165F411E74DD}.Release|Any CPU.ActiveCfg = Release|Any CPU
		{703C03A9-F19C-45D0-8E62-165F411E74DD}.Release|Any CPU.Build.0 = Release|Any CPU
		{703C03A9-F19C-45D0-8E62-165F411E74DD}.Release|x64.ActiveCfg = Release|Any CPU
		{703C03A9-F19C-45D0-8E62-165F411E74DD}.Release|x64.Build.0 = Release|Any CPU
		{703C03A9-F19C-45D0-8E62-165F411E74DD}.Release|x86.ActiveCfg = Release|Any CPU
		{703C03A9-F19C-45D0-8E62-165F411E74DD}.Release|x86.Build.0 = Release|Any CPU
		{1421407B-D750-4B09-9C11-81FAE3824F9C}.Debug|Any CPU.ActiveCfg = Debug|Any CPU
		{1421407B-D750-4B09-9C11-81FAE3824F9C}.Debug|Any CPU.Build.0 = Debug|Any CPU
		{1421407B-D750-4B09-9C11-81FAE3824F9C}.Debug|x64.ActiveCfg = Debug|Any CPU
		{1421407B-D750-4B09-9C11-81FAE3824F9C}.Debug|x64.Build.0 = Debug|Any CPU
		{1421407B-D750-4B09-9C11-81FAE3824F9C}.Debug|x86.ActiveCfg = Debug|Any CPU
		{1421407B-D750-4B09-9C11-81FAE3824F9C}.Debug|x86.Build.0 = Debug|Any CPU
		{1421407B-D750-4B09-9C11-81FAE3824F9C}.Release|Any CPU.ActiveCfg = Release|Any CPU
		{1421407B-D750-4B09-9C11-81FAE3824F9C}.Release|Any CPU.Build.0 = Release|Any CPU
		{1421407B-D750-4B09-9C11-81FAE3824F9C}.Release|x64.ActiveCfg = Release|Any CPU
		{1421407B-D750-4B09-9C11-81FAE3824F9C}.Release|x64.Build.0 = Release|Any CPU
		{1421407B-D750-4B09-9C11-81FAE3824F9C}.Release|x86.ActiveCfg = Release|Any CPU
		{1421407B-D750-4B09-9C11-81FAE3824F9C}.Release|x86.Build.0 = Release|Any CPU
		{70A4D4C5-7151-4EBC-A2DD-2BF256ECA402}.Debug|Any CPU.ActiveCfg = Debug|Any CPU
		{70A4D4C5-7151-4EBC-A2DD-2BF256ECA402}.Debug|Any CPU.Build.0 = Debug|Any CPU
		{70A4D4C5-7151-4EBC-A2DD-2BF256ECA402}.Debug|x64.ActiveCfg = Debug|Any CPU
		{70A4D4C5-7151-4EBC-A2DD-2BF256ECA402}.Debug|x64.Build.0 = Debug|Any CPU
		{70A4D4C5-7151-4EBC-A2DD-2BF256ECA402}.Debug|x86.ActiveCfg = Debug|Any CPU
		{70A4D4C5-7151-4EBC-A2DD-2BF256ECA402}.Debug|x86.Build.0 = Debug|Any CPU
		{70A4D4C5-7151-4EBC-A2DD-2BF256ECA402}.Release|Any CPU.ActiveCfg = Release|Any CPU
		{70A4D4C5-7151-4EBC-A2DD-2BF256ECA402}.Release|Any CPU.Build.0 = Release|Any CPU
		{70A4D4C5-7151-4EBC-A2DD-2BF256ECA402}.Release|x64.ActiveCfg = Release|Any CPU
		{70A4D4C5-7151-4EBC-A2DD-2BF256ECA402}.Release|x64.Build.0 = Release|Any CPU
		{70A4D4C5-7151-4EBC-A2DD-2BF256ECA402}.Release|x86.ActiveCfg = Release|Any CPU
		{70A4D4C5-7151-4EBC-A2DD-2BF256ECA402}.Release|x86.Build.0 = Release|Any CPU
		{3F3BAB82-95DD-49DD-80DB-B40822DF5D6B}.Debug|Any CPU.ActiveCfg = Debug|Any CPU
		{3F3BAB82-95DD-49DD-80DB-B40822DF5D6B}.Debug|Any CPU.Build.0 = Debug|Any CPU
		{3F3BAB82-95DD-49DD-80DB-B40822DF5D6B}.Debug|x64.ActiveCfg = Debug|Any CPU
		{3F3BAB82-95DD-49DD-80DB-B40822DF5D6B}.Debug|x64.Build.0 = Debug|Any CPU
		{3F3BAB82-95DD-49DD-80DB-B40822DF5D6B}.Debug|x86.ActiveCfg = Debug|Any CPU
		{3F3BAB82-95DD-49DD-80DB-B40822DF5D6B}.Debug|x86.Build.0 = Debug|Any CPU
		{3F3BAB82-95DD-49DD-80DB-B40822DF5D6B}.Release|Any CPU.ActiveCfg = Release|Any CPU
		{3F3BAB82-95DD-49DD-80DB-B40822DF5D6B}.Release|Any CPU.Build.0 = Release|Any CPU
		{3F3BAB82-95DD-49DD-80DB-B40822DF5D6B}.Release|x64.ActiveCfg = Release|Any CPU
		{3F3BAB82-95DD-49DD-80DB-B40822DF5D6B}.Release|x64.Build.0 = Release|Any CPU
		{3F3BAB82-95DD-49DD-80DB-B40822DF5D6B}.Release|x86.ActiveCfg = Release|Any CPU
		{3F3BAB82-95DD-49DD-80DB-B40822DF5D6B}.Release|x86.Build.0 = Release|Any CPU
		{DE6A4DBD-4701-409F-B5A1-D632DCBB58FE}.Debug|Any CPU.ActiveCfg = Debug|Any CPU
		{DE6A4DBD-4701-409F-B5A1-D632DCBB58FE}.Debug|Any CPU.Build.0 = Debug|Any CPU
		{DE6A4DBD-4701-409F-B5A1-D632DCBB58FE}.Debug|x64.ActiveCfg = Debug|Any CPU
		{DE6A4DBD-4701-409F-B5A1-D632DCBB58FE}.Debug|x64.Build.0 = Debug|Any CPU
		{DE6A4DBD-4701-409F-B5A1-D632DCBB58FE}.Debug|x86.ActiveCfg = Debug|Any CPU
		{DE6A4DBD-4701-409F-B5A1-D632DCBB58FE}.Debug|x86.Build.0 = Debug|Any CPU
		{DE6A4DBD-4701-409F-B5A1-D632DCBB58FE}.Release|Any CPU.ActiveCfg = Release|Any CPU
		{DE6A4DBD-4701-409F-B5A1-D632DCBB58FE}.Release|Any CPU.Build.0 = Release|Any CPU
		{DE6A4DBD-4701-409F-B5A1-D632DCBB58FE}.Release|x64.ActiveCfg = Release|Any CPU
		{DE6A4DBD-4701-409F-B5A1-D632DCBB58FE}.Release|x64.Build.0 = Release|Any CPU
		{DE6A4DBD-4701-409F-B5A1-D632DCBB58FE}.Release|x86.ActiveCfg = Release|Any CPU
		{DE6A4DBD-4701-409F-B5A1-D632DCBB58FE}.Release|x86.Build.0 = Release|Any CPU
	EndGlobalSection
	GlobalSection(SolutionProperties) = preSolution
		HideSolutionNode = FALSE
	EndGlobalSection
	GlobalSection(NestedProjects) = preSolution
		{74833DA0-2976-457F-B110-D3E8B2F7C065} = {F7FE7B9E-2592-439F-A9CF-DA7D8D3DBC91}
		{8AE45519-4EB6-44E9-94A0-D2B32828C87B} = {F7FE7B9E-2592-439F-A9CF-DA7D8D3DBC91}
		{6492EBD4-EF50-43B8-838B-5DC548D10621} = {1E5940AA-0540-4947-8216-45E381E76C72}
		{987A6E69-69B8-40F3-A970-DEAF42642FFA} = {F56FBD0E-5530-4F55-ABE1-9E106B93417F}
		{9C77DEBC-AC74-450C-AF74-7E2A18973461} = {F7FE7B9E-2592-439F-A9CF-DA7D8D3DBC91}
		{1457ECE1-A475-488E-A4D4-0BAA9E6472A7} = {F7FE7B9E-2592-439F-A9CF-DA7D8D3DBC91}
		{B6313794-FD73-4137-A44A-C81DE87EB2DD} = {1E5940AA-0540-4947-8216-45E381E76C72}
		{BC74263D-E92C-4909-898C-DA23E4A680D2} = {2B66E86A-CE5E-47F7-8AF1-AD75927ABFD5}
		{99588AE2-3D24-44B5-8BC2-2A362E5E5C8E} = {1E5940AA-0540-4947-8216-45E381E76C72}
		{06AB2480-325E-4FF9-9740-E39D1B20C114} = {788F67EC-79CA-4941-B29F-7970FA721205}
		{D9F67CE1-B9AE-4169-9219-98547205F767} = {788F67EC-79CA-4941-B29F-7970FA721205}
		{0E218893-52C9-48DF-81A6-9CB19674D0AB} = {F7FE7B9E-2592-439F-A9CF-DA7D8D3DBC91}
		{5F3854DC-F74A-4E2F-94C0-473CB51B1C3B} = {F7FE7B9E-2592-439F-A9CF-DA7D8D3DBC91}
		{E0AD3B21-DFAF-484D-A510-F9CAF230FF06} = {F7FE7B9E-2592-439F-A9CF-DA7D8D3DBC91}
		{E84C7B38-EE29-460F-9F10-44CB3B875769} = {F56FBD0E-5530-4F55-ABE1-9E106B93417F}
		{0F0A4607-A53E-4147-9D36-C2E9D08A3E4B} = {1E5940AA-0540-4947-8216-45E381E76C72}
		{01D1414A-FFDA-4B75-BE73-5155488A6926} = {788F67EC-79CA-4941-B29F-7970FA721205}
		{61C0096E-065F-4474-8E73-A8C0963305BA} = {788F67EC-79CA-4941-B29F-7970FA721205}
		{4FCED63F-8B82-414A-8F75-4C34383485DB} = {1E5940AA-0540-4947-8216-45E381E76C72}
		{9D93D064-2754-4D65-A3EB-5B6D5D8A4D25} = {1E5940AA-0540-4947-8216-45E381E76C72}
		{2D3E51A7-E08A-4ADA-AADD-9102B2862056} = {1E5940AA-0540-4947-8216-45E381E76C72}
		{22AFB2C8-C5EB-416C-8F68-C2338EFAC5B5} = {1E5940AA-0540-4947-8216-45E381E76C72}
		{06A44896-D858-4CD1-A221-E2206D4BB819} = {1E5940AA-0540-4947-8216-45E381E76C72}
		{BE9D7A9D-B453-49EB-A014-1ABF762E7240} = {1E5940AA-0540-4947-8216-45E381E76C72}
		{96195BFC-996C-4D8F-BEE7-ACFC87A54CDD} = {1E5940AA-0540-4947-8216-45E381E76C72}
		{E3D9E638-BBC4-446C-B18F-EB7E09F5E5BC} = {F56FBD0E-5530-4F55-ABE1-9E106B93417F}
		{4F5C53E0-BBA6-4737-A959-B098B738A572} = {1E5940AA-0540-4947-8216-45E381E76C72}
		{86C6705B-F850-4DF1-95BD-5753CD15C795} = {1E5940AA-0540-4947-8216-45E381E76C72}
		{994CCED4-6AA1-4166-BB9B-121736C715DE} = {1E5940AA-0540-4947-8216-45E381E76C72}
		{5F754C54-528B-45E3-9063-5E0F17BC1D47} = {613CAFDC-DFFC-42B6-A5A6-897CDFA3294B}
		{F923D756-D782-4421-809D-011995A1571B} = {1E5940AA-0540-4947-8216-45E381E76C72}
		{A3C0C175-9C11-44E8-BC46-9FF0E05322CB} = {1E5940AA-0540-4947-8216-45E381E76C72}
		{A4C00D33-DED0-4729-98F6-CDD3C70D0B0D} = {1E5940AA-0540-4947-8216-45E381E76C72}
		{596C541C-B7F3-467A-B61B-6E9E5B8FC08E} = {F7FE7B9E-2592-439F-A9CF-DA7D8D3DBC91}
		{8C379E6E-4026-4E69-A410-C1F63F9AEEBE} = {F7FE7B9E-2592-439F-A9CF-DA7D8D3DBC91}
		{241F14C7-EE16-4827-8D7E-218E1EB90ECF} = {1E5940AA-0540-4947-8216-45E381E76C72}
		{D3A2A8D6-CF4D-43EC-AA93-B96D209964E8} = {F7FE7B9E-2592-439F-A9CF-DA7D8D3DBC91}
		{5A478C2B-1705-41A7-AED3-AE219CC067E5} = {F7FE7B9E-2592-439F-A9CF-DA7D8D3DBC91}
		{C1A2A07D-10B7-440A-B2D2-7BDF0D903923} = {F7FE7B9E-2592-439F-A9CF-DA7D8D3DBC91}
		{BD11D5E8-EA6D-40E0-823B-B3F5F5C9B493} = {1E5940AA-0540-4947-8216-45E381E76C72}
		{95B7A9C9-8085-4A7B-B3A7-A734A0ED17F6} = {1E5940AA-0540-4947-8216-45E381E76C72}
		{B047B6D4-6121-4CF3-B44F-AA976C99EB2C} = {1E5940AA-0540-4947-8216-45E381E76C72}
		{703C03A9-F19C-45D0-8E62-165F411E74DD} = {1E5940AA-0540-4947-8216-45E381E76C72}
		{1421407B-D750-4B09-9C11-81FAE3824F9C} = {F56FBD0E-5530-4F55-ABE1-9E106B93417F}
		{70A4D4C5-7151-4EBC-A2DD-2BF256ECA402} = {1E5940AA-0540-4947-8216-45E381E76C72}
		{3F3BAB82-95DD-49DD-80DB-B40822DF5D6B} = {1E5940AA-0540-4947-8216-45E381E76C72}
		{DE6A4DBD-4701-409F-B5A1-D632DCBB58FE} = {F7FE7B9E-2592-439F-A9CF-DA7D8D3DBC91}
	EndGlobalSection
	GlobalSection(ExtensibilityGlobals) = postSolution
		SolutionGuid = {5E077767-1AE0-47E0-AEFB-59E4D7464AD4}
	EndGlobalSection
EndGlobal
