
Microsoft Visual Studio Solution File, Format Version 12.00
# Visual Studio Version 16
VisualStudioVersion = 16.0.30114.105
MinimumVisualStudioVersion = 10.0.40219.1
Project("{2150E333-8FDC-42A3-9474-1A3956D46DE8}") = "Libs", "Libs", "{91F96719-247F-4FBC-A730-23A9C15F349D}"
EndProject
Project("{FAE04EC0-301F-11D3-BF4B-00C04F79EFBC}") = "AM.Core5", "Libs\AM.Core5\AM.Core5.csproj", "{BA37477E-9999-46DD-97AF-CD6BD66512DE}"
EndProject
Project("{FAE04EC0-301F-11D3-BF4B-00C04F79EFBC}") = "AM.Drawing5", "Libs\AM.Drawing5\AM.Drawing5.csproj", "{9C25E810-C725-4A35-ABF6-B95184B66FEF}"
EndProject
Project("{FAE04EC0-301F-11D3-BF4B-00C04F79EFBC}") = "ManagedIrbis5", "Libs\ManagedIrbis5\ManagedIrbis5.csproj", "{CFB6264F-79AE-44F8-B2F4-974794A16EDB}"
EndProject
Project("{FAE04EC0-301F-11D3-BF4B-00C04F79EFBC}") = "RestfulIrbis5", "Libs\RestfulIrbis5\RestfulIrbis5.csproj", "{4F613FCA-0353-4957-A917-28D4F0B1A971}"
EndProject
Project("{FAE04EC0-301F-11D3-BF4B-00C04F79EFBC}") = "Istu5", "Libs\Istu5\Istu5.csproj", "{5F0A9F24-5032-427F-87CD-01BE8F25471D}"
EndProject
Project("{FAE04EC0-301F-11D3-BF4B-00C04F79EFBC}") = "AM.Scripting", "Libs\AM.Scripting\AM.Scripting.csproj", "{5DA70245-36EC-48DC-A674-87A20E0290BC}"
EndProject
Project("{2150E333-8FDC-42A3-9474-1A3956D46DE8}") = "Apps", "Apps", "{FA935F28-3621-4C50-8D1A-E96CEC21EFF8}"
EndProject
Project("{FAE04EC0-301F-11D3-BF4B-00C04F79EFBC}") = "CheckIniFile", "Apps\CheckIniFile\CheckIniFile.csproj", "{E74957AF-7896-4AC1-AEBD-94E938735447}"
EndProject
Project("{FAE04EC0-301F-11D3-BF4B-00C04F79EFBC}") = "GetOutLaters", "Apps\GetOutLaters\GetOutLaters.csproj", "{A1CEA87B-529C-45AA-9FFE-FC8C59B4D7C0}"
EndProject
Project("{FAE04EC0-301F-11D3-BF4B-00C04F79EFBC}") = "IrbisPing", "Apps\IrbisPing\IrbisPing.csproj", "{BB2FFE15-EF46-433D-A932-C7888AAD7644}"
EndProject
Project("{FAE04EC0-301F-11D3-BF4B-00C04F79EFBC}") = "RqstShrink", "Apps\RqstShrink\RqstShrink.csproj", "{649D29DD-A368-4AB8-BA82-EF86B6A9BEA9}"
EndProject
Project("{FAE04EC0-301F-11D3-BF4B-00C04F79EFBC}") = "SharpIrbis.Console", "Apps\SharpIrbis.Console\SharpIrbis.Console.csproj", "{E4D30D02-DFE3-45C9-8F4F-04E31F8E11B1}"
EndProject
Project("{FAE04EC0-301F-11D3-BF4B-00C04F79EFBC}") = "SharpIrbis.Istu", "Apps\SharpIrbis.Istu\SharpIrbis.Istu.csproj", "{8E4B74D1-444D-4330-83AC-612C1F9F2B82}"
EndProject
Project("{FAE04EC0-301F-11D3-BF4B-00C04F79EFBC}") = "DumpTerms", "Apps\DumpTerms\DumpTerms.csproj", "{DF1DC56E-0FBD-48B0-AE92-D20D3A80F721}"
EndProject
Project("{FAE04EC0-301F-11D3-BF4B-00C04F79EFBC}") = "ManagedIrbis5.Sql", "Libs\ManagedIrbis5.Sql\ManagedIrbis5.Sql.csproj", "{9DE8D7A5-AC24-44A9-98AE-EB5401A88AE7}"
EndProject
Global
	GlobalSection(SolutionConfigurationPlatforms) = preSolution
		Debug|Any CPU = Debug|Any CPU
		Release|Any CPU = Release|Any CPU
	EndGlobalSection
	GlobalSection(SolutionProperties) = preSolution
		HideSolutionNode = FALSE
	EndGlobalSection
	GlobalSection(ProjectConfigurationPlatforms) = postSolution
		{BA37477E-9999-46DD-97AF-CD6BD66512DE}.Debug|Any CPU.ActiveCfg = Debug|Any CPU
		{BA37477E-9999-46DD-97AF-CD6BD66512DE}.Debug|Any CPU.Build.0 = Debug|Any CPU
		{BA37477E-9999-46DD-97AF-CD6BD66512DE}.Release|Any CPU.ActiveCfg = Release|Any CPU
		{BA37477E-9999-46DD-97AF-CD6BD66512DE}.Release|Any CPU.Build.0 = Release|Any CPU
		{9C25E810-C725-4A35-ABF6-B95184B66FEF}.Debug|Any CPU.ActiveCfg = Debug|Any CPU
		{9C25E810-C725-4A35-ABF6-B95184B66FEF}.Debug|Any CPU.Build.0 = Debug|Any CPU
		{9C25E810-C725-4A35-ABF6-B95184B66FEF}.Release|Any CPU.ActiveCfg = Release|Any CPU
		{9C25E810-C725-4A35-ABF6-B95184B66FEF}.Release|Any CPU.Build.0 = Release|Any CPU
		{CFB6264F-79AE-44F8-B2F4-974794A16EDB}.Debug|Any CPU.ActiveCfg = Debug|Any CPU
		{CFB6264F-79AE-44F8-B2F4-974794A16EDB}.Debug|Any CPU.Build.0 = Debug|Any CPU
		{CFB6264F-79AE-44F8-B2F4-974794A16EDB}.Release|Any CPU.ActiveCfg = Release|Any CPU
		{CFB6264F-79AE-44F8-B2F4-974794A16EDB}.Release|Any CPU.Build.0 = Release|Any CPU
		{4F613FCA-0353-4957-A917-28D4F0B1A971}.Debug|Any CPU.ActiveCfg = Debug|Any CPU
		{4F613FCA-0353-4957-A917-28D4F0B1A971}.Debug|Any CPU.Build.0 = Debug|Any CPU
		{4F613FCA-0353-4957-A917-28D4F0B1A971}.Release|Any CPU.ActiveCfg = Release|Any CPU
		{4F613FCA-0353-4957-A917-28D4F0B1A971}.Release|Any CPU.Build.0 = Release|Any CPU
		{5F0A9F24-5032-427F-87CD-01BE8F25471D}.Debug|Any CPU.ActiveCfg = Debug|Any CPU
		{5F0A9F24-5032-427F-87CD-01BE8F25471D}.Debug|Any CPU.Build.0 = Debug|Any CPU
		{5F0A9F24-5032-427F-87CD-01BE8F25471D}.Release|Any CPU.ActiveCfg = Release|Any CPU
		{5F0A9F24-5032-427F-87CD-01BE8F25471D}.Release|Any CPU.Build.0 = Release|Any CPU
		{5DA70245-36EC-48DC-A674-87A20E0290BC}.Debug|Any CPU.ActiveCfg = Debug|Any CPU
		{5DA70245-36EC-48DC-A674-87A20E0290BC}.Debug|Any CPU.Build.0 = Debug|Any CPU
		{5DA70245-36EC-48DC-A674-87A20E0290BC}.Release|Any CPU.ActiveCfg = Release|Any CPU
		{5DA70245-36EC-48DC-A674-87A20E0290BC}.Release|Any CPU.Build.0 = Release|Any CPU
		{E74957AF-7896-4AC1-AEBD-94E938735447}.Debug|Any CPU.ActiveCfg = Debug|Any CPU
		{E74957AF-7896-4AC1-AEBD-94E938735447}.Debug|Any CPU.Build.0 = Debug|Any CPU
		{E74957AF-7896-4AC1-AEBD-94E938735447}.Release|Any CPU.ActiveCfg = Release|Any CPU
		{E74957AF-7896-4AC1-AEBD-94E938735447}.Release|Any CPU.Build.0 = Release|Any CPU
		{A1CEA87B-529C-45AA-9FFE-FC8C59B4D7C0}.Debug|Any CPU.ActiveCfg = Debug|Any CPU
		{A1CEA87B-529C-45AA-9FFE-FC8C59B4D7C0}.Debug|Any CPU.Build.0 = Debug|Any CPU
		{A1CEA87B-529C-45AA-9FFE-FC8C59B4D7C0}.Release|Any CPU.ActiveCfg = Release|Any CPU
		{A1CEA87B-529C-45AA-9FFE-FC8C59B4D7C0}.Release|Any CPU.Build.0 = Release|Any CPU
		{BB2FFE15-EF46-433D-A932-C7888AAD7644}.Debug|Any CPU.ActiveCfg = Debug|Any CPU
		{BB2FFE15-EF46-433D-A932-C7888AAD7644}.Debug|Any CPU.Build.0 = Debug|Any CPU
		{BB2FFE15-EF46-433D-A932-C7888AAD7644}.Release|Any CPU.ActiveCfg = Release|Any CPU
		{BB2FFE15-EF46-433D-A932-C7888AAD7644}.Release|Any CPU.Build.0 = Release|Any CPU
		{649D29DD-A368-4AB8-BA82-EF86B6A9BEA9}.Debug|Any CPU.ActiveCfg = Debug|Any CPU
		{649D29DD-A368-4AB8-BA82-EF86B6A9BEA9}.Debug|Any CPU.Build.0 = Debug|Any CPU
		{649D29DD-A368-4AB8-BA82-EF86B6A9BEA9}.Release|Any CPU.ActiveCfg = Release|Any CPU
		{649D29DD-A368-4AB8-BA82-EF86B6A9BEA9}.Release|Any CPU.Build.0 = Release|Any CPU
		{E4D30D02-DFE3-45C9-8F4F-04E31F8E11B1}.Debug|Any CPU.ActiveCfg = Debug|Any CPU
		{E4D30D02-DFE3-45C9-8F4F-04E31F8E11B1}.Debug|Any CPU.Build.0 = Debug|Any CPU
		{E4D30D02-DFE3-45C9-8F4F-04E31F8E11B1}.Release|Any CPU.ActiveCfg = Release|Any CPU
		{E4D30D02-DFE3-45C9-8F4F-04E31F8E11B1}.Release|Any CPU.Build.0 = Release|Any CPU
		{8E4B74D1-444D-4330-83AC-612C1F9F2B82}.Debug|Any CPU.ActiveCfg = Debug|Any CPU
		{8E4B74D1-444D-4330-83AC-612C1F9F2B82}.Debug|Any CPU.Build.0 = Debug|Any CPU
		{8E4B74D1-444D-4330-83AC-612C1F9F2B82}.Release|Any CPU.ActiveCfg = Release|Any CPU
		{8E4B74D1-444D-4330-83AC-612C1F9F2B82}.Release|Any CPU.Build.0 = Release|Any CPU
		{DF1DC56E-0FBD-48B0-AE92-D20D3A80F721}.Debug|Any CPU.ActiveCfg = Debug|Any CPU
		{DF1DC56E-0FBD-48B0-AE92-D20D3A80F721}.Debug|Any CPU.Build.0 = Debug|Any CPU
		{DF1DC56E-0FBD-48B0-AE92-D20D3A80F721}.Release|Any CPU.ActiveCfg = Release|Any CPU
		{DF1DC56E-0FBD-48B0-AE92-D20D3A80F721}.Release|Any CPU.Build.0 = Release|Any CPU
		{9DE8D7A5-AC24-44A9-98AE-EB5401A88AE7}.Debug|Any CPU.ActiveCfg = Debug|Any CPU
		{9DE8D7A5-AC24-44A9-98AE-EB5401A88AE7}.Debug|Any CPU.Build.0 = Debug|Any CPU
		{9DE8D7A5-AC24-44A9-98AE-EB5401A88AE7}.Release|Any CPU.ActiveCfg = Release|Any CPU
		{9DE8D7A5-AC24-44A9-98AE-EB5401A88AE7}.Release|Any CPU.Build.0 = Release|Any CPU
	EndGlobalSection
	GlobalSection(NestedProjects) = preSolution
		{BA37477E-9999-46DD-97AF-CD6BD66512DE} = {91F96719-247F-4FBC-A730-23A9C15F349D}
		{9C25E810-C725-4A35-ABF6-B95184B66FEF} = {91F96719-247F-4FBC-A730-23A9C15F349D}
		{CFB6264F-79AE-44F8-B2F4-974794A16EDB} = {91F96719-247F-4FBC-A730-23A9C15F349D}
		{4F613FCA-0353-4957-A917-28D4F0B1A971} = {91F96719-247F-4FBC-A730-23A9C15F349D}
		{5F0A9F24-5032-427F-87CD-01BE8F25471D} = {91F96719-247F-4FBC-A730-23A9C15F349D}
		{5DA70245-36EC-48DC-A674-87A20E0290BC} = {91F96719-247F-4FBC-A730-23A9C15F349D}
		{E74957AF-7896-4AC1-AEBD-94E938735447} = {FA935F28-3621-4C50-8D1A-E96CEC21EFF8}
		{A1CEA87B-529C-45AA-9FFE-FC8C59B4D7C0} = {FA935F28-3621-4C50-8D1A-E96CEC21EFF8}
		{BB2FFE15-EF46-433D-A932-C7888AAD7644} = {FA935F28-3621-4C50-8D1A-E96CEC21EFF8}
		{649D29DD-A368-4AB8-BA82-EF86B6A9BEA9} = {FA935F28-3621-4C50-8D1A-E96CEC21EFF8}
		{E4D30D02-DFE3-45C9-8F4F-04E31F8E11B1} = {FA935F28-3621-4C50-8D1A-E96CEC21EFF8}
		{8E4B74D1-444D-4330-83AC-612C1F9F2B82} = {FA935F28-3621-4C50-8D1A-E96CEC21EFF8}
		{DF1DC56E-0FBD-48B0-AE92-D20D3A80F721} = {FA935F28-3621-4C50-8D1A-E96CEC21EFF8}
		{9DE8D7A5-AC24-44A9-98AE-EB5401A88AE7} = {91F96719-247F-4FBC-A730-23A9C15F349D}
	EndGlobalSection
EndGlobal
