
Microsoft Visual Studio Solution File, Format Version 12.00
# Visual Studio Version 16
VisualStudioVersion = 16.0.30709.132
MinimumVisualStudioVersion = 15.0.26124.0
Project("{2150E333-8FDC-42A3-9474-1A3956D46DE8}") = "Libs", "Libs", "{F7FE7B9E-2592-439F-A9CF-DA7D8D3DBC91}"
EndProject
Project("{9A19103F-16F7-4668-BE54-9A1E7A4F7556}") = "AM.Core5", "Libs\AM.Core5\AM.Core5.csproj", "{74833DA0-2976-457F-B110-D3E8B2F7C065}"
EndProject
Project("{9A19103F-16F7-4668-BE54-9A1E7A4F7556}") = "ManagedIrbis5", "Libs\ManagedIrbis5\ManagedIrbis5.csproj", "{8AE45519-4EB6-44E9-94A0-D2B32828C87B}"
EndProject
Project("{2150E333-8FDC-42A3-9474-1A3956D46DE8}") = "Apps", "Apps", "{1E5940AA-0540-4947-8216-45E381E76C72}"
EndProject
Project("{9A19103F-16F7-4668-BE54-9A1E7A4F7556}") = "Hello5", "Apps\Hello5\Hello5.csproj", "{6492EBD4-EF50-43B8-838B-5DC548D10621}"
EndProject
Project("{2150E333-8FDC-42A3-9474-1A3956D46DE8}") = "Common", "Common", "{21574F16-6241-4664-B7A5-7798C10CEF00}"
EndProject
Project("{2150E333-8FDC-42A3-9474-1A3956D46DE8}") = "Tests", "Tests", "{F56FBD0E-5530-4F55-ABE1-9E106B93417F}"
EndProject
Project("{9A19103F-16F7-4668-BE54-9A1E7A4F7556}") = "UnitTests", "Tests\UnitTests\UnitTests.csproj", "{987A6E69-69B8-40F3-A970-DEAF42642FFA}"
EndProject
Project("{9A19103F-16F7-4668-BE54-9A1E7A4F7556}") = "Istu5", "Libs\Istu5\Istu5.csproj", "{9C77DEBC-AC74-450C-AF74-7E2A18973461}"
EndProject
Project("{9A19103F-16F7-4668-BE54-9A1E7A4F7556}") = "RestfulIrbis5", "Libs\RestfulIrbis5\RestfulIrbis5.csproj", "{1457ECE1-A475-488E-A4D4-0BAA9E6472A7}"
EndProject
Project("{9A19103F-16F7-4668-BE54-9A1E7A4F7556}") = "TeleIrbis", "Apps\TeleIrbis\TeleIrbis.csproj", "{B6313794-FD73-4137-A44A-C81DE87EB2DD}"
EndProject
Project("{2150E333-8FDC-42A3-9474-1A3956D46DE8}") = "Benchmarks", "Benchmarks", "{2B66E86A-CE5E-47F7-8AF1-AD75927ABFD5}"
EndProject
Project("{9A19103F-16F7-4668-BE54-9A1E7A4F7556}") = "CoreBenchmarks", "Benchmarks\CoreBenchmarks\CoreBenchmarks.csproj", "{BC74263D-E92C-4909-898C-DA23E4A680D2}"
EndProject
Project("{9A19103F-16F7-4668-BE54-9A1E7A4F7556}") = "HelloSync", "Apps\HelloSync\HelloSync.csproj", "{99588AE2-3D24-44B5-8BC2-2A362E5E5C8E}"
EndProject
Project("{2150E333-8FDC-42A3-9474-1A3956D46DE8}") = "Examples", "Examples", "{788F67EC-79CA-4941-B29F-7970FA721205}"
EndProject
Project("{FAE04EC0-301F-11D3-BF4B-00C04F79EFBC}") = "CoreExamples", "Examples\CoreExamples\CoreExamples.csproj", "{06AB2480-325E-4FF9-9740-E39D1B20C114}"
EndProject
Project("{FAE04EC0-301F-11D3-BF4B-00C04F79EFBC}") = "IrbisExamples", "Examples\IrbisExamples\IrbisExamples.csproj", "{D9F67CE1-B9AE-4169-9219-98547205F767}"
EndProject
Project("{FAE04EC0-301F-11D3-BF4B-00C04F79EFBC}") = "AM.Rdf", "Libs\AM.Rdf\AM.Rdf.csproj", "{0E218893-52C9-48DF-81A6-9CB19674D0AB}"
EndProject
Project("{FAE04EC0-301F-11D3-BF4B-00C04F79EFBC}") = "AM.Onto", "Libs\AM.Onto\AM.Onto.csproj", "{5F3854DC-F74A-4E2F-94C0-473CB51B1C3B}"
EndProject
Project("{FAE04EC0-301F-11D3-BF4B-00C04F79EFBC}") = "AM.Asn1", "Libs\AM.Asn1\AM.Asn1.csproj", "{E0AD3B21-DFAF-484D-A510-F9CAF230FF06}"
EndProject
Project("{FAE04EC0-301F-11D3-BF4B-00C04F79EFBC}") = "PftTests", "Tests\PftTests\PftTests.csproj", "{E84C7B38-EE29-460F-9F10-44CB3B875769}"
EndProject
Project("{FAE04EC0-301F-11D3-BF4B-00C04F79EFBC}") = "Protector", "Apps\Protector\Protector.csproj", "{0F0A4607-A53E-4147-9D36-C2E9D08A3E4B}"
EndProject
Project("{FAE04EC0-301F-11D3-BF4B-00C04F79EFBC}") = "Example1", "Examples\Example1\Example1.csproj", "{01D1414A-FFDA-4B75-BE73-5155488A6926}"
EndProject
Project("{FAE04EC0-301F-11D3-BF4B-00C04F79EFBC}") = "Example2", "Examples\Example2\Example2.csproj", "{61C0096E-065F-4474-8E73-A8C0963305BA}"
EndProject
Project("{FAE04EC0-301F-11D3-BF4B-00C04F79EFBC}") = "CheckIniFile", "Apps\CheckIniFile\CheckIniFile.csproj", "{4FCED63F-8B82-414A-8F75-4C34383485DB}"
EndProject
Project("{FAE04EC0-301F-11D3-BF4B-00C04F79EFBC}") = "Fst2Ifs", "Apps\Fst2Ifs\Fst2Ifs.csproj", "{9D93D064-2754-4D65-A3EB-5B6D5D8A4D25}"
EndProject
Project("{FAE04EC0-301F-11D3-BF4B-00C04F79EFBC}") = "IrbisPing", "Apps\IrbisPing\IrbisPing.csproj", "{2D3E51A7-E08A-4ADA-AADD-9102B2862056}"
EndProject
Global
	GlobalSection(SolutionConfigurationPlatforms) = preSolution
		Debug|Any CPU = Debug|Any CPU
		Debug|x64 = Debug|x64
		Debug|x86 = Debug|x86
		Release|Any CPU = Release|Any CPU
		Release|x64 = Release|x64
		Release|x86 = Release|x86
	EndGlobalSection
	GlobalSection(ProjectConfigurationPlatforms) = postSolution
		{74833DA0-2976-457F-B110-D3E8B2F7C065}.Debug|Any CPU.ActiveCfg = Debug|Any CPU
		{74833DA0-2976-457F-B110-D3E8B2F7C065}.Debug|Any CPU.Build.0 = Debug|Any CPU
		{74833DA0-2976-457F-B110-D3E8B2F7C065}.Debug|x64.ActiveCfg = Debug|Any CPU
		{74833DA0-2976-457F-B110-D3E8B2F7C065}.Debug|x64.Build.0 = Debug|Any CPU
		{74833DA0-2976-457F-B110-D3E8B2F7C065}.Debug|x86.ActiveCfg = Debug|Any CPU
		{74833DA0-2976-457F-B110-D3E8B2F7C065}.Debug|x86.Build.0 = Debug|Any CPU
		{74833DA0-2976-457F-B110-D3E8B2F7C065}.Release|Any CPU.ActiveCfg = Release|Any CPU
		{74833DA0-2976-457F-B110-D3E8B2F7C065}.Release|Any CPU.Build.0 = Release|Any CPU
		{74833DA0-2976-457F-B110-D3E8B2F7C065}.Release|x64.ActiveCfg = Release|Any CPU
		{74833DA0-2976-457F-B110-D3E8B2F7C065}.Release|x64.Build.0 = Release|Any CPU
		{74833DA0-2976-457F-B110-D3E8B2F7C065}.Release|x86.ActiveCfg = Release|Any CPU
		{74833DA0-2976-457F-B110-D3E8B2F7C065}.Release|x86.Build.0 = Release|Any CPU
		{8AE45519-4EB6-44E9-94A0-D2B32828C87B}.Debug|Any CPU.ActiveCfg = Debug|Any CPU
		{8AE45519-4EB6-44E9-94A0-D2B32828C87B}.Debug|Any CPU.Build.0 = Debug|Any CPU
		{8AE45519-4EB6-44E9-94A0-D2B32828C87B}.Debug|x64.ActiveCfg = Debug|Any CPU
		{8AE45519-4EB6-44E9-94A0-D2B32828C87B}.Debug|x64.Build.0 = Debug|Any CPU
		{8AE45519-4EB6-44E9-94A0-D2B32828C87B}.Debug|x86.ActiveCfg = Debug|Any CPU
		{8AE45519-4EB6-44E9-94A0-D2B32828C87B}.Debug|x86.Build.0 = Debug|Any CPU
		{8AE45519-4EB6-44E9-94A0-D2B32828C87B}.Release|Any CPU.ActiveCfg = Release|Any CPU
		{8AE45519-4EB6-44E9-94A0-D2B32828C87B}.Release|Any CPU.Build.0 = Release|Any CPU
		{8AE45519-4EB6-44E9-94A0-D2B32828C87B}.Release|x64.ActiveCfg = Release|Any CPU
		{8AE45519-4EB6-44E9-94A0-D2B32828C87B}.Release|x64.Build.0 = Release|Any CPU
		{8AE45519-4EB6-44E9-94A0-D2B32828C87B}.Release|x86.ActiveCfg = Release|Any CPU
		{8AE45519-4EB6-44E9-94A0-D2B32828C87B}.Release|x86.Build.0 = Release|Any CPU
		{6492EBD4-EF50-43B8-838B-5DC548D10621}.Debug|Any CPU.ActiveCfg = Debug|Any CPU
		{6492EBD4-EF50-43B8-838B-5DC548D10621}.Debug|Any CPU.Build.0 = Debug|Any CPU
		{6492EBD4-EF50-43B8-838B-5DC548D10621}.Debug|x64.ActiveCfg = Debug|Any CPU
		{6492EBD4-EF50-43B8-838B-5DC548D10621}.Debug|x64.Build.0 = Debug|Any CPU
		{6492EBD4-EF50-43B8-838B-5DC548D10621}.Debug|x86.ActiveCfg = Debug|Any CPU
		{6492EBD4-EF50-43B8-838B-5DC548D10621}.Debug|x86.Build.0 = Debug|Any CPU
		{6492EBD4-EF50-43B8-838B-5DC548D10621}.Release|Any CPU.ActiveCfg = Release|Any CPU
		{6492EBD4-EF50-43B8-838B-5DC548D10621}.Release|Any CPU.Build.0 = Release|Any CPU
		{6492EBD4-EF50-43B8-838B-5DC548D10621}.Release|x64.ActiveCfg = Release|Any CPU
		{6492EBD4-EF50-43B8-838B-5DC548D10621}.Release|x64.Build.0 = Release|Any CPU
		{6492EBD4-EF50-43B8-838B-5DC548D10621}.Release|x86.ActiveCfg = Release|Any CPU
		{6492EBD4-EF50-43B8-838B-5DC548D10621}.Release|x86.Build.0 = Release|Any CPU
		{987A6E69-69B8-40F3-A970-DEAF42642FFA}.Debug|Any CPU.ActiveCfg = Debug|Any CPU
		{987A6E69-69B8-40F3-A970-DEAF42642FFA}.Debug|Any CPU.Build.0 = Debug|Any CPU
		{987A6E69-69B8-40F3-A970-DEAF42642FFA}.Debug|x64.ActiveCfg = Debug|Any CPU
		{987A6E69-69B8-40F3-A970-DEAF42642FFA}.Debug|x64.Build.0 = Debug|Any CPU
		{987A6E69-69B8-40F3-A970-DEAF42642FFA}.Debug|x86.ActiveCfg = Debug|Any CPU
		{987A6E69-69B8-40F3-A970-DEAF42642FFA}.Debug|x86.Build.0 = Debug|Any CPU
		{987A6E69-69B8-40F3-A970-DEAF42642FFA}.Release|Any CPU.ActiveCfg = Release|Any CPU
		{987A6E69-69B8-40F3-A970-DEAF42642FFA}.Release|Any CPU.Build.0 = Release|Any CPU
		{987A6E69-69B8-40F3-A970-DEAF42642FFA}.Release|x64.ActiveCfg = Release|Any CPU
		{987A6E69-69B8-40F3-A970-DEAF42642FFA}.Release|x64.Build.0 = Release|Any CPU
		{987A6E69-69B8-40F3-A970-DEAF42642FFA}.Release|x86.ActiveCfg = Release|Any CPU
		{987A6E69-69B8-40F3-A970-DEAF42642FFA}.Release|x86.Build.0 = Release|Any CPU
		{9C77DEBC-AC74-450C-AF74-7E2A18973461}.Debug|Any CPU.ActiveCfg = Debug|Any CPU
		{9C77DEBC-AC74-450C-AF74-7E2A18973461}.Debug|Any CPU.Build.0 = Debug|Any CPU
		{9C77DEBC-AC74-450C-AF74-7E2A18973461}.Debug|x64.ActiveCfg = Debug|Any CPU
		{9C77DEBC-AC74-450C-AF74-7E2A18973461}.Debug|x64.Build.0 = Debug|Any CPU
		{9C77DEBC-AC74-450C-AF74-7E2A18973461}.Debug|x86.ActiveCfg = Debug|Any CPU
		{9C77DEBC-AC74-450C-AF74-7E2A18973461}.Debug|x86.Build.0 = Debug|Any CPU
		{9C77DEBC-AC74-450C-AF74-7E2A18973461}.Release|Any CPU.ActiveCfg = Release|Any CPU
		{9C77DEBC-AC74-450C-AF74-7E2A18973461}.Release|Any CPU.Build.0 = Release|Any CPU
		{9C77DEBC-AC74-450C-AF74-7E2A18973461}.Release|x64.ActiveCfg = Release|Any CPU
		{9C77DEBC-AC74-450C-AF74-7E2A18973461}.Release|x64.Build.0 = Release|Any CPU
		{9C77DEBC-AC74-450C-AF74-7E2A18973461}.Release|x86.ActiveCfg = Release|Any CPU
		{9C77DEBC-AC74-450C-AF74-7E2A18973461}.Release|x86.Build.0 = Release|Any CPU
		{1457ECE1-A475-488E-A4D4-0BAA9E6472A7}.Debug|Any CPU.ActiveCfg = Debug|Any CPU
		{1457ECE1-A475-488E-A4D4-0BAA9E6472A7}.Debug|Any CPU.Build.0 = Debug|Any CPU
		{1457ECE1-A475-488E-A4D4-0BAA9E6472A7}.Debug|x64.ActiveCfg = Debug|Any CPU
		{1457ECE1-A475-488E-A4D4-0BAA9E6472A7}.Debug|x64.Build.0 = Debug|Any CPU
		{1457ECE1-A475-488E-A4D4-0BAA9E6472A7}.Debug|x86.ActiveCfg = Debug|Any CPU
		{1457ECE1-A475-488E-A4D4-0BAA9E6472A7}.Debug|x86.Build.0 = Debug|Any CPU
		{1457ECE1-A475-488E-A4D4-0BAA9E6472A7}.Release|Any CPU.ActiveCfg = Release|Any CPU
		{1457ECE1-A475-488E-A4D4-0BAA9E6472A7}.Release|Any CPU.Build.0 = Release|Any CPU
		{1457ECE1-A475-488E-A4D4-0BAA9E6472A7}.Release|x64.ActiveCfg = Release|Any CPU
		{1457ECE1-A475-488E-A4D4-0BAA9E6472A7}.Release|x64.Build.0 = Release|Any CPU
		{1457ECE1-A475-488E-A4D4-0BAA9E6472A7}.Release|x86.ActiveCfg = Release|Any CPU
		{1457ECE1-A475-488E-A4D4-0BAA9E6472A7}.Release|x86.Build.0 = Release|Any CPU
		{B6313794-FD73-4137-A44A-C81DE87EB2DD}.Debug|Any CPU.ActiveCfg = Debug|Any CPU
		{B6313794-FD73-4137-A44A-C81DE87EB2DD}.Debug|Any CPU.Build.0 = Debug|Any CPU
		{B6313794-FD73-4137-A44A-C81DE87EB2DD}.Debug|x64.ActiveCfg = Debug|Any CPU
		{B6313794-FD73-4137-A44A-C81DE87EB2DD}.Debug|x64.Build.0 = Debug|Any CPU
		{B6313794-FD73-4137-A44A-C81DE87EB2DD}.Debug|x86.ActiveCfg = Debug|Any CPU
		{B6313794-FD73-4137-A44A-C81DE87EB2DD}.Debug|x86.Build.0 = Debug|Any CPU
		{B6313794-FD73-4137-A44A-C81DE87EB2DD}.Release|Any CPU.ActiveCfg = Release|Any CPU
		{B6313794-FD73-4137-A44A-C81DE87EB2DD}.Release|Any CPU.Build.0 = Release|Any CPU
		{B6313794-FD73-4137-A44A-C81DE87EB2DD}.Release|x64.ActiveCfg = Release|Any CPU
		{B6313794-FD73-4137-A44A-C81DE87EB2DD}.Release|x64.Build.0 = Release|Any CPU
		{B6313794-FD73-4137-A44A-C81DE87EB2DD}.Release|x86.ActiveCfg = Release|Any CPU
		{B6313794-FD73-4137-A44A-C81DE87EB2DD}.Release|x86.Build.0 = Release|Any CPU
		{BC74263D-E92C-4909-898C-DA23E4A680D2}.Debug|Any CPU.ActiveCfg = Debug|Any CPU
		{BC74263D-E92C-4909-898C-DA23E4A680D2}.Debug|Any CPU.Build.0 = Debug|Any CPU
		{BC74263D-E92C-4909-898C-DA23E4A680D2}.Debug|x64.ActiveCfg = Debug|Any CPU
		{BC74263D-E92C-4909-898C-DA23E4A680D2}.Debug|x64.Build.0 = Debug|Any CPU
		{BC74263D-E92C-4909-898C-DA23E4A680D2}.Debug|x86.ActiveCfg = Debug|Any CPU
		{BC74263D-E92C-4909-898C-DA23E4A680D2}.Debug|x86.Build.0 = Debug|Any CPU
		{BC74263D-E92C-4909-898C-DA23E4A680D2}.Release|Any CPU.ActiveCfg = Release|Any CPU
		{BC74263D-E92C-4909-898C-DA23E4A680D2}.Release|Any CPU.Build.0 = Release|Any CPU
		{BC74263D-E92C-4909-898C-DA23E4A680D2}.Release|x64.ActiveCfg = Release|Any CPU
		{BC74263D-E92C-4909-898C-DA23E4A680D2}.Release|x64.Build.0 = Release|Any CPU
		{BC74263D-E92C-4909-898C-DA23E4A680D2}.Release|x86.ActiveCfg = Release|Any CPU
		{BC74263D-E92C-4909-898C-DA23E4A680D2}.Release|x86.Build.0 = Release|Any CPU
		{99588AE2-3D24-44B5-8BC2-2A362E5E5C8E}.Debug|Any CPU.ActiveCfg = Debug|Any CPU
		{99588AE2-3D24-44B5-8BC2-2A362E5E5C8E}.Debug|Any CPU.Build.0 = Debug|Any CPU
		{99588AE2-3D24-44B5-8BC2-2A362E5E5C8E}.Debug|x64.ActiveCfg = Debug|Any CPU
		{99588AE2-3D24-44B5-8BC2-2A362E5E5C8E}.Debug|x64.Build.0 = Debug|Any CPU
		{99588AE2-3D24-44B5-8BC2-2A362E5E5C8E}.Debug|x86.ActiveCfg = Debug|Any CPU
		{99588AE2-3D24-44B5-8BC2-2A362E5E5C8E}.Debug|x86.Build.0 = Debug|Any CPU
		{99588AE2-3D24-44B5-8BC2-2A362E5E5C8E}.Release|Any CPU.ActiveCfg = Release|Any CPU
		{99588AE2-3D24-44B5-8BC2-2A362E5E5C8E}.Release|Any CPU.Build.0 = Release|Any CPU
		{99588AE2-3D24-44B5-8BC2-2A362E5E5C8E}.Release|x64.ActiveCfg = Release|Any CPU
		{99588AE2-3D24-44B5-8BC2-2A362E5E5C8E}.Release|x64.Build.0 = Release|Any CPU
		{99588AE2-3D24-44B5-8BC2-2A362E5E5C8E}.Release|x86.ActiveCfg = Release|Any CPU
		{99588AE2-3D24-44B5-8BC2-2A362E5E5C8E}.Release|x86.Build.0 = Release|Any CPU
		{06AB2480-325E-4FF9-9740-E39D1B20C114}.Debug|Any CPU.ActiveCfg = Debug|Any CPU
		{06AB2480-325E-4FF9-9740-E39D1B20C114}.Debug|Any CPU.Build.0 = Debug|Any CPU
		{06AB2480-325E-4FF9-9740-E39D1B20C114}.Debug|x64.ActiveCfg = Debug|Any CPU
		{06AB2480-325E-4FF9-9740-E39D1B20C114}.Debug|x64.Build.0 = Debug|Any CPU
		{06AB2480-325E-4FF9-9740-E39D1B20C114}.Debug|x86.ActiveCfg = Debug|Any CPU
		{06AB2480-325E-4FF9-9740-E39D1B20C114}.Debug|x86.Build.0 = Debug|Any CPU
		{06AB2480-325E-4FF9-9740-E39D1B20C114}.Release|Any CPU.ActiveCfg = Release|Any CPU
		{06AB2480-325E-4FF9-9740-E39D1B20C114}.Release|Any CPU.Build.0 = Release|Any CPU
		{06AB2480-325E-4FF9-9740-E39D1B20C114}.Release|x64.ActiveCfg = Release|Any CPU
		{06AB2480-325E-4FF9-9740-E39D1B20C114}.Release|x64.Build.0 = Release|Any CPU
		{06AB2480-325E-4FF9-9740-E39D1B20C114}.Release|x86.ActiveCfg = Release|Any CPU
		{06AB2480-325E-4FF9-9740-E39D1B20C114}.Release|x86.Build.0 = Release|Any CPU
		{D9F67CE1-B9AE-4169-9219-98547205F767}.Debug|Any CPU.ActiveCfg = Debug|Any CPU
		{D9F67CE1-B9AE-4169-9219-98547205F767}.Debug|Any CPU.Build.0 = Debug|Any CPU
		{D9F67CE1-B9AE-4169-9219-98547205F767}.Debug|x64.ActiveCfg = Debug|Any CPU
		{D9F67CE1-B9AE-4169-9219-98547205F767}.Debug|x64.Build.0 = Debug|Any CPU
		{D9F67CE1-B9AE-4169-9219-98547205F767}.Debug|x86.ActiveCfg = Debug|Any CPU
		{D9F67CE1-B9AE-4169-9219-98547205F767}.Debug|x86.Build.0 = Debug|Any CPU
		{D9F67CE1-B9AE-4169-9219-98547205F767}.Release|Any CPU.ActiveCfg = Release|Any CPU
		{D9F67CE1-B9AE-4169-9219-98547205F767}.Release|Any CPU.Build.0 = Release|Any CPU
		{D9F67CE1-B9AE-4169-9219-98547205F767}.Release|x64.ActiveCfg = Release|Any CPU
		{D9F67CE1-B9AE-4169-9219-98547205F767}.Release|x64.Build.0 = Release|Any CPU
		{D9F67CE1-B9AE-4169-9219-98547205F767}.Release|x86.ActiveCfg = Release|Any CPU
		{D9F67CE1-B9AE-4169-9219-98547205F767}.Release|x86.Build.0 = Release|Any CPU
		{0E218893-52C9-48DF-81A6-9CB19674D0AB}.Debug|Any CPU.ActiveCfg = Debug|Any CPU
		{0E218893-52C9-48DF-81A6-9CB19674D0AB}.Debug|Any CPU.Build.0 = Debug|Any CPU
		{0E218893-52C9-48DF-81A6-9CB19674D0AB}.Debug|x64.ActiveCfg = Debug|Any CPU
		{0E218893-52C9-48DF-81A6-9CB19674D0AB}.Debug|x64.Build.0 = Debug|Any CPU
		{0E218893-52C9-48DF-81A6-9CB19674D0AB}.Debug|x86.ActiveCfg = Debug|Any CPU
		{0E218893-52C9-48DF-81A6-9CB19674D0AB}.Debug|x86.Build.0 = Debug|Any CPU
		{0E218893-52C9-48DF-81A6-9CB19674D0AB}.Release|Any CPU.ActiveCfg = Release|Any CPU
		{0E218893-52C9-48DF-81A6-9CB19674D0AB}.Release|Any CPU.Build.0 = Release|Any CPU
		{0E218893-52C9-48DF-81A6-9CB19674D0AB}.Release|x64.ActiveCfg = Release|Any CPU
		{0E218893-52C9-48DF-81A6-9CB19674D0AB}.Release|x64.Build.0 = Release|Any CPU
		{0E218893-52C9-48DF-81A6-9CB19674D0AB}.Release|x86.ActiveCfg = Release|Any CPU
		{0E218893-52C9-48DF-81A6-9CB19674D0AB}.Release|x86.Build.0 = Release|Any CPU
		{5F3854DC-F74A-4E2F-94C0-473CB51B1C3B}.Debug|Any CPU.ActiveCfg = Debug|Any CPU
		{5F3854DC-F74A-4E2F-94C0-473CB51B1C3B}.Debug|Any CPU.Build.0 = Debug|Any CPU
		{5F3854DC-F74A-4E2F-94C0-473CB51B1C3B}.Debug|x64.ActiveCfg = Debug|Any CPU
		{5F3854DC-F74A-4E2F-94C0-473CB51B1C3B}.Debug|x64.Build.0 = Debug|Any CPU
		{5F3854DC-F74A-4E2F-94C0-473CB51B1C3B}.Debug|x86.ActiveCfg = Debug|Any CPU
		{5F3854DC-F74A-4E2F-94C0-473CB51B1C3B}.Debug|x86.Build.0 = Debug|Any CPU
		{5F3854DC-F74A-4E2F-94C0-473CB51B1C3B}.Release|Any CPU.ActiveCfg = Release|Any CPU
		{5F3854DC-F74A-4E2F-94C0-473CB51B1C3B}.Release|Any CPU.Build.0 = Release|Any CPU
		{5F3854DC-F74A-4E2F-94C0-473CB51B1C3B}.Release|x64.ActiveCfg = Release|Any CPU
		{5F3854DC-F74A-4E2F-94C0-473CB51B1C3B}.Release|x64.Build.0 = Release|Any CPU
		{5F3854DC-F74A-4E2F-94C0-473CB51B1C3B}.Release|x86.ActiveCfg = Release|Any CPU
		{5F3854DC-F74A-4E2F-94C0-473CB51B1C3B}.Release|x86.Build.0 = Release|Any CPU
		{E0AD3B21-DFAF-484D-A510-F9CAF230FF06}.Debug|Any CPU.ActiveCfg = Debug|Any CPU
		{E0AD3B21-DFAF-484D-A510-F9CAF230FF06}.Debug|Any CPU.Build.0 = Debug|Any CPU
		{E0AD3B21-DFAF-484D-A510-F9CAF230FF06}.Debug|x64.ActiveCfg = Debug|Any CPU
		{E0AD3B21-DFAF-484D-A510-F9CAF230FF06}.Debug|x64.Build.0 = Debug|Any CPU
		{E0AD3B21-DFAF-484D-A510-F9CAF230FF06}.Debug|x86.ActiveCfg = Debug|Any CPU
		{E0AD3B21-DFAF-484D-A510-F9CAF230FF06}.Debug|x86.Build.0 = Debug|Any CPU
		{E0AD3B21-DFAF-484D-A510-F9CAF230FF06}.Release|Any CPU.ActiveCfg = Release|Any CPU
		{E0AD3B21-DFAF-484D-A510-F9CAF230FF06}.Release|Any CPU.Build.0 = Release|Any CPU
		{E0AD3B21-DFAF-484D-A510-F9CAF230FF06}.Release|x64.ActiveCfg = Release|Any CPU
		{E0AD3B21-DFAF-484D-A510-F9CAF230FF06}.Release|x64.Build.0 = Release|Any CPU
		{E0AD3B21-DFAF-484D-A510-F9CAF230FF06}.Release|x86.ActiveCfg = Release|Any CPU
		{E0AD3B21-DFAF-484D-A510-F9CAF230FF06}.Release|x86.Build.0 = Release|Any CPU
		{E84C7B38-EE29-460F-9F10-44CB3B875769}.Debug|Any CPU.ActiveCfg = Debug|Any CPU
		{E84C7B38-EE29-460F-9F10-44CB3B875769}.Debug|Any CPU.Build.0 = Debug|Any CPU
		{E84C7B38-EE29-460F-9F10-44CB3B875769}.Debug|x64.ActiveCfg = Debug|Any CPU
		{E84C7B38-EE29-460F-9F10-44CB3B875769}.Debug|x64.Build.0 = Debug|Any CPU
		{E84C7B38-EE29-460F-9F10-44CB3B875769}.Debug|x86.ActiveCfg = Debug|Any CPU
		{E84C7B38-EE29-460F-9F10-44CB3B875769}.Debug|x86.Build.0 = Debug|Any CPU
		{E84C7B38-EE29-460F-9F10-44CB3B875769}.Release|Any CPU.ActiveCfg = Release|Any CPU
		{E84C7B38-EE29-460F-9F10-44CB3B875769}.Release|Any CPU.Build.0 = Release|Any CPU
		{E84C7B38-EE29-460F-9F10-44CB3B875769}.Release|x64.ActiveCfg = Release|Any CPU
		{E84C7B38-EE29-460F-9F10-44CB3B875769}.Release|x64.Build.0 = Release|Any CPU
		{E84C7B38-EE29-460F-9F10-44CB3B875769}.Release|x86.ActiveCfg = Release|Any CPU
		{E84C7B38-EE29-460F-9F10-44CB3B875769}.Release|x86.Build.0 = Release|Any CPU
		{0F0A4607-A53E-4147-9D36-C2E9D08A3E4B}.Debug|Any CPU.ActiveCfg = Debug|Any CPU
		{0F0A4607-A53E-4147-9D36-C2E9D08A3E4B}.Debug|Any CPU.Build.0 = Debug|Any CPU
		{0F0A4607-A53E-4147-9D36-C2E9D08A3E4B}.Debug|x64.ActiveCfg = Debug|Any CPU
		{0F0A4607-A53E-4147-9D36-C2E9D08A3E4B}.Debug|x64.Build.0 = Debug|Any CPU
		{0F0A4607-A53E-4147-9D36-C2E9D08A3E4B}.Debug|x86.ActiveCfg = Debug|Any CPU
		{0F0A4607-A53E-4147-9D36-C2E9D08A3E4B}.Debug|x86.Build.0 = Debug|Any CPU
		{0F0A4607-A53E-4147-9D36-C2E9D08A3E4B}.Release|Any CPU.ActiveCfg = Release|Any CPU
		{0F0A4607-A53E-4147-9D36-C2E9D08A3E4B}.Release|Any CPU.Build.0 = Release|Any CPU
		{0F0A4607-A53E-4147-9D36-C2E9D08A3E4B}.Release|x64.ActiveCfg = Release|Any CPU
		{0F0A4607-A53E-4147-9D36-C2E9D08A3E4B}.Release|x64.Build.0 = Release|Any CPU
		{0F0A4607-A53E-4147-9D36-C2E9D08A3E4B}.Release|x86.ActiveCfg = Release|Any CPU
		{0F0A4607-A53E-4147-9D36-C2E9D08A3E4B}.Release|x86.Build.0 = Release|Any CPU
		{01D1414A-FFDA-4B75-BE73-5155488A6926}.Debug|Any CPU.ActiveCfg = Debug|Any CPU
		{01D1414A-FFDA-4B75-BE73-5155488A6926}.Debug|Any CPU.Build.0 = Debug|Any CPU
		{01D1414A-FFDA-4B75-BE73-5155488A6926}.Debug|x64.ActiveCfg = Debug|Any CPU
		{01D1414A-FFDA-4B75-BE73-5155488A6926}.Debug|x64.Build.0 = Debug|Any CPU
		{01D1414A-FFDA-4B75-BE73-5155488A6926}.Debug|x86.ActiveCfg = Debug|Any CPU
		{01D1414A-FFDA-4B75-BE73-5155488A6926}.Debug|x86.Build.0 = Debug|Any CPU
		{01D1414A-FFDA-4B75-BE73-5155488A6926}.Release|Any CPU.ActiveCfg = Release|Any CPU
		{01D1414A-FFDA-4B75-BE73-5155488A6926}.Release|Any CPU.Build.0 = Release|Any CPU
		{01D1414A-FFDA-4B75-BE73-5155488A6926}.Release|x64.ActiveCfg = Release|Any CPU
		{01D1414A-FFDA-4B75-BE73-5155488A6926}.Release|x64.Build.0 = Release|Any CPU
		{01D1414A-FFDA-4B75-BE73-5155488A6926}.Release|x86.ActiveCfg = Release|Any CPU
		{01D1414A-FFDA-4B75-BE73-5155488A6926}.Release|x86.Build.0 = Release|Any CPU
		{61C0096E-065F-4474-8E73-A8C0963305BA}.Debug|Any CPU.ActiveCfg = Debug|Any CPU
		{61C0096E-065F-4474-8E73-A8C0963305BA}.Debug|Any CPU.Build.0 = Debug|Any CPU
		{61C0096E-065F-4474-8E73-A8C0963305BA}.Debug|x64.ActiveCfg = Debug|Any CPU
		{61C0096E-065F-4474-8E73-A8C0963305BA}.Debug|x64.Build.0 = Debug|Any CPU
		{61C0096E-065F-4474-8E73-A8C0963305BA}.Debug|x86.ActiveCfg = Debug|Any CPU
		{61C0096E-065F-4474-8E73-A8C0963305BA}.Debug|x86.Build.0 = Debug|Any CPU
		{61C0096E-065F-4474-8E73-A8C0963305BA}.Release|Any CPU.ActiveCfg = Release|Any CPU
		{61C0096E-065F-4474-8E73-A8C0963305BA}.Release|Any CPU.Build.0 = Release|Any CPU
		{61C0096E-065F-4474-8E73-A8C0963305BA}.Release|x64.ActiveCfg = Release|Any CPU
		{61C0096E-065F-4474-8E73-A8C0963305BA}.Release|x64.Build.0 = Release|Any CPU
		{61C0096E-065F-4474-8E73-A8C0963305BA}.Release|x86.ActiveCfg = Release|Any CPU
		{61C0096E-065F-4474-8E73-A8C0963305BA}.Release|x86.Build.0 = Release|Any CPU
		{4FCED63F-8B82-414A-8F75-4C34383485DB}.Debug|Any CPU.ActiveCfg = Debug|Any CPU
		{4FCED63F-8B82-414A-8F75-4C34383485DB}.Debug|Any CPU.Build.0 = Debug|Any CPU
		{4FCED63F-8B82-414A-8F75-4C34383485DB}.Debug|x64.ActiveCfg = Debug|Any CPU
		{4FCED63F-8B82-414A-8F75-4C34383485DB}.Debug|x64.Build.0 = Debug|Any CPU
		{4FCED63F-8B82-414A-8F75-4C34383485DB}.Debug|x86.ActiveCfg = Debug|Any CPU
		{4FCED63F-8B82-414A-8F75-4C34383485DB}.Debug|x86.Build.0 = Debug|Any CPU
		{4FCED63F-8B82-414A-8F75-4C34383485DB}.Release|Any CPU.ActiveCfg = Release|Any CPU
		{4FCED63F-8B82-414A-8F75-4C34383485DB}.Release|Any CPU.Build.0 = Release|Any CPU
		{4FCED63F-8B82-414A-8F75-4C34383485DB}.Release|x64.ActiveCfg = Release|Any CPU
		{4FCED63F-8B82-414A-8F75-4C34383485DB}.Release|x64.Build.0 = Release|Any CPU
		{4FCED63F-8B82-414A-8F75-4C34383485DB}.Release|x86.ActiveCfg = Release|Any CPU
		{4FCED63F-8B82-414A-8F75-4C34383485DB}.Release|x86.Build.0 = Release|Any CPU
		{9D93D064-2754-4D65-A3EB-5B6D5D8A4D25}.Debug|Any CPU.ActiveCfg = Debug|Any CPU
		{9D93D064-2754-4D65-A3EB-5B6D5D8A4D25}.Debug|Any CPU.Build.0 = Debug|Any CPU
		{9D93D064-2754-4D65-A3EB-5B6D5D8A4D25}.Debug|x64.ActiveCfg = Debug|Any CPU
		{9D93D064-2754-4D65-A3EB-5B6D5D8A4D25}.Debug|x64.Build.0 = Debug|Any CPU
		{9D93D064-2754-4D65-A3EB-5B6D5D8A4D25}.Debug|x86.ActiveCfg = Debug|Any CPU
		{9D93D064-2754-4D65-A3EB-5B6D5D8A4D25}.Debug|x86.Build.0 = Debug|Any CPU
		{9D93D064-2754-4D65-A3EB-5B6D5D8A4D25}.Release|Any CPU.ActiveCfg = Release|Any CPU
		{9D93D064-2754-4D65-A3EB-5B6D5D8A4D25}.Release|Any CPU.Build.0 = Release|Any CPU
		{9D93D064-2754-4D65-A3EB-5B6D5D8A4D25}.Release|x64.ActiveCfg = Release|Any CPU
		{9D93D064-2754-4D65-A3EB-5B6D5D8A4D25}.Release|x64.Build.0 = Release|Any CPU
		{9D93D064-2754-4D65-A3EB-5B6D5D8A4D25}.Release|x86.ActiveCfg = Release|Any CPU
		{9D93D064-2754-4D65-A3EB-5B6D5D8A4D25}.Release|x86.Build.0 = Release|Any CPU
		{2D3E51A7-E08A-4ADA-AADD-9102B2862056}.Debug|Any CPU.ActiveCfg = Debug|Any CPU
		{2D3E51A7-E08A-4ADA-AADD-9102B2862056}.Debug|Any CPU.Build.0 = Debug|Any CPU
		{2D3E51A7-E08A-4ADA-AADD-9102B2862056}.Debug|x64.ActiveCfg = Debug|Any CPU
		{2D3E51A7-E08A-4ADA-AADD-9102B2862056}.Debug|x64.Build.0 = Debug|Any CPU
		{2D3E51A7-E08A-4ADA-AADD-9102B2862056}.Debug|x86.ActiveCfg = Debug|Any CPU
		{2D3E51A7-E08A-4ADA-AADD-9102B2862056}.Debug|x86.Build.0 = Debug|Any CPU
		{2D3E51A7-E08A-4ADA-AADD-9102B2862056}.Release|Any CPU.ActiveCfg = Release|Any CPU
		{2D3E51A7-E08A-4ADA-AADD-9102B2862056}.Release|Any CPU.Build.0 = Release|Any CPU
		{2D3E51A7-E08A-4ADA-AADD-9102B2862056}.Release|x64.ActiveCfg = Release|Any CPU
		{2D3E51A7-E08A-4ADA-AADD-9102B2862056}.Release|x64.Build.0 = Release|Any CPU
		{2D3E51A7-E08A-4ADA-AADD-9102B2862056}.Release|x86.ActiveCfg = Release|Any CPU
		{2D3E51A7-E08A-4ADA-AADD-9102B2862056}.Release|x86.Build.0 = Release|Any CPU
	EndGlobalSection
	GlobalSection(SolutionProperties) = preSolution
		HideSolutionNode = FALSE
	EndGlobalSection
	GlobalSection(NestedProjects) = preSolution
		{74833DA0-2976-457F-B110-D3E8B2F7C065} = {F7FE7B9E-2592-439F-A9CF-DA7D8D3DBC91}
		{8AE45519-4EB6-44E9-94A0-D2B32828C87B} = {F7FE7B9E-2592-439F-A9CF-DA7D8D3DBC91}
		{6492EBD4-EF50-43B8-838B-5DC548D10621} = {1E5940AA-0540-4947-8216-45E381E76C72}
		{987A6E69-69B8-40F3-A970-DEAF42642FFA} = {F56FBD0E-5530-4F55-ABE1-9E106B93417F}
		{9C77DEBC-AC74-450C-AF74-7E2A18973461} = {F7FE7B9E-2592-439F-A9CF-DA7D8D3DBC91}
		{1457ECE1-A475-488E-A4D4-0BAA9E6472A7} = {F7FE7B9E-2592-439F-A9CF-DA7D8D3DBC91}
		{B6313794-FD73-4137-A44A-C81DE87EB2DD} = {1E5940AA-0540-4947-8216-45E381E76C72}
		{BC74263D-E92C-4909-898C-DA23E4A680D2} = {2B66E86A-CE5E-47F7-8AF1-AD75927ABFD5}
		{99588AE2-3D24-44B5-8BC2-2A362E5E5C8E} = {1E5940AA-0540-4947-8216-45E381E76C72}
		{06AB2480-325E-4FF9-9740-E39D1B20C114} = {788F67EC-79CA-4941-B29F-7970FA721205}
		{D9F67CE1-B9AE-4169-9219-98547205F767} = {788F67EC-79CA-4941-B29F-7970FA721205}
		{0E218893-52C9-48DF-81A6-9CB19674D0AB} = {F7FE7B9E-2592-439F-A9CF-DA7D8D3DBC91}
		{5F3854DC-F74A-4E2F-94C0-473CB51B1C3B} = {F7FE7B9E-2592-439F-A9CF-DA7D8D3DBC91}
		{E0AD3B21-DFAF-484D-A510-F9CAF230FF06} = {F7FE7B9E-2592-439F-A9CF-DA7D8D3DBC91}
		{E84C7B38-EE29-460F-9F10-44CB3B875769} = {F56FBD0E-5530-4F55-ABE1-9E106B93417F}
		{0F0A4607-A53E-4147-9D36-C2E9D08A3E4B} = {1E5940AA-0540-4947-8216-45E381E76C72}
		{01D1414A-FFDA-4B75-BE73-5155488A6926} = {788F67EC-79CA-4941-B29F-7970FA721205}
		{61C0096E-065F-4474-8E73-A8C0963305BA} = {788F67EC-79CA-4941-B29F-7970FA721205}
		{4FCED63F-8B82-414A-8F75-4C34383485DB} = {1E5940AA-0540-4947-8216-45E381E76C72}
		{9D93D064-2754-4D65-A3EB-5B6D5D8A4D25} = {1E5940AA-0540-4947-8216-45E381E76C72}
		{2D3E51A7-E08A-4ADA-AADD-9102B2862056} = {1E5940AA-0540-4947-8216-45E381E76C72}
	EndGlobalSection
	GlobalSection(ExtensibilityGlobals) = postSolution
		SolutionGuid = {5E077767-1AE0-47E0-AEFB-59E4D7464AD4}
	EndGlobalSection
EndGlobal
