
Microsoft Visual Studio Solution File, Format Version 12.00
# Visual Studio Version 16
VisualStudioVersion = 16.6.30114.105
MinimumVisualStudioVersion = 10.0.40219.1
Project("{2150E333-8FDC-42A3-9474-1A3956D46DE8}") = "Libs", "Libs", "{236AD354-B27E-4BC7-A741-D13DACE4E5FF}"
EndProject
Project("{9A19103F-16F7-4668-BE54-9A1E7A4F7556}") = "AM.Core5", "Libs\AM.Core5\AM.Core5.csproj", "{C688C4CC-1EA8-4F59-9107-780B1D92D8C0}"
EndProject
Project("{9A19103F-16F7-4668-BE54-9A1E7A4F7556}") = "AM.Drawing5", "Libs\AM.Drawing5\AM.Drawing5.csproj", "{1EA84124-1DB8-4794-A91D-CD78F35483D3}"
EndProject
Project("{9A19103F-16F7-4668-BE54-9A1E7A4F7556}") = "AM.Win32", "Libs\AM.Win32\AM.Win32.csproj", "{9D81D687-0C09-4800-A19A-A9E5D5095B5C}"
EndProject
Project("{9A19103F-16F7-4668-BE54-9A1E7A4F7556}") = "AM.Windows.Forms5", "Libs\AM.Windows.Forms5\AM.Windows.Forms5.csproj", "{7B983A11-2A79-4F9A-90AE-56AEFB61DFC0}"
EndProject
Project("{FAE04EC0-301F-11D3-BF4B-00C04F79EFBC}") = "AM.Windows.DevExpress5", "Libs\AM.Windows.DevExpress5\AM.Windows.DevExpress5.csproj", "{ECAA5F2A-7A54-44E9-84E6-21F28F31B02A}"
EndProject
Global
	GlobalSection(SolutionConfigurationPlatforms) = preSolution
		Debug|Any CPU = Debug|Any CPU
		Debug|x64 = Debug|x64
		Debug|x86 = Debug|x86
		Release|Any CPU = Release|Any CPU
		Release|x64 = Release|x64
		Release|x86 = Release|x86
	EndGlobalSection
	GlobalSection(ProjectConfigurationPlatforms) = postSolution
		{C688C4CC-1EA8-4F59-9107-780B1D92D8C0}.Debug|Any CPU.ActiveCfg = Debug|Any CPU
		{C688C4CC-1EA8-4F59-9107-780B1D92D8C0}.Debug|Any CPU.Build.0 = Debug|Any CPU
		{C688C4CC-1EA8-4F59-9107-780B1D92D8C0}.Debug|x64.ActiveCfg = Debug|Any CPU
		{C688C4CC-1EA8-4F59-9107-780B1D92D8C0}.Debug|x64.Build.0 = Debug|Any CPU
		{C688C4CC-1EA8-4F59-9107-780B1D92D8C0}.Debug|x86.ActiveCfg = Debug|Any CPU
		{C688C4CC-1EA8-4F59-9107-780B1D92D8C0}.Debug|x86.Build.0 = Debug|Any CPU
		{C688C4CC-1EA8-4F59-9107-780B1D92D8C0}.Release|Any CPU.ActiveCfg = Release|Any CPU
		{C688C4CC-1EA8-4F59-9107-780B1D92D8C0}.Release|Any CPU.Build.0 = Release|Any CPU
		{C688C4CC-1EA8-4F59-9107-780B1D92D8C0}.Release|x64.ActiveCfg = Release|Any CPU
		{C688C4CC-1EA8-4F59-9107-780B1D92D8C0}.Release|x64.Build.0 = Release|Any CPU
		{C688C4CC-1EA8-4F59-9107-780B1D92D8C0}.Release|x86.ActiveCfg = Release|Any CPU
		{C688C4CC-1EA8-4F59-9107-780B1D92D8C0}.Release|x86.Build.0 = Release|Any CPU
		{1EA84124-1DB8-4794-A91D-CD78F35483D3}.Debug|Any CPU.ActiveCfg = Debug|Any CPU
		{1EA84124-1DB8-4794-A91D-CD78F35483D3}.Debug|Any CPU.Build.0 = Debug|Any CPU
		{1EA84124-1DB8-4794-A91D-CD78F35483D3}.Debug|x64.ActiveCfg = Debug|Any CPU
		{1EA84124-1DB8-4794-A91D-CD78F35483D3}.Debug|x64.Build.0 = Debug|Any CPU
		{1EA84124-1DB8-4794-A91D-CD78F35483D3}.Debug|x86.ActiveCfg = Debug|Any CPU
		{1EA84124-1DB8-4794-A91D-CD78F35483D3}.Debug|x86.Build.0 = Debug|Any CPU
		{1EA84124-1DB8-4794-A91D-CD78F35483D3}.Release|Any CPU.ActiveCfg = Release|Any CPU
		{1EA84124-1DB8-4794-A91D-CD78F35483D3}.Release|Any CPU.Build.0 = Release|Any CPU
		{1EA84124-1DB8-4794-A91D-CD78F35483D3}.Release|x64.ActiveCfg = Release|Any CPU
		{1EA84124-1DB8-4794-A91D-CD78F35483D3}.Release|x64.Build.0 = Release|Any CPU
		{1EA84124-1DB8-4794-A91D-CD78F35483D3}.Release|x86.ActiveCfg = Release|Any CPU
		{1EA84124-1DB8-4794-A91D-CD78F35483D3}.Release|x86.Build.0 = Release|Any CPU
		{9D81D687-0C09-4800-A19A-A9E5D5095B5C}.Debug|Any CPU.ActiveCfg = Debug|Any CPU
		{9D81D687-0C09-4800-A19A-A9E5D5095B5C}.Debug|Any CPU.Build.0 = Debug|Any CPU
		{9D81D687-0C09-4800-A19A-A9E5D5095B5C}.Debug|x64.ActiveCfg = Debug|Any CPU
		{9D81D687-0C09-4800-A19A-A9E5D5095B5C}.Debug|x64.Build.0 = Debug|Any CPU
		{9D81D687-0C09-4800-A19A-A9E5D5095B5C}.Debug|x86.ActiveCfg = Debug|Any CPU
		{9D81D687-0C09-4800-A19A-A9E5D5095B5C}.Debug|x86.Build.0 = Debug|Any CPU
		{9D81D687-0C09-4800-A19A-A9E5D5095B5C}.Release|Any CPU.ActiveCfg = Release|Any CPU
		{9D81D687-0C09-4800-A19A-A9E5D5095B5C}.Release|Any CPU.Build.0 = Release|Any CPU
		{9D81D687-0C09-4800-A19A-A9E5D5095B5C}.Release|x64.ActiveCfg = Release|Any CPU
		{9D81D687-0C09-4800-A19A-A9E5D5095B5C}.Release|x64.Build.0 = Release|Any CPU
		{9D81D687-0C09-4800-A19A-A9E5D5095B5C}.Release|x86.ActiveCfg = Release|Any CPU
		{9D81D687-0C09-4800-A19A-A9E5D5095B5C}.Release|x86.Build.0 = Release|Any CPU
		{7B983A11-2A79-4F9A-90AE-56AEFB61DFC0}.Debug|Any CPU.ActiveCfg = Debug|Any CPU
		{7B983A11-2A79-4F9A-90AE-56AEFB61DFC0}.Debug|Any CPU.Build.0 = Debug|Any CPU
		{7B983A11-2A79-4F9A-90AE-56AEFB61DFC0}.Debug|x64.ActiveCfg = Debug|Any CPU
		{7B983A11-2A79-4F9A-90AE-56AEFB61DFC0}.Debug|x64.Build.0 = Debug|Any CPU
		{7B983A11-2A79-4F9A-90AE-56AEFB61DFC0}.Debug|x86.ActiveCfg = Debug|Any CPU
		{7B983A11-2A79-4F9A-90AE-56AEFB61DFC0}.Debug|x86.Build.0 = Debug|Any CPU
		{7B983A11-2A79-4F9A-90AE-56AEFB61DFC0}.Release|Any CPU.ActiveCfg = Release|Any CPU
		{7B983A11-2A79-4F9A-90AE-56AEFB61DFC0}.Release|Any CPU.Build.0 = Release|Any CPU
		{7B983A11-2A79-4F9A-90AE-56AEFB61DFC0}.Release|x64.ActiveCfg = Release|Any CPU
		{7B983A11-2A79-4F9A-90AE-56AEFB61DFC0}.Release|x64.Build.0 = Release|Any CPU
		{7B983A11-2A79-4F9A-90AE-56AEFB61DFC0}.Release|x86.ActiveCfg = Release|Any CPU
		{7B983A11-2A79-4F9A-90AE-56AEFB61DFC0}.Release|x86.Build.0 = Release|Any CPU
		{ECAA5F2A-7A54-44E9-84E6-21F28F31B02A}.Debug|Any CPU.ActiveCfg = Debug|Any CPU
		{ECAA5F2A-7A54-44E9-84E6-21F28F31B02A}.Debug|Any CPU.Build.0 = Debug|Any CPU
		{ECAA5F2A-7A54-44E9-84E6-21F28F31B02A}.Debug|x64.ActiveCfg = Debug|Any CPU
		{ECAA5F2A-7A54-44E9-84E6-21F28F31B02A}.Debug|x64.Build.0 = Debug|Any CPU
		{ECAA5F2A-7A54-44E9-84E6-21F28F31B02A}.Debug|x86.ActiveCfg = Debug|Any CPU
		{ECAA5F2A-7A54-44E9-84E6-21F28F31B02A}.Debug|x86.Build.0 = Debug|Any CPU
		{ECAA5F2A-7A54-44E9-84E6-21F28F31B02A}.Release|Any CPU.ActiveCfg = Release|Any CPU
		{ECAA5F2A-7A54-44E9-84E6-21F28F31B02A}.Release|Any CPU.Build.0 = Release|Any CPU
		{ECAA5F2A-7A54-44E9-84E6-21F28F31B02A}.Release|x64.ActiveCfg = Release|Any CPU
		{ECAA5F2A-7A54-44E9-84E6-21F28F31B02A}.Release|x64.Build.0 = Release|Any CPU
		{ECAA5F2A-7A54-44E9-84E6-21F28F31B02A}.Release|x86.ActiveCfg = Release|Any CPU
		{ECAA5F2A-7A54-44E9-84E6-21F28F31B02A}.Release|x86.Build.0 = Release|Any CPU
	EndGlobalSection
	GlobalSection(SolutionProperties) = preSolution
		HideSolutionNode = FALSE
	EndGlobalSection
	GlobalSection(NestedProjects) = preSolution
		{C688C4CC-1EA8-4F59-9107-780B1D92D8C0} = {236AD354-B27E-4BC7-A741-D13DACE4E5FF}
		{1EA84124-1DB8-4794-A91D-CD78F35483D3} = {236AD354-B27E-4BC7-A741-D13DACE4E5FF}
		{9D81D687-0C09-4800-A19A-A9E5D5095B5C} = {236AD354-B27E-4BC7-A741-D13DACE4E5FF}
		{7B983A11-2A79-4F9A-90AE-56AEFB61DFC0} = {236AD354-B27E-4BC7-A741-D13DACE4E5FF}
		{ECAA5F2A-7A54-44E9-84E6-21F28F31B02A} = {236AD354-B27E-4BC7-A741-D13DACE4E5FF}
	EndGlobalSection
	GlobalSection(ExtensibilityGlobals) = postSolution
		SolutionGuid = {035F9F95-C1E7-4D19-BFB1-8C49E14C60A5}
	EndGlobalSection
EndGlobal
