
Microsoft Visual Studio Solution File, Format Version 12.00
# Visual Studio Version 17
VisualStudioVersion = 17.0.31903.59
MinimumVisualStudioVersion = 10.0.40219.1
Project("{FAE04EC0-301F-11D3-BF4B-00C04F79EFBC}") = "AM.Core5", "Libs\AM.Core5\AM.Core5.csproj", "{525FBCD7-8463-43DC-9D03-F4408B8160FE}"
EndProject
Project("{FAE04EC0-301F-11D3-BF4B-00C04F79EFBC}") = "AM.Skia", "Libs\AM.Skia\AM.Skia.csproj", "{4421544C-8889-4FE1-A969-A16172C3C178}"
EndProject
Project("{FAE04EC0-301F-11D3-BF4B-00C04F79EFBC}") = "AM.Reports", "Libs\AM.Reports\AM.Reports.csproj", "{775ECA30-03C3-4CAF-A788-8340FB8EE812}"
EndProject
Global
	GlobalSection(SolutionConfigurationPlatforms) = preSolution
		Debug|Any CPU = Debug|Any CPU
		Release|Any CPU = Release|Any CPU
	EndGlobalSection
	GlobalSection(SolutionProperties) = preSolution
		HideSolutionNode = FALSE
	EndGlobalSection
	GlobalSection(ProjectConfigurationPlatforms) = postSolution
		{525FBCD7-8463-43DC-9D03-F4408B8160FE}.Debug|Any CPU.ActiveCfg = Debug|Any CPU
		{525FBCD7-8463-43DC-9D03-F4408B8160FE}.Debug|Any CPU.Build.0 = Debug|Any CPU
		{525FBCD7-8463-43DC-9D03-F4408B8160FE}.Release|Any CPU.ActiveCfg = Release|Any CPU
		{525FBCD7-8463-43DC-9D03-F4408B8160FE}.Release|Any CPU.Build.0 = Release|Any CPU
		{4421544C-8889-4FE1-A969-A16172C3C178}.Debug|Any CPU.ActiveCfg = Debug|Any CPU
		{4421544C-8889-4FE1-A969-A16172C3C178}.Debug|Any CPU.Build.0 = Debug|Any CPU
		{4421544C-8889-4FE1-A969-A16172C3C178}.Release|Any CPU.ActiveCfg = Release|Any CPU
		{4421544C-8889-4FE1-A969-A16172C3C178}.Release|Any CPU.Build.0 = Release|Any CPU
		{775ECA30-03C3-4CAF-A788-8340FB8EE812}.Debug|Any CPU.ActiveCfg = Debug|Any CPU
		{775ECA30-03C3-4CAF-A788-8340FB8EE812}.Debug|Any CPU.Build.0 = Debug|Any CPU
		{775ECA30-03C3-4CAF-A788-8340FB8EE812}.Release|Any CPU.ActiveCfg = Release|Any CPU
		{775ECA30-03C3-4CAF-A788-8340FB8EE812}.Release|Any CPU.Build.0 = Release|Any CPU
	EndGlobalSection
EndGlobal
