
Microsoft Visual Studio Solution File, Format Version 12.00
# Visual Studio Version 16
VisualStudioVersion = 16.0.30709.132
MinimumVisualStudioVersion = 15.0.26124.0
Project("{2150E333-8FDC-42A3-9474-1A3956D46DE8}") = "Libs", "Libs", "{F7FE7B9E-2592-439F-A9CF-DA7D8D3DBC91}"
EndProject
Project("{9A19103F-16F7-4668-BE54-9A1E7A4F7556}") = "AM.Core5", "Libs\AM.Core5\AM.Core5.csproj", "{74833DA0-2976-457F-B110-D3E8B2F7C065}"
EndProject
Project("{9A19103F-16F7-4668-BE54-9A1E7A4F7556}") = "ManagedIrbis5", "Libs\ManagedIrbis5\ManagedIrbis5.csproj", "{8AE45519-4EB6-44E9-94A0-D2B32828C87B}"
EndProject
Project("{2150E333-8FDC-42A3-9474-1A3956D46DE8}") = "Apps", "Apps", "{1E5940AA-0540-4947-8216-45E381E76C72}"
EndProject
Project("{9A19103F-16F7-4668-BE54-9A1E7A4F7556}") = "Hello5", "Apps\Hello5\Hello5.csproj", "{6492EBD4-EF50-43B8-838B-5DC548D10621}"
EndProject
Project("{2150E333-8FDC-42A3-9474-1A3956D46DE8}") = "Common", "Common", "{21574F16-6241-4664-B7A5-7798C10CEF00}"
EndProject
Project("{2150E333-8FDC-42A3-9474-1A3956D46DE8}") = "Tests", "Tests", "{F56FBD0E-5530-4F55-ABE1-9E106B93417F}"
EndProject
Project("{9A19103F-16F7-4668-BE54-9A1E7A4F7556}") = "UnitTests", "Tests\UnitTests\UnitTests.csproj", "{987A6E69-69B8-40F3-A970-DEAF42642FFA}"
EndProject
Project("{9A19103F-16F7-4668-BE54-9A1E7A4F7556}") = "AM.Drawing5", "Libs\AM.Drawing5\AM.Drawing5.csproj", "{3C703877-4D71-4EC1-A593-DA832F49CEDC}"
EndProject
Project("{9A19103F-16F7-4668-BE54-9A1E7A4F7556}") = "Istu5", "Libs\Istu5\Istu5.csproj", "{9C77DEBC-AC74-450C-AF74-7E2A18973461}"
EndProject
Project("{9A19103F-16F7-4668-BE54-9A1E7A4F7556}") = "RestfulIrbis5", "Libs\RestfulIrbis5\RestfulIrbis5.csproj", "{1457ECE1-A475-488E-A4D4-0BAA9E6472A7}"
EndProject
Project("{9A19103F-16F7-4668-BE54-9A1E7A4F7556}") = "TeleIrbis", "Apps\TeleIrbis\TeleIrbis.csproj", "{B6313794-FD73-4137-A44A-C81DE87EB2DD}"
EndProject
Project("{2150E333-8FDC-42A3-9474-1A3956D46DE8}") = "Benchmarks", "Benchmarks", "{2B66E86A-CE5E-47F7-8AF1-AD75927ABFD5}"
EndProject
Project("{9A19103F-16F7-4668-BE54-9A1E7A4F7556}") = "CoreBenchmarks", "Benchmarks\CoreBenchmarks\CoreBenchmarks.csproj", "{BC74263D-E92C-4909-898C-DA23E4A680D2}"
EndProject
Project("{9A19103F-16F7-4668-BE54-9A1E7A4F7556}") = "HelloSync", "Apps\HelloSync\HelloSync.csproj", "{99588AE2-3D24-44B5-8BC2-2A362E5E5C8E}"
EndProject
Project("{2150E333-8FDC-42A3-9474-1A3956D46DE8}") = "Examples", "Examples", "{788F67EC-79CA-4941-B29F-7970FA721205}"
EndProject
Project("{9A19103F-16F7-4668-BE54-9A1E7A4F7556}") = "CoreExamples", "Examples\CoreExamples\CoreExamples.csproj", "{06AB2480-325E-4FF9-9740-E39D1B20C114}"
EndProject
Project("{9A19103F-16F7-4668-BE54-9A1E7A4F7556}") = "AM.Win32", "Libs\AM.Win32\AM.Win32.csproj", "{9BCA6D67-7C60-499F-ADB1-04F9F78C1126}"
EndProject
Project("{9A19103F-16F7-4668-BE54-9A1E7A4F7556}") = "AM.Windows.Forms5", "Libs\AM.Windows.Forms5\AM.Windows.Forms5.csproj", "{53A7E91A-DE88-4F9E-8DF6-D1A8475542DB}"
EndProject
Project("{9A19103F-16F7-4668-BE54-9A1E7A4F7556}") = "IrbisExamples", "Examples\IrbisExamples\IrbisExamples.csproj", "{62AAC257-B9DA-4F8C-B3FB-66B14ABEDE35}"
EndProject
Project("{9A19103F-16F7-4668-BE54-9A1E7A4F7556}") = "Example1", "Examples\Example1\Example1.csproj", "{1481845C-5179-4CB9-B0A6-CF0094873D42}"
EndProject
Project("{FAE04EC0-301F-11D3-BF4B-00C04F79EFBC}") = "ManagedIrbis5.WinForms", "Libs\ManagedIrbis5.WinForms\ManagedIrbis5.WinForms.csproj", "{2F5739D6-6B34-470B-A8C0-95F0CF1DA752}"
EndProject
Project("{FAE04EC0-301F-11D3-BF4B-00C04F79EFBC}") = "FormsTests", "Tests\FormsTests\FormsTests.csproj", "{5F817967-11E0-4B1E-BECA-04C59DBCC5D9}"
EndProject
Project("{FAE04EC0-301F-11D3-BF4B-00C04F79EFBC}") = "IrbisFormsTests", "Tests\IrbisFormsTests\IrbisFormsTests.csproj", "{AECDBA13-FF9E-451C-B8AC-40D77765FE29}"
EndProject
Project("{FAE04EC0-301F-11D3-BF4B-00C04F79EFBC}") = "SiberianTests", "Tests\SiberianTests\SiberianTests.csproj", "{BDB2B3F8-16A6-420E-9416-20CE3E820D76}"
EndProject
Project("{FAE04EC0-301F-11D3-BF4B-00C04F79EFBC}") = "DrawingTests", "Tests\DrawingTests\DrawingTests.csproj", "{9DBD2677-C83B-49E9-8DC2-F63615B1F599}"
EndProject
Project("{FAE04EC0-301F-11D3-BF4B-00C04F79EFBC}") = "AM.Rdf", "Libs\AM.Rdf\AM.Rdf.csproj", "{D8741F5B-3C27-43CD-9A8E-B9A73F9A1E64}"
EndProject
Project("{FAE04EC0-301F-11D3-BF4B-00C04F79EFBC}") = "AM.Onto", "Libs\AM.Onto\AM.Onto.csproj", "{66921FCE-96FD-4349-BB88-1205B3BB2AD2}"
EndProject
Project("{FAE04EC0-301F-11D3-BF4B-00C04F79EFBC}") = "AM.Skia", "Libs\AM.Skia\AM.Skia.csproj", "{0A486EC3-4DE9-4E2A-A2A5-616969F1CE39}"
EndProject
Project("{FAE04EC0-301F-11D3-BF4B-00C04F79EFBC}") = "AM.Gtk", "Libs\AM.Gtk\AM.Gtk.csproj", "{8B82CF92-B8DC-4FAB-9F05-7101C31EA4B9}"
EndProject
Project("{FAE04EC0-301F-11D3-BF4B-00C04F79EFBC}") = "AM.Asn1", "Libs\AM.Asn1\AM.Asn1.csproj", "{88122ECA-F53A-4766-8D47-2BBFE65A1CB0}"
EndProject
Global
	GlobalSection(SolutionConfigurationPlatforms) = preSolution
		Debug|Any CPU = Debug|Any CPU
		Debug|x64 = Debug|x64
		Debug|x86 = Debug|x86
		Release|Any CPU = Release|Any CPU
		Release|x64 = Release|x64
		Release|x86 = Release|x86
	EndGlobalSection
	GlobalSection(ProjectConfigurationPlatforms) = postSolution
		{74833DA0-2976-457F-B110-D3E8B2F7C065}.Debug|Any CPU.ActiveCfg = Debug|Any CPU
		{74833DA0-2976-457F-B110-D3E8B2F7C065}.Debug|Any CPU.Build.0 = Debug|Any CPU
		{74833DA0-2976-457F-B110-D3E8B2F7C065}.Debug|x64.ActiveCfg = Debug|Any CPU
		{74833DA0-2976-457F-B110-D3E8B2F7C065}.Debug|x64.Build.0 = Debug|Any CPU
		{74833DA0-2976-457F-B110-D3E8B2F7C065}.Debug|x86.ActiveCfg = Debug|Any CPU
		{74833DA0-2976-457F-B110-D3E8B2F7C065}.Debug|x86.Build.0 = Debug|Any CPU
		{74833DA0-2976-457F-B110-D3E8B2F7C065}.Release|Any CPU.ActiveCfg = Release|Any CPU
		{74833DA0-2976-457F-B110-D3E8B2F7C065}.Release|Any CPU.Build.0 = Release|Any CPU
		{74833DA0-2976-457F-B110-D3E8B2F7C065}.Release|x64.ActiveCfg = Release|Any CPU
		{74833DA0-2976-457F-B110-D3E8B2F7C065}.Release|x64.Build.0 = Release|Any CPU
		{74833DA0-2976-457F-B110-D3E8B2F7C065}.Release|x86.ActiveCfg = Release|Any CPU
		{74833DA0-2976-457F-B110-D3E8B2F7C065}.Release|x86.Build.0 = Release|Any CPU
		{8AE45519-4EB6-44E9-94A0-D2B32828C87B}.Debug|Any CPU.ActiveCfg = Debug|Any CPU
		{8AE45519-4EB6-44E9-94A0-D2B32828C87B}.Debug|Any CPU.Build.0 = Debug|Any CPU
		{8AE45519-4EB6-44E9-94A0-D2B32828C87B}.Debug|x64.ActiveCfg = Debug|Any CPU
		{8AE45519-4EB6-44E9-94A0-D2B32828C87B}.Debug|x64.Build.0 = Debug|Any CPU
		{8AE45519-4EB6-44E9-94A0-D2B32828C87B}.Debug|x86.ActiveCfg = Debug|Any CPU
		{8AE45519-4EB6-44E9-94A0-D2B32828C87B}.Debug|x86.Build.0 = Debug|Any CPU
		{8AE45519-4EB6-44E9-94A0-D2B32828C87B}.Release|Any CPU.ActiveCfg = Release|Any CPU
		{8AE45519-4EB6-44E9-94A0-D2B32828C87B}.Release|Any CPU.Build.0 = Release|Any CPU
		{8AE45519-4EB6-44E9-94A0-D2B32828C87B}.Release|x64.ActiveCfg = Release|Any CPU
		{8AE45519-4EB6-44E9-94A0-D2B32828C87B}.Release|x64.Build.0 = Release|Any CPU
		{8AE45519-4EB6-44E9-94A0-D2B32828C87B}.Release|x86.ActiveCfg = Release|Any CPU
		{8AE45519-4EB6-44E9-94A0-D2B32828C87B}.Release|x86.Build.0 = Release|Any CPU
		{6492EBD4-EF50-43B8-838B-5DC548D10621}.Debug|Any CPU.ActiveCfg = Debug|Any CPU
		{6492EBD4-EF50-43B8-838B-5DC548D10621}.Debug|Any CPU.Build.0 = Debug|Any CPU
		{6492EBD4-EF50-43B8-838B-5DC548D10621}.Debug|x64.ActiveCfg = Debug|Any CPU
		{6492EBD4-EF50-43B8-838B-5DC548D10621}.Debug|x64.Build.0 = Debug|Any CPU
		{6492EBD4-EF50-43B8-838B-5DC548D10621}.Debug|x86.ActiveCfg = Debug|Any CPU
		{6492EBD4-EF50-43B8-838B-5DC548D10621}.Debug|x86.Build.0 = Debug|Any CPU
		{6492EBD4-EF50-43B8-838B-5DC548D10621}.Release|Any CPU.ActiveCfg = Release|Any CPU
		{6492EBD4-EF50-43B8-838B-5DC548D10621}.Release|Any CPU.Build.0 = Release|Any CPU
		{6492EBD4-EF50-43B8-838B-5DC548D10621}.Release|x64.ActiveCfg = Release|Any CPU
		{6492EBD4-EF50-43B8-838B-5DC548D10621}.Release|x64.Build.0 = Release|Any CPU
		{6492EBD4-EF50-43B8-838B-5DC548D10621}.Release|x86.ActiveCfg = Release|Any CPU
		{6492EBD4-EF50-43B8-838B-5DC548D10621}.Release|x86.Build.0 = Release|Any CPU
		{987A6E69-69B8-40F3-A970-DEAF42642FFA}.Debug|Any CPU.ActiveCfg = Debug|Any CPU
		{987A6E69-69B8-40F3-A970-DEAF42642FFA}.Debug|Any CPU.Build.0 = Debug|Any CPU
		{987A6E69-69B8-40F3-A970-DEAF42642FFA}.Debug|x64.ActiveCfg = Debug|Any CPU
		{987A6E69-69B8-40F3-A970-DEAF42642FFA}.Debug|x64.Build.0 = Debug|Any CPU
		{987A6E69-69B8-40F3-A970-DEAF42642FFA}.Debug|x86.ActiveCfg = Debug|Any CPU
		{987A6E69-69B8-40F3-A970-DEAF42642FFA}.Debug|x86.Build.0 = Debug|Any CPU
		{987A6E69-69B8-40F3-A970-DEAF42642FFA}.Release|Any CPU.ActiveCfg = Release|Any CPU
		{987A6E69-69B8-40F3-A970-DEAF42642FFA}.Release|Any CPU.Build.0 = Release|Any CPU
		{987A6E69-69B8-40F3-A970-DEAF42642FFA}.Release|x64.ActiveCfg = Release|Any CPU
		{987A6E69-69B8-40F3-A970-DEAF42642FFA}.Release|x64.Build.0 = Release|Any CPU
		{987A6E69-69B8-40F3-A970-DEAF42642FFA}.Release|x86.ActiveCfg = Release|Any CPU
		{987A6E69-69B8-40F3-A970-DEAF42642FFA}.Release|x86.Build.0 = Release|Any CPU
		{3C703877-4D71-4EC1-A593-DA832F49CEDC}.Debug|Any CPU.ActiveCfg = Debug|Any CPU
		{3C703877-4D71-4EC1-A593-DA832F49CEDC}.Debug|Any CPU.Build.0 = Debug|Any CPU
		{3C703877-4D71-4EC1-A593-DA832F49CEDC}.Debug|x64.ActiveCfg = Debug|Any CPU
		{3C703877-4D71-4EC1-A593-DA832F49CEDC}.Debug|x64.Build.0 = Debug|Any CPU
		{3C703877-4D71-4EC1-A593-DA832F49CEDC}.Debug|x86.ActiveCfg = Debug|Any CPU
		{3C703877-4D71-4EC1-A593-DA832F49CEDC}.Debug|x86.Build.0 = Debug|Any CPU
		{3C703877-4D71-4EC1-A593-DA832F49CEDC}.Release|Any CPU.ActiveCfg = Release|Any CPU
		{3C703877-4D71-4EC1-A593-DA832F49CEDC}.Release|Any CPU.Build.0 = Release|Any CPU
		{3C703877-4D71-4EC1-A593-DA832F49CEDC}.Release|x64.ActiveCfg = Release|Any CPU
		{3C703877-4D71-4EC1-A593-DA832F49CEDC}.Release|x64.Build.0 = Release|Any CPU
		{3C703877-4D71-4EC1-A593-DA832F49CEDC}.Release|x86.ActiveCfg = Release|Any CPU
		{3C703877-4D71-4EC1-A593-DA832F49CEDC}.Release|x86.Build.0 = Release|Any CPU
		{9C77DEBC-AC74-450C-AF74-7E2A18973461}.Debug|Any CPU.ActiveCfg = Debug|Any CPU
		{9C77DEBC-AC74-450C-AF74-7E2A18973461}.Debug|Any CPU.Build.0 = Debug|Any CPU
		{9C77DEBC-AC74-450C-AF74-7E2A18973461}.Debug|x64.ActiveCfg = Debug|Any CPU
		{9C77DEBC-AC74-450C-AF74-7E2A18973461}.Debug|x64.Build.0 = Debug|Any CPU
		{9C77DEBC-AC74-450C-AF74-7E2A18973461}.Debug|x86.ActiveCfg = Debug|Any CPU
		{9C77DEBC-AC74-450C-AF74-7E2A18973461}.Debug|x86.Build.0 = Debug|Any CPU
		{9C77DEBC-AC74-450C-AF74-7E2A18973461}.Release|Any CPU.ActiveCfg = Release|Any CPU
		{9C77DEBC-AC74-450C-AF74-7E2A18973461}.Release|Any CPU.Build.0 = Release|Any CPU
		{9C77DEBC-AC74-450C-AF74-7E2A18973461}.Release|x64.ActiveCfg = Release|Any CPU
		{9C77DEBC-AC74-450C-AF74-7E2A18973461}.Release|x64.Build.0 = Release|Any CPU
		{9C77DEBC-AC74-450C-AF74-7E2A18973461}.Release|x86.ActiveCfg = Release|Any CPU
		{9C77DEBC-AC74-450C-AF74-7E2A18973461}.Release|x86.Build.0 = Release|Any CPU
		{1457ECE1-A475-488E-A4D4-0BAA9E6472A7}.Debug|Any CPU.ActiveCfg = Debug|Any CPU
		{1457ECE1-A475-488E-A4D4-0BAA9E6472A7}.Debug|Any CPU.Build.0 = Debug|Any CPU
		{1457ECE1-A475-488E-A4D4-0BAA9E6472A7}.Debug|x64.ActiveCfg = Debug|Any CPU
		{1457ECE1-A475-488E-A4D4-0BAA9E6472A7}.Debug|x64.Build.0 = Debug|Any CPU
		{1457ECE1-A475-488E-A4D4-0BAA9E6472A7}.Debug|x86.ActiveCfg = Debug|Any CPU
		{1457ECE1-A475-488E-A4D4-0BAA9E6472A7}.Debug|x86.Build.0 = Debug|Any CPU
		{1457ECE1-A475-488E-A4D4-0BAA9E6472A7}.Release|Any CPU.ActiveCfg = Release|Any CPU
		{1457ECE1-A475-488E-A4D4-0BAA9E6472A7}.Release|Any CPU.Build.0 = Release|Any CPU
		{1457ECE1-A475-488E-A4D4-0BAA9E6472A7}.Release|x64.ActiveCfg = Release|Any CPU
		{1457ECE1-A475-488E-A4D4-0BAA9E6472A7}.Release|x64.Build.0 = Release|Any CPU
		{1457ECE1-A475-488E-A4D4-0BAA9E6472A7}.Release|x86.ActiveCfg = Release|Any CPU
		{1457ECE1-A475-488E-A4D4-0BAA9E6472A7}.Release|x86.Build.0 = Release|Any CPU
		{B6313794-FD73-4137-A44A-C81DE87EB2DD}.Debug|Any CPU.ActiveCfg = Debug|Any CPU
		{B6313794-FD73-4137-A44A-C81DE87EB2DD}.Debug|Any CPU.Build.0 = Debug|Any CPU
		{B6313794-FD73-4137-A44A-C81DE87EB2DD}.Debug|x64.ActiveCfg = Debug|Any CPU
		{B6313794-FD73-4137-A44A-C81DE87EB2DD}.Debug|x64.Build.0 = Debug|Any CPU
		{B6313794-FD73-4137-A44A-C81DE87EB2DD}.Debug|x86.ActiveCfg = Debug|Any CPU
		{B6313794-FD73-4137-A44A-C81DE87EB2DD}.Debug|x86.Build.0 = Debug|Any CPU
		{B6313794-FD73-4137-A44A-C81DE87EB2DD}.Release|Any CPU.ActiveCfg = Release|Any CPU
		{B6313794-FD73-4137-A44A-C81DE87EB2DD}.Release|Any CPU.Build.0 = Release|Any CPU
		{B6313794-FD73-4137-A44A-C81DE87EB2DD}.Release|x64.ActiveCfg = Release|Any CPU
		{B6313794-FD73-4137-A44A-C81DE87EB2DD}.Release|x64.Build.0 = Release|Any CPU
		{B6313794-FD73-4137-A44A-C81DE87EB2DD}.Release|x86.ActiveCfg = Release|Any CPU
		{B6313794-FD73-4137-A44A-C81DE87EB2DD}.Release|x86.Build.0 = Release|Any CPU
		{BC74263D-E92C-4909-898C-DA23E4A680D2}.Debug|Any CPU.ActiveCfg = Debug|Any CPU
		{BC74263D-E92C-4909-898C-DA23E4A680D2}.Debug|Any CPU.Build.0 = Debug|Any CPU
		{BC74263D-E92C-4909-898C-DA23E4A680D2}.Debug|x64.ActiveCfg = Debug|Any CPU
		{BC74263D-E92C-4909-898C-DA23E4A680D2}.Debug|x64.Build.0 = Debug|Any CPU
		{BC74263D-E92C-4909-898C-DA23E4A680D2}.Debug|x86.ActiveCfg = Debug|Any CPU
		{BC74263D-E92C-4909-898C-DA23E4A680D2}.Debug|x86.Build.0 = Debug|Any CPU
		{BC74263D-E92C-4909-898C-DA23E4A680D2}.Release|Any CPU.ActiveCfg = Release|Any CPU
		{BC74263D-E92C-4909-898C-DA23E4A680D2}.Release|Any CPU.Build.0 = Release|Any CPU
		{BC74263D-E92C-4909-898C-DA23E4A680D2}.Release|x64.ActiveCfg = Release|Any CPU
		{BC74263D-E92C-4909-898C-DA23E4A680D2}.Release|x64.Build.0 = Release|Any CPU
		{BC74263D-E92C-4909-898C-DA23E4A680D2}.Release|x86.ActiveCfg = Release|Any CPU
		{BC74263D-E92C-4909-898C-DA23E4A680D2}.Release|x86.Build.0 = Release|Any CPU
		{99588AE2-3D24-44B5-8BC2-2A362E5E5C8E}.Debug|Any CPU.ActiveCfg = Debug|Any CPU
		{99588AE2-3D24-44B5-8BC2-2A362E5E5C8E}.Debug|Any CPU.Build.0 = Debug|Any CPU
		{99588AE2-3D24-44B5-8BC2-2A362E5E5C8E}.Debug|x64.ActiveCfg = Debug|Any CPU
		{99588AE2-3D24-44B5-8BC2-2A362E5E5C8E}.Debug|x64.Build.0 = Debug|Any CPU
		{99588AE2-3D24-44B5-8BC2-2A362E5E5C8E}.Debug|x86.ActiveCfg = Debug|Any CPU
		{99588AE2-3D24-44B5-8BC2-2A362E5E5C8E}.Debug|x86.Build.0 = Debug|Any CPU
		{99588AE2-3D24-44B5-8BC2-2A362E5E5C8E}.Release|Any CPU.ActiveCfg = Release|Any CPU
		{99588AE2-3D24-44B5-8BC2-2A362E5E5C8E}.Release|Any CPU.Build.0 = Release|Any CPU
		{99588AE2-3D24-44B5-8BC2-2A362E5E5C8E}.Release|x64.ActiveCfg = Release|Any CPU
		{99588AE2-3D24-44B5-8BC2-2A362E5E5C8E}.Release|x64.Build.0 = Release|Any CPU
		{99588AE2-3D24-44B5-8BC2-2A362E5E5C8E}.Release|x86.ActiveCfg = Release|Any CPU
		{99588AE2-3D24-44B5-8BC2-2A362E5E5C8E}.Release|x86.Build.0 = Release|Any CPU
		{06AB2480-325E-4FF9-9740-E39D1B20C114}.Debug|Any CPU.ActiveCfg = Debug|Any CPU
		{06AB2480-325E-4FF9-9740-E39D1B20C114}.Debug|Any CPU.Build.0 = Debug|Any CPU
		{06AB2480-325E-4FF9-9740-E39D1B20C114}.Debug|x64.ActiveCfg = Debug|Any CPU
		{06AB2480-325E-4FF9-9740-E39D1B20C114}.Debug|x64.Build.0 = Debug|Any CPU
		{06AB2480-325E-4FF9-9740-E39D1B20C114}.Debug|x86.ActiveCfg = Debug|Any CPU
		{06AB2480-325E-4FF9-9740-E39D1B20C114}.Debug|x86.Build.0 = Debug|Any CPU
		{06AB2480-325E-4FF9-9740-E39D1B20C114}.Release|Any CPU.ActiveCfg = Release|Any CPU
		{06AB2480-325E-4FF9-9740-E39D1B20C114}.Release|Any CPU.Build.0 = Release|Any CPU
		{06AB2480-325E-4FF9-9740-E39D1B20C114}.Release|x64.ActiveCfg = Release|Any CPU
		{06AB2480-325E-4FF9-9740-E39D1B20C114}.Release|x64.Build.0 = Release|Any CPU
		{06AB2480-325E-4FF9-9740-E39D1B20C114}.Release|x86.ActiveCfg = Release|Any CPU
		{06AB2480-325E-4FF9-9740-E39D1B20C114}.Release|x86.Build.0 = Release|Any CPU
		{9BCA6D67-7C60-499F-ADB1-04F9F78C1126}.Debug|Any CPU.ActiveCfg = Debug|Any CPU
		{9BCA6D67-7C60-499F-ADB1-04F9F78C1126}.Debug|Any CPU.Build.0 = Debug|Any CPU
		{9BCA6D67-7C60-499F-ADB1-04F9F78C1126}.Debug|x64.ActiveCfg = Debug|Any CPU
		{9BCA6D67-7C60-499F-ADB1-04F9F78C1126}.Debug|x64.Build.0 = Debug|Any CPU
		{9BCA6D67-7C60-499F-ADB1-04F9F78C1126}.Debug|x86.ActiveCfg = Debug|Any CPU
		{9BCA6D67-7C60-499F-ADB1-04F9F78C1126}.Debug|x86.Build.0 = Debug|Any CPU
		{9BCA6D67-7C60-499F-ADB1-04F9F78C1126}.Release|Any CPU.ActiveCfg = Release|Any CPU
		{9BCA6D67-7C60-499F-ADB1-04F9F78C1126}.Release|Any CPU.Build.0 = Release|Any CPU
		{9BCA6D67-7C60-499F-ADB1-04F9F78C1126}.Release|x64.ActiveCfg = Release|Any CPU
		{9BCA6D67-7C60-499F-ADB1-04F9F78C1126}.Release|x64.Build.0 = Release|Any CPU
		{9BCA6D67-7C60-499F-ADB1-04F9F78C1126}.Release|x86.ActiveCfg = Release|Any CPU
		{9BCA6D67-7C60-499F-ADB1-04F9F78C1126}.Release|x86.Build.0 = Release|Any CPU
		{53A7E91A-DE88-4F9E-8DF6-D1A8475542DB}.Debug|Any CPU.ActiveCfg = Debug|Any CPU
		{53A7E91A-DE88-4F9E-8DF6-D1A8475542DB}.Debug|Any CPU.Build.0 = Debug|Any CPU
		{53A7E91A-DE88-4F9E-8DF6-D1A8475542DB}.Debug|x64.ActiveCfg = Debug|Any CPU
		{53A7E91A-DE88-4F9E-8DF6-D1A8475542DB}.Debug|x64.Build.0 = Debug|Any CPU
		{53A7E91A-DE88-4F9E-8DF6-D1A8475542DB}.Debug|x86.ActiveCfg = Debug|Any CPU
		{53A7E91A-DE88-4F9E-8DF6-D1A8475542DB}.Debug|x86.Build.0 = Debug|Any CPU
		{53A7E91A-DE88-4F9E-8DF6-D1A8475542DB}.Release|Any CPU.ActiveCfg = Release|Any CPU
		{53A7E91A-DE88-4F9E-8DF6-D1A8475542DB}.Release|Any CPU.Build.0 = Release|Any CPU
		{53A7E91A-DE88-4F9E-8DF6-D1A8475542DB}.Release|x64.ActiveCfg = Release|Any CPU
		{53A7E91A-DE88-4F9E-8DF6-D1A8475542DB}.Release|x64.Build.0 = Release|Any CPU
		{53A7E91A-DE88-4F9E-8DF6-D1A8475542DB}.Release|x86.ActiveCfg = Release|Any CPU
		{53A7E91A-DE88-4F9E-8DF6-D1A8475542DB}.Release|x86.Build.0 = Release|Any CPU
		{62AAC257-B9DA-4F8C-B3FB-66B14ABEDE35}.Debug|Any CPU.ActiveCfg = Debug|Any CPU
		{62AAC257-B9DA-4F8C-B3FB-66B14ABEDE35}.Debug|Any CPU.Build.0 = Debug|Any CPU
		{62AAC257-B9DA-4F8C-B3FB-66B14ABEDE35}.Debug|x64.ActiveCfg = Debug|Any CPU
		{62AAC257-B9DA-4F8C-B3FB-66B14ABEDE35}.Debug|x64.Build.0 = Debug|Any CPU
		{62AAC257-B9DA-4F8C-B3FB-66B14ABEDE35}.Debug|x86.ActiveCfg = Debug|Any CPU
		{62AAC257-B9DA-4F8C-B3FB-66B14ABEDE35}.Debug|x86.Build.0 = Debug|Any CPU
		{62AAC257-B9DA-4F8C-B3FB-66B14ABEDE35}.Release|Any CPU.ActiveCfg = Release|Any CPU
		{62AAC257-B9DA-4F8C-B3FB-66B14ABEDE35}.Release|Any CPU.Build.0 = Release|Any CPU
		{62AAC257-B9DA-4F8C-B3FB-66B14ABEDE35}.Release|x64.ActiveCfg = Release|Any CPU
		{62AAC257-B9DA-4F8C-B3FB-66B14ABEDE35}.Release|x64.Build.0 = Release|Any CPU
		{62AAC257-B9DA-4F8C-B3FB-66B14ABEDE35}.Release|x86.ActiveCfg = Release|Any CPU
		{62AAC257-B9DA-4F8C-B3FB-66B14ABEDE35}.Release|x86.Build.0 = Release|Any CPU
		{1481845C-5179-4CB9-B0A6-CF0094873D42}.Debug|Any CPU.ActiveCfg = Debug|Any CPU
		{1481845C-5179-4CB9-B0A6-CF0094873D42}.Debug|Any CPU.Build.0 = Debug|Any CPU
		{1481845C-5179-4CB9-B0A6-CF0094873D42}.Debug|x64.ActiveCfg = Debug|Any CPU
		{1481845C-5179-4CB9-B0A6-CF0094873D42}.Debug|x64.Build.0 = Debug|Any CPU
		{1481845C-5179-4CB9-B0A6-CF0094873D42}.Debug|x86.ActiveCfg = Debug|Any CPU
		{1481845C-5179-4CB9-B0A6-CF0094873D42}.Debug|x86.Build.0 = Debug|Any CPU
		{1481845C-5179-4CB9-B0A6-CF0094873D42}.Release|Any CPU.ActiveCfg = Release|Any CPU
		{1481845C-5179-4CB9-B0A6-CF0094873D42}.Release|Any CPU.Build.0 = Release|Any CPU
		{1481845C-5179-4CB9-B0A6-CF0094873D42}.Release|x64.ActiveCfg = Release|Any CPU
		{1481845C-5179-4CB9-B0A6-CF0094873D42}.Release|x64.Build.0 = Release|Any CPU
		{1481845C-5179-4CB9-B0A6-CF0094873D42}.Release|x86.ActiveCfg = Release|Any CPU
		{1481845C-5179-4CB9-B0A6-CF0094873D42}.Release|x86.Build.0 = Release|Any CPU
		{2F5739D6-6B34-470B-A8C0-95F0CF1DA752}.Debug|Any CPU.ActiveCfg = Debug|Any CPU
		{2F5739D6-6B34-470B-A8C0-95F0CF1DA752}.Debug|Any CPU.Build.0 = Debug|Any CPU
		{2F5739D6-6B34-470B-A8C0-95F0CF1DA752}.Debug|x64.ActiveCfg = Debug|Any CPU
		{2F5739D6-6B34-470B-A8C0-95F0CF1DA752}.Debug|x64.Build.0 = Debug|Any CPU
		{2F5739D6-6B34-470B-A8C0-95F0CF1DA752}.Debug|x86.ActiveCfg = Debug|Any CPU
		{2F5739D6-6B34-470B-A8C0-95F0CF1DA752}.Debug|x86.Build.0 = Debug|Any CPU
		{2F5739D6-6B34-470B-A8C0-95F0CF1DA752}.Release|Any CPU.ActiveCfg = Release|Any CPU
		{2F5739D6-6B34-470B-A8C0-95F0CF1DA752}.Release|Any CPU.Build.0 = Release|Any CPU
		{2F5739D6-6B34-470B-A8C0-95F0CF1DA752}.Release|x64.ActiveCfg = Release|Any CPU
		{2F5739D6-6B34-470B-A8C0-95F0CF1DA752}.Release|x64.Build.0 = Release|Any CPU
		{2F5739D6-6B34-470B-A8C0-95F0CF1DA752}.Release|x86.ActiveCfg = Release|Any CPU
		{2F5739D6-6B34-470B-A8C0-95F0CF1DA752}.Release|x86.Build.0 = Release|Any CPU
		{5F817967-11E0-4B1E-BECA-04C59DBCC5D9}.Debug|Any CPU.ActiveCfg = Debug|Any CPU
		{5F817967-11E0-4B1E-BECA-04C59DBCC5D9}.Debug|Any CPU.Build.0 = Debug|Any CPU
		{5F817967-11E0-4B1E-BECA-04C59DBCC5D9}.Debug|x64.ActiveCfg = Debug|Any CPU
		{5F817967-11E0-4B1E-BECA-04C59DBCC5D9}.Debug|x64.Build.0 = Debug|Any CPU
		{5F817967-11E0-4B1E-BECA-04C59DBCC5D9}.Debug|x86.ActiveCfg = Debug|Any CPU
		{5F817967-11E0-4B1E-BECA-04C59DBCC5D9}.Debug|x86.Build.0 = Debug|Any CPU
		{5F817967-11E0-4B1E-BECA-04C59DBCC5D9}.Release|Any CPU.ActiveCfg = Release|Any CPU
		{5F817967-11E0-4B1E-BECA-04C59DBCC5D9}.Release|Any CPU.Build.0 = Release|Any CPU
		{5F817967-11E0-4B1E-BECA-04C59DBCC5D9}.Release|x64.ActiveCfg = Release|Any CPU
		{5F817967-11E0-4B1E-BECA-04C59DBCC5D9}.Release|x64.Build.0 = Release|Any CPU
		{5F817967-11E0-4B1E-BECA-04C59DBCC5D9}.Release|x86.ActiveCfg = Release|Any CPU
		{5F817967-11E0-4B1E-BECA-04C59DBCC5D9}.Release|x86.Build.0 = Release|Any CPU
		{AECDBA13-FF9E-451C-B8AC-40D77765FE29}.Debug|Any CPU.ActiveCfg = Debug|Any CPU
		{AECDBA13-FF9E-451C-B8AC-40D77765FE29}.Debug|Any CPU.Build.0 = Debug|Any CPU
		{AECDBA13-FF9E-451C-B8AC-40D77765FE29}.Debug|x64.ActiveCfg = Debug|Any CPU
		{AECDBA13-FF9E-451C-B8AC-40D77765FE29}.Debug|x64.Build.0 = Debug|Any CPU
		{AECDBA13-FF9E-451C-B8AC-40D77765FE29}.Debug|x86.ActiveCfg = Debug|Any CPU
		{AECDBA13-FF9E-451C-B8AC-40D77765FE29}.Debug|x86.Build.0 = Debug|Any CPU
		{AECDBA13-FF9E-451C-B8AC-40D77765FE29}.Release|Any CPU.ActiveCfg = Release|Any CPU
		{AECDBA13-FF9E-451C-B8AC-40D77765FE29}.Release|Any CPU.Build.0 = Release|Any CPU
		{AECDBA13-FF9E-451C-B8AC-40D77765FE29}.Release|x64.ActiveCfg = Release|Any CPU
		{AECDBA13-FF9E-451C-B8AC-40D77765FE29}.Release|x64.Build.0 = Release|Any CPU
		{AECDBA13-FF9E-451C-B8AC-40D77765FE29}.Release|x86.ActiveCfg = Release|Any CPU
		{AECDBA13-FF9E-451C-B8AC-40D77765FE29}.Release|x86.Build.0 = Release|Any CPU
		{BDB2B3F8-16A6-420E-9416-20CE3E820D76}.Debug|Any CPU.ActiveCfg = Debug|Any CPU
		{BDB2B3F8-16A6-420E-9416-20CE3E820D76}.Debug|Any CPU.Build.0 = Debug|Any CPU
		{BDB2B3F8-16A6-420E-9416-20CE3E820D76}.Debug|x64.ActiveCfg = Debug|Any CPU
		{BDB2B3F8-16A6-420E-9416-20CE3E820D76}.Debug|x64.Build.0 = Debug|Any CPU
		{BDB2B3F8-16A6-420E-9416-20CE3E820D76}.Debug|x86.ActiveCfg = Debug|Any CPU
		{BDB2B3F8-16A6-420E-9416-20CE3E820D76}.Debug|x86.Build.0 = Debug|Any CPU
		{BDB2B3F8-16A6-420E-9416-20CE3E820D76}.Release|Any CPU.ActiveCfg = Release|Any CPU
		{BDB2B3F8-16A6-420E-9416-20CE3E820D76}.Release|Any CPU.Build.0 = Release|Any CPU
		{BDB2B3F8-16A6-420E-9416-20CE3E820D76}.Release|x64.ActiveCfg = Release|Any CPU
		{BDB2B3F8-16A6-420E-9416-20CE3E820D76}.Release|x64.Build.0 = Release|Any CPU
		{BDB2B3F8-16A6-420E-9416-20CE3E820D76}.Release|x86.ActiveCfg = Release|Any CPU
		{BDB2B3F8-16A6-420E-9416-20CE3E820D76}.Release|x86.Build.0 = Release|Any CPU
		{9DBD2677-C83B-49E9-8DC2-F63615B1F599}.Debug|Any CPU.ActiveCfg = Debug|Any CPU
		{9DBD2677-C83B-49E9-8DC2-F63615B1F599}.Debug|Any CPU.Build.0 = Debug|Any CPU
		{9DBD2677-C83B-49E9-8DC2-F63615B1F599}.Debug|x64.ActiveCfg = Debug|Any CPU
		{9DBD2677-C83B-49E9-8DC2-F63615B1F599}.Debug|x64.Build.0 = Debug|Any CPU
		{9DBD2677-C83B-49E9-8DC2-F63615B1F599}.Debug|x86.ActiveCfg = Debug|Any CPU
		{9DBD2677-C83B-49E9-8DC2-F63615B1F599}.Debug|x86.Build.0 = Debug|Any CPU
		{9DBD2677-C83B-49E9-8DC2-F63615B1F599}.Release|Any CPU.ActiveCfg = Release|Any CPU
		{9DBD2677-C83B-49E9-8DC2-F63615B1F599}.Release|Any CPU.Build.0 = Release|Any CPU
		{9DBD2677-C83B-49E9-8DC2-F63615B1F599}.Release|x64.ActiveCfg = Release|Any CPU
		{9DBD2677-C83B-49E9-8DC2-F63615B1F599}.Release|x64.Build.0 = Release|Any CPU
		{9DBD2677-C83B-49E9-8DC2-F63615B1F599}.Release|x86.ActiveCfg = Release|Any CPU
		{9DBD2677-C83B-49E9-8DC2-F63615B1F599}.Release|x86.Build.0 = Release|Any CPU
		{D8741F5B-3C27-43CD-9A8E-B9A73F9A1E64}.Debug|Any CPU.ActiveCfg = Debug|Any CPU
		{D8741F5B-3C27-43CD-9A8E-B9A73F9A1E64}.Debug|Any CPU.Build.0 = Debug|Any CPU
		{D8741F5B-3C27-43CD-9A8E-B9A73F9A1E64}.Debug|x64.ActiveCfg = Debug|Any CPU
		{D8741F5B-3C27-43CD-9A8E-B9A73F9A1E64}.Debug|x64.Build.0 = Debug|Any CPU
		{D8741F5B-3C27-43CD-9A8E-B9A73F9A1E64}.Debug|x86.ActiveCfg = Debug|Any CPU
		{D8741F5B-3C27-43CD-9A8E-B9A73F9A1E64}.Debug|x86.Build.0 = Debug|Any CPU
		{D8741F5B-3C27-43CD-9A8E-B9A73F9A1E64}.Release|Any CPU.ActiveCfg = Release|Any CPU
		{D8741F5B-3C27-43CD-9A8E-B9A73F9A1E64}.Release|Any CPU.Build.0 = Release|Any CPU
		{D8741F5B-3C27-43CD-9A8E-B9A73F9A1E64}.Release|x64.ActiveCfg = Release|Any CPU
		{D8741F5B-3C27-43CD-9A8E-B9A73F9A1E64}.Release|x64.Build.0 = Release|Any CPU
		{D8741F5B-3C27-43CD-9A8E-B9A73F9A1E64}.Release|x86.ActiveCfg = Release|Any CPU
		{D8741F5B-3C27-43CD-9A8E-B9A73F9A1E64}.Release|x86.Build.0 = Release|Any CPU
		{66921FCE-96FD-4349-BB88-1205B3BB2AD2}.Debug|Any CPU.ActiveCfg = Debug|Any CPU
		{66921FCE-96FD-4349-BB88-1205B3BB2AD2}.Debug|Any CPU.Build.0 = Debug|Any CPU
		{66921FCE-96FD-4349-BB88-1205B3BB2AD2}.Debug|x64.ActiveCfg = Debug|Any CPU
		{66921FCE-96FD-4349-BB88-1205B3BB2AD2}.Debug|x64.Build.0 = Debug|Any CPU
		{66921FCE-96FD-4349-BB88-1205B3BB2AD2}.Debug|x86.ActiveCfg = Debug|Any CPU
		{66921FCE-96FD-4349-BB88-1205B3BB2AD2}.Debug|x86.Build.0 = Debug|Any CPU
		{66921FCE-96FD-4349-BB88-1205B3BB2AD2}.Release|Any CPU.ActiveCfg = Release|Any CPU
		{66921FCE-96FD-4349-BB88-1205B3BB2AD2}.Release|Any CPU.Build.0 = Release|Any CPU
		{66921FCE-96FD-4349-BB88-1205B3BB2AD2}.Release|x64.ActiveCfg = Release|Any CPU
		{66921FCE-96FD-4349-BB88-1205B3BB2AD2}.Release|x64.Build.0 = Release|Any CPU
		{66921FCE-96FD-4349-BB88-1205B3BB2AD2}.Release|x86.ActiveCfg = Release|Any CPU
		{66921FCE-96FD-4349-BB88-1205B3BB2AD2}.Release|x86.Build.0 = Release|Any CPU
		{0A486EC3-4DE9-4E2A-A2A5-616969F1CE39}.Debug|Any CPU.ActiveCfg = Debug|Any CPU
		{0A486EC3-4DE9-4E2A-A2A5-616969F1CE39}.Debug|Any CPU.Build.0 = Debug|Any CPU
		{0A486EC3-4DE9-4E2A-A2A5-616969F1CE39}.Debug|x64.ActiveCfg = Debug|Any CPU
		{0A486EC3-4DE9-4E2A-A2A5-616969F1CE39}.Debug|x64.Build.0 = Debug|Any CPU
		{0A486EC3-4DE9-4E2A-A2A5-616969F1CE39}.Debug|x86.ActiveCfg = Debug|Any CPU
		{0A486EC3-4DE9-4E2A-A2A5-616969F1CE39}.Debug|x86.Build.0 = Debug|Any CPU
		{0A486EC3-4DE9-4E2A-A2A5-616969F1CE39}.Release|Any CPU.ActiveCfg = Release|Any CPU
		{0A486EC3-4DE9-4E2A-A2A5-616969F1CE39}.Release|Any CPU.Build.0 = Release|Any CPU
		{0A486EC3-4DE9-4E2A-A2A5-616969F1CE39}.Release|x64.ActiveCfg = Release|Any CPU
		{0A486EC3-4DE9-4E2A-A2A5-616969F1CE39}.Release|x64.Build.0 = Release|Any CPU
		{0A486EC3-4DE9-4E2A-A2A5-616969F1CE39}.Release|x86.ActiveCfg = Release|Any CPU
		{0A486EC3-4DE9-4E2A-A2A5-616969F1CE39}.Release|x86.Build.0 = Release|Any CPU
		{8B82CF92-B8DC-4FAB-9F05-7101C31EA4B9}.Debug|Any CPU.ActiveCfg = Debug|Any CPU
		{8B82CF92-B8DC-4FAB-9F05-7101C31EA4B9}.Debug|Any CPU.Build.0 = Debug|Any CPU
		{8B82CF92-B8DC-4FAB-9F05-7101C31EA4B9}.Debug|x64.ActiveCfg = Debug|Any CPU
		{8B82CF92-B8DC-4FAB-9F05-7101C31EA4B9}.Debug|x64.Build.0 = Debug|Any CPU
		{8B82CF92-B8DC-4FAB-9F05-7101C31EA4B9}.Debug|x86.ActiveCfg = Debug|Any CPU
		{8B82CF92-B8DC-4FAB-9F05-7101C31EA4B9}.Debug|x86.Build.0 = Debug|Any CPU
		{8B82CF92-B8DC-4FAB-9F05-7101C31EA4B9}.Release|Any CPU.ActiveCfg = Release|Any CPU
		{8B82CF92-B8DC-4FAB-9F05-7101C31EA4B9}.Release|Any CPU.Build.0 = Release|Any CPU
		{8B82CF92-B8DC-4FAB-9F05-7101C31EA4B9}.Release|x64.ActiveCfg = Release|Any CPU
		{8B82CF92-B8DC-4FAB-9F05-7101C31EA4B9}.Release|x64.Build.0 = Release|Any CPU
		{8B82CF92-B8DC-4FAB-9F05-7101C31EA4B9}.Release|x86.ActiveCfg = Release|Any CPU
		{8B82CF92-B8DC-4FAB-9F05-7101C31EA4B9}.Release|x86.Build.0 = Release|Any CPU
		{88122ECA-F53A-4766-8D47-2BBFE65A1CB0}.Debug|Any CPU.ActiveCfg = Debug|Any CPU
		{88122ECA-F53A-4766-8D47-2BBFE65A1CB0}.Debug|Any CPU.Build.0 = Debug|Any CPU
		{88122ECA-F53A-4766-8D47-2BBFE65A1CB0}.Debug|x64.ActiveCfg = Debug|Any CPU
		{88122ECA-F53A-4766-8D47-2BBFE65A1CB0}.Debug|x64.Build.0 = Debug|Any CPU
		{88122ECA-F53A-4766-8D47-2BBFE65A1CB0}.Debug|x86.ActiveCfg = Debug|Any CPU
		{88122ECA-F53A-4766-8D47-2BBFE65A1CB0}.Debug|x86.Build.0 = Debug|Any CPU
		{88122ECA-F53A-4766-8D47-2BBFE65A1CB0}.Release|Any CPU.ActiveCfg = Release|Any CPU
		{88122ECA-F53A-4766-8D47-2BBFE65A1CB0}.Release|Any CPU.Build.0 = Release|Any CPU
		{88122ECA-F53A-4766-8D47-2BBFE65A1CB0}.Release|x64.ActiveCfg = Release|Any CPU
		{88122ECA-F53A-4766-8D47-2BBFE65A1CB0}.Release|x64.Build.0 = Release|Any CPU
		{88122ECA-F53A-4766-8D47-2BBFE65A1CB0}.Release|x86.ActiveCfg = Release|Any CPU
		{88122ECA-F53A-4766-8D47-2BBFE65A1CB0}.Release|x86.Build.0 = Release|Any CPU
	EndGlobalSection
	GlobalSection(SolutionProperties) = preSolution
		HideSolutionNode = FALSE
	EndGlobalSection
	GlobalSection(NestedProjects) = preSolution
		{74833DA0-2976-457F-B110-D3E8B2F7C065} = {F7FE7B9E-2592-439F-A9CF-DA7D8D3DBC91}
		{8AE45519-4EB6-44E9-94A0-D2B32828C87B} = {F7FE7B9E-2592-439F-A9CF-DA7D8D3DBC91}
		{6492EBD4-EF50-43B8-838B-5DC548D10621} = {1E5940AA-0540-4947-8216-45E381E76C72}
		{987A6E69-69B8-40F3-A970-DEAF42642FFA} = {F56FBD0E-5530-4F55-ABE1-9E106B93417F}
		{3C703877-4D71-4EC1-A593-DA832F49CEDC} = {F7FE7B9E-2592-439F-A9CF-DA7D8D3DBC91}
		{9C77DEBC-AC74-450C-AF74-7E2A18973461} = {F7FE7B9E-2592-439F-A9CF-DA7D8D3DBC91}
		{1457ECE1-A475-488E-A4D4-0BAA9E6472A7} = {F7FE7B9E-2592-439F-A9CF-DA7D8D3DBC91}
		{B6313794-FD73-4137-A44A-C81DE87EB2DD} = {1E5940AA-0540-4947-8216-45E381E76C72}
		{BC74263D-E92C-4909-898C-DA23E4A680D2} = {2B66E86A-CE5E-47F7-8AF1-AD75927ABFD5}
		{99588AE2-3D24-44B5-8BC2-2A362E5E5C8E} = {1E5940AA-0540-4947-8216-45E381E76C72}
		{06AB2480-325E-4FF9-9740-E39D1B20C114} = {788F67EC-79CA-4941-B29F-7970FA721205}
		{9BCA6D67-7C60-499F-ADB1-04F9F78C1126} = {F7FE7B9E-2592-439F-A9CF-DA7D8D3DBC91}
		{53A7E91A-DE88-4F9E-8DF6-D1A8475542DB} = {F7FE7B9E-2592-439F-A9CF-DA7D8D3DBC91}
		{62AAC257-B9DA-4F8C-B3FB-66B14ABEDE35} = {788F67EC-79CA-4941-B29F-7970FA721205}
		{1481845C-5179-4CB9-B0A6-CF0094873D42} = {788F67EC-79CA-4941-B29F-7970FA721205}
		{2F5739D6-6B34-470B-A8C0-95F0CF1DA752} = {F7FE7B9E-2592-439F-A9CF-DA7D8D3DBC91}
		{5F817967-11E0-4B1E-BECA-04C59DBCC5D9} = {F56FBD0E-5530-4F55-ABE1-9E106B93417F}
		{AECDBA13-FF9E-451C-B8AC-40D77765FE29} = {F56FBD0E-5530-4F55-ABE1-9E106B93417F}
		{BDB2B3F8-16A6-420E-9416-20CE3E820D76} = {F56FBD0E-5530-4F55-ABE1-9E106B93417F}
		{9DBD2677-C83B-49E9-8DC2-F63615B1F599} = {F56FBD0E-5530-4F55-ABE1-9E106B93417F}
		{D8741F5B-3C27-43CD-9A8E-B9A73F9A1E64} = {F7FE7B9E-2592-439F-A9CF-DA7D8D3DBC91}
		{66921FCE-96FD-4349-BB88-1205B3BB2AD2} = {F7FE7B9E-2592-439F-A9CF-DA7D8D3DBC91}
		{0A486EC3-4DE9-4E2A-A2A5-616969F1CE39} = {F7FE7B9E-2592-439F-A9CF-DA7D8D3DBC91}
		{8B82CF92-B8DC-4FAB-9F05-7101C31EA4B9} = {F7FE7B9E-2592-439F-A9CF-DA7D8D3DBC91}
		{88122ECA-F53A-4766-8D47-2BBFE65A1CB0} = {F7FE7B9E-2592-439F-A9CF-DA7D8D3DBC91}
	EndGlobalSection
	GlobalSection(ExtensibilityGlobals) = postSolution
		SolutionGuid = {5E077767-1AE0-47E0-AEFB-59E4D7464AD4}
	EndGlobalSection
EndGlobal
