
Microsoft Visual Studio Solution File, Format Version 12.00
# Visual Studio Version 17
VisualStudioVersion = 17.0.31903.59
MinimumVisualStudioVersion = 10.0.40219.1
Project("{FAE04EC0-301F-11D3-BF4B-00C04F79EFBC}") = "ManagedIrbis5", "ManagedIrbis5\ManagedIrbis5.csproj", "{C9E20492-E5DE-42CD-B44B-498B0BEC35B9}"
EndProject
Project("{FAE04EC0-301F-11D3-BF4B-00C04F79EFBC}") = "ApplicationOne", "ApplicationOne\ApplicationOne.csproj", "{9D7ECB3D-5346-4CB3-806B-AD476285AFAF}"
EndProject
Project("{FAE04EC0-301F-11D3-BF4B-00C04F79EFBC}") = "AM.Core5", "AM.Core5\AM.Core5.csproj", "{875B564A-0056-4F3C-AFD8-ECCFBA499E22}"
EndProject
Global
	GlobalSection(SolutionConfigurationPlatforms) = preSolution
		Debug|Any CPU = Debug|Any CPU
		Release|Any CPU = Release|Any CPU
	EndGlobalSection
	GlobalSection(SolutionProperties) = preSolution
		HideSolutionNode = FALSE
	EndGlobalSection
	GlobalSection(ProjectConfigurationPlatforms) = postSolution
		{C9E20492-E5DE-42CD-B44B-498B0BEC35B9}.Debug|Any CPU.ActiveCfg = Debug|Any CPU
		{C9E20492-E5DE-42CD-B44B-498B0BEC35B9}.Debug|Any CPU.Build.0 = Debug|Any CPU
		{C9E20492-E5DE-42CD-B44B-498B0BEC35B9}.Release|Any CPU.ActiveCfg = Release|Any CPU
		{C9E20492-E5DE-42CD-B44B-498B0BEC35B9}.Release|Any CPU.Build.0 = Release|Any CPU
		{9D7ECB3D-5346-4CB3-806B-AD476285AFAF}.Debug|Any CPU.ActiveCfg = Debug|Any CPU
		{9D7ECB3D-5346-4CB3-806B-AD476285AFAF}.Debug|Any CPU.Build.0 = Debug|Any CPU
		{9D7ECB3D-5346-4CB3-806B-AD476285AFAF}.Release|Any CPU.ActiveCfg = Release|Any CPU
		{9D7ECB3D-5346-4CB3-806B-AD476285AFAF}.Release|Any CPU.Build.0 = Release|Any CPU
		{875B564A-0056-4F3C-AFD8-ECCFBA499E22}.Debug|Any CPU.ActiveCfg = Debug|Any CPU
		{875B564A-0056-4F3C-AFD8-ECCFBA499E22}.Debug|Any CPU.Build.0 = Debug|Any CPU
		{875B564A-0056-4F3C-AFD8-ECCFBA499E22}.Release|Any CPU.ActiveCfg = Release|Any CPU
		{875B564A-0056-4F3C-AFD8-ECCFBA499E22}.Release|Any CPU.Build.0 = Release|Any CPU
	EndGlobalSection
EndGlobal
